// !$*UTF8*$!
{
	archiveVersion = 1;
	classes = {
	};
	objectVersion = 46;
	objects = {

/* Begin PBXBuildFile section */
		680435DD14FED94600899729 /* UIKit.framework in Frameworks */ = {isa = PBXBuildFile; fileRef = 680435DC14FED94600899729 /* UIKit.framework */; };
		680435DF14FED94600899729 /* Foundation.framework in Frameworks */ = {isa = PBXBuildFile; fileRef = 680435DE14FED94600899729 /* Foundation.framework */; };
		680435E114FED94600899729 /* CoreGraphics.framework in Frameworks */ = {isa = PBXBuildFile; fileRef = 680435E014FED94600899729 /* CoreGraphics.framework */; };
		680435E714FED94600899729 /* InfoPlist.strings in Resources */ = {isa = PBXBuildFile; fileRef = 680435E514FED94600899729 /* InfoPlist.strings */; };
		680435E914FED94600899729 /* main.m in Sources */ = {isa = PBXBuildFile; fileRef = 680435E814FED94600899729 /* main.m */; };
		680435ED14FED94600899729 /* MappMeAppDelegate.m in Sources */ = {isa = PBXBuildFile; fileRef = 680435EC14FED94600899729 /* MappMeAppDelegate.m */; };
		680435F014FED94600899729 /* MainStoryboard_iPhone.storyboard in Resources */ = {isa = PBXBuildFile; fileRef = 680435EE14FED94600899729 /* MainStoryboard_iPhone.storyboard */; };
		680435F314FED94600899729 /* MainStoryboard_iPad.storyboard in Resources */ = {isa = PBXBuildFile; fileRef = 680435F114FED94600899729 /* MainStoryboard_iPad.storyboard */; };
		680435F614FED94600899729 /* LoginViewController.m in Sources */ = {isa = PBXBuildFile; fileRef = 680435F514FED94600899729 /* LoginViewController.m */; };
		6804360C14FEDAEF00899729 /* FBDialog.bundle in Resources */ = {isa = PBXBuildFile; fileRef = 680435FF14FEDAEF00899729 /* FBDialog.bundle */; };
		6804360D14FEDAEF00899729 /* libfacebook_ios_sdk.a in Frameworks */ = {isa = PBXBuildFile; fileRef = 6804360514FEDAEF00899729 /* libfacebook_ios_sdk.a */; };
		6804361114FEDE4100899729 /* DebugLog.m in Sources */ = {isa = PBXBuildFile; fileRef = 6804361014FEDE4100899729 /* DebugLog.m */; };
		6804361714FEEF4200899729 /* MainViewController.m in Sources */ = {isa = PBXBuildFile; fileRef = 6804361614FEEF4200899729 /* MainViewController.m */; };
		A90CF29D150411250091139C /* icon.png in Resources */ = {isa = PBXBuildFile; fileRef = A90CF29C150411250091139C /* icon.png */; };
		A90CF2A1150411490091139C /* Default.png in Resources */ = {isa = PBXBuildFile; fileRef = A90CF2A0150411490091139C /* Default.png */; };
		A90CF2A51504117D0091139C /* Default@2x.png in Resources */ = {isa = PBXBuildFile; fileRef = A90CF2A41504117D0091139C /* Default@2x.png */; };
		A90CF2A9150411FB0091139C /* bigPin.png in Resources */ = {isa = PBXBuildFile; fileRef = A90CF2A8150411FB0091139C /* bigPin.png */; };
		A90CF2AB150412010091139C /* bluePin1.25.png in Resources */ = {isa = PBXBuildFile; fileRef = A90CF2AA150412010091139C /* bluePin1.25.png */; };
		A90CF2AD150412090091139C /* purple1.4.png in Resources */ = {isa = PBXBuildFile; fileRef = A90CF2AC150412090091139C /* purple1.4.png */; };
		A90CF2AF1504120F0091139C /* red1.6.png in Resources */ = {isa = PBXBuildFile; fileRef = A90CF2AE1504120F0091139C /* red1.6.png */; };
		A90CF2B1150412150091139C /* profile.png in Resources */ = {isa = PBXBuildFile; fileRef = A90CF2B0150412150091139C /* profile.png */; };
		A90CF2B31504121B0091139C /* settings.png in Resources */ = {isa = PBXBuildFile; fileRef = A90CF2B21504121B0091139C /* settings.png */; };
		A90CF2B5150413E60091139C /* pin.png in Resources */ = {isa = PBXBuildFile; fileRef = A90CF2B4150413E60091139C /* pin.png */; };
		A913EE68150095FC009F6A84 /* MBProgressHUD.m in Sources */ = {isa = PBXBuildFile; fileRef = A913EE67150095FC009F6A84 /* MBProgressHUD.m */; };
		A91AF90615008AE200FCD3D7 /* WebViewController.m in Sources */ = {isa = PBXBuildFile; fileRef = A91AF90515008AE200FCD3D7 /* WebViewController.m */; };
		A94324951500727F005F7600 /* MapKit.framework in Frameworks */ = {isa = PBXBuildFile; fileRef = A94324941500727F005F7600 /* MapKit.framework */; };
		A943249815007983005F7600 /* ListViewController.m in Sources */ = {isa = PBXBuildFile; fileRef = A943249715007983005F7600 /* ListViewController.m */; };
		A9801D801502E1E400BA0B5B /* AnnotationManager.m in Sources */ = {isa = PBXBuildFile; fileRef = A9801D6F1502E1E400BA0B5B /* AnnotationManager.m */; };
		A9801D811502E1E400BA0B5B /* CoordPairs.m in Sources */ = {isa = PBXBuildFile; fileRef = A9801D711502E1E400BA0B5B /* CoordPairs.m */; };
		A9801D821502E1E400BA0B5B /* Friend.m in Sources */ = {isa = PBXBuildFile; fileRef = A9801D731502E1E400BA0B5B /* Friend.m */; };
		A9801D831502E1E400BA0B5B /* LocationTypeEnum.m in Sources */ = {isa = PBXBuildFile; fileRef = A9801D751502E1E400BA0B5B /* LocationTypeEnum.m */; };
		A9801D841502E1E400BA0B5B /* PeopleContainer.m in Sources */ = {isa = PBXBuildFile; fileRef = A9801D771502E1E400BA0B5B /* PeopleContainer.m */; };
		A9801D851502E1E400BA0B5B /* PersonNameAndIdMapping.m in Sources */ = {isa = PBXBuildFile; fileRef = A9801D791502E1E400BA0B5B /* PersonNameAndIdMapping.m */; };
		A9801D861502E1E400BA0B5B /* PlaceIdMapping.m in Sources */ = {isa = PBXBuildFile; fileRef = A9801D7B1502E1E400BA0B5B /* PlaceIdMapping.m */; };
		A9801D871502E1E400BA0B5B /* Timer.m in Sources */ = {isa = PBXBuildFile; fileRef = A9801D7D1502E1E400BA0B5B /* Timer.m */; };
		A9801D881502E1E400BA0B5B /* UserInfoLog.m in Sources */ = {isa = PBXBuildFile; fileRef = A9801D7F1502E1E400BA0B5B /* UserInfoLog.m */; };
		A9A0AC541502D8F00020265D /* MyAnnotation.m in Sources */ = {isa = PBXBuildFile; fileRef = A9A0AC531502D8F00020265D /* MyAnnotation.m */; };
/* End PBXBuildFile section */

/* Begin PBXFileReference section */
		680435D814FED94600899729 /* MappMe.app */ = {isa = PBXFileReference; explicitFileType = wrapper.application; includeInIndex = 0; path = MappMe.app; sourceTree = BUILT_PRODUCTS_DIR; };
		680435DC14FED94600899729 /* UIKit.framework */ = {isa = PBXFileReference; lastKnownFileType = wrapper.framework; name = UIKit.framework; path = System/Library/Frameworks/UIKit.framework; sourceTree = SDKROOT; };
		680435DE14FED94600899729 /* Foundation.framework */ = {isa = PBXFileReference; lastKnownFileType = wrapper.framework; name = Foundation.framework; path = System/Library/Frameworks/Foundation.framework; sourceTree = SDKROOT; };
		680435E014FED94600899729 /* CoreGraphics.framework */ = {isa = PBXFileReference; lastKnownFileType = wrapper.framework; name = CoreGraphics.framework; path = System/Library/Frameworks/CoreGraphics.framework; sourceTree = SDKROOT; };
		680435E414FED94600899729 /* MappMe-Info.plist */ = {isa = PBXFileReference; lastKnownFileType = text.plist.xml; path = "MappMe-Info.plist"; sourceTree = "<group>"; };
		680435E614FED94600899729 /* en */ = {isa = PBXFileReference; lastKnownFileType = text.plist.strings; name = en; path = en.lproj/InfoPlist.strings; sourceTree = "<group>"; };
		680435E814FED94600899729 /* main.m */ = {isa = PBXFileReference; lastKnownFileType = sourcecode.c.objc; path = main.m; sourceTree = "<group>"; };
		680435EA14FED94600899729 /* MappMe-Prefix.pch */ = {isa = PBXFileReference; lastKnownFileType = sourcecode.c.h; path = "MappMe-Prefix.pch"; sourceTree = "<group>"; };
		680435EB14FED94600899729 /* MappMeAppDelegate.h */ = {isa = PBXFileReference; lastKnownFileType = sourcecode.c.h; path = MappMeAppDelegate.h; sourceTree = "<group>"; };
		680435EC14FED94600899729 /* MappMeAppDelegate.m */ = {isa = PBXFileReference; lastKnownFileType = sourcecode.c.objc; path = MappMeAppDelegate.m; sourceTree = "<group>"; };
		680435EF14FED94600899729 /* en */ = {isa = PBXFileReference; lastKnownFileType = file.storyboard; name = en; path = en.lproj/MainStoryboard_iPhone.storyboard; sourceTree = "<group>"; };
		680435F214FED94600899729 /* en */ = {isa = PBXFileReference; lastKnownFileType = file.storyboard; name = en; path = en.lproj/MainStoryboard_iPad.storyboard; sourceTree = "<group>"; };
		680435F414FED94600899729 /* LoginViewController.h */ = {isa = PBXFileReference; lastKnownFileType = sourcecode.c.h; path = LoginViewController.h; sourceTree = "<group>"; };
		680435F514FED94600899729 /* LoginViewController.m */ = {isa = PBXFileReference; lastKnownFileType = sourcecode.c.objc; path = LoginViewController.m; sourceTree = "<group>"; };
		680435FD14FEDAEF00899729 /* Facebook.h */ = {isa = PBXFileReference; fileEncoding = 4; lastKnownFileType = sourcecode.c.h; path = Facebook.h; sourceTree = "<group>"; };
		680435FE14FEDAEF00899729 /* FBConnect.h */ = {isa = PBXFileReference; fileEncoding = 4; lastKnownFileType = sourcecode.c.h; path = FBConnect.h; sourceTree = "<group>"; };
		680435FF14FEDAEF00899729 /* FBDialog.bundle */ = {isa = PBXFileReference; lastKnownFileType = "wrapper.plug-in"; path = FBDialog.bundle; sourceTree = "<group>"; };
		6804360014FEDAEF00899729 /* FBDialog.h */ = {isa = PBXFileReference; fileEncoding = 4; lastKnownFileType = sourcecode.c.h; path = FBDialog.h; sourceTree = "<group>"; };
		6804360114FEDAEF00899729 /* FBFrictionlessRequestSettings.h */ = {isa = PBXFileReference; fileEncoding = 4; lastKnownFileType = sourcecode.c.h; path = FBFrictionlessRequestSettings.h; sourceTree = "<group>"; };
		6804360214FEDAEF00899729 /* FBLoginDialog.h */ = {isa = PBXFileReference; fileEncoding = 4; lastKnownFileType = sourcecode.c.h; path = FBLoginDialog.h; sourceTree = "<group>"; };
		6804360314FEDAEF00899729 /* FBRequest.h */ = {isa = PBXFileReference; fileEncoding = 4; lastKnownFileType = sourcecode.c.h; path = FBRequest.h; sourceTree = "<group>"; };
		6804360414FEDAEF00899729 /* JSON.h */ = {isa = PBXFileReference; fileEncoding = 4; lastKnownFileType = sourcecode.c.h; path = JSON.h; sourceTree = "<group>"; };
		6804360514FEDAEF00899729 /* libfacebook_ios_sdk.a */ = {isa = PBXFileReference; lastKnownFileType = archive.ar; path = libfacebook_ios_sdk.a; sourceTree = "<group>"; };
		6804360614FEDAEF00899729 /* NSObject+SBJSON.h */ = {isa = PBXFileReference; fileEncoding = 4; lastKnownFileType = sourcecode.c.h; path = "NSObject+SBJSON.h"; sourceTree = "<group>"; };
		6804360714FEDAEF00899729 /* NSString+SBJSON.h */ = {isa = PBXFileReference; fileEncoding = 4; lastKnownFileType = sourcecode.c.h; path = "NSString+SBJSON.h"; sourceTree = "<group>"; };
		6804360814FEDAEF00899729 /* SBJSON.h */ = {isa = PBXFileReference; fileEncoding = 4; lastKnownFileType = sourcecode.c.h; path = SBJSON.h; sourceTree = "<group>"; };
		6804360914FEDAEF00899729 /* SBJsonBase.h */ = {isa = PBXFileReference; fileEncoding = 4; lastKnownFileType = sourcecode.c.h; path = SBJsonBase.h; sourceTree = "<group>"; };
		6804360A14FEDAEF00899729 /* SBJsonParser.h */ = {isa = PBXFileReference; fileEncoding = 4; lastKnownFileType = sourcecode.c.h; path = SBJsonParser.h; sourceTree = "<group>"; };
		6804360B14FEDAEF00899729 /* SBJsonWriter.h */ = {isa = PBXFileReference; fileEncoding = 4; lastKnownFileType = sourcecode.c.h; path = SBJsonWriter.h; sourceTree = "<group>"; };
		6804360F14FEDE4100899729 /* DebugLog.h */ = {isa = PBXFileReference; fileEncoding = 4; lastKnownFileType = sourcecode.c.h; path = DebugLog.h; sourceTree = "<group>"; };
		6804361014FEDE4100899729 /* DebugLog.m */ = {isa = PBXFileReference; fileEncoding = 4; lastKnownFileType = sourcecode.c.objc; path = DebugLog.m; sourceTree = "<group>"; };
		6804361514FEEF4200899729 /* MainViewController.h */ = {isa = PBXFileReference; fileEncoding = 4; lastKnownFileType = sourcecode.c.h; path = MainViewController.h; sourceTree = "<group>"; };
		6804361614FEEF4200899729 /* MainViewController.m */ = {isa = PBXFileReference; fileEncoding = 4; lastKnownFileType = sourcecode.c.objc; path = MainViewController.m; sourceTree = "<group>"; };
		A90CF29C150411250091139C /* icon.png */ = {isa = PBXFileReference; lastKnownFileType = image.png; path = icon.png; sourceTree = "<group>"; };
		A90CF2A0150411490091139C /* Default.png */ = {isa = PBXFileReference; lastKnownFileType = image.png; path = Default.png; sourceTree = "<group>"; };
		A90CF2A41504117D0091139C /* Default@2x.png */ = {isa = PBXFileReference; lastKnownFileType = image.png; path = "Default@2x.png"; sourceTree = "<group>"; };
		A90CF2A8150411FB0091139C /* bigPin.png */ = {isa = PBXFileReference; lastKnownFileType = image.png; path = bigPin.png; sourceTree = "<group>"; };
		A90CF2AA150412010091139C /* bluePin1.25.png */ = {isa = PBXFileReference; lastKnownFileType = image.png; path = bluePin1.25.png; sourceTree = "<group>"; };
		A90CF2AC150412090091139C /* purple1.4.png */ = {isa = PBXFileReference; lastKnownFileType = image.png; path = purple1.4.png; sourceTree = "<group>"; };
		A90CF2AE1504120F0091139C /* red1.6.png */ = {isa = PBXFileReference; lastKnownFileType = image.png; path = red1.6.png; sourceTree = "<group>"; };
		A90CF2B0150412150091139C /* profile.png */ = {isa = PBXFileReference; lastKnownFileType = image.png; path = profile.png; sourceTree = "<group>"; };
		A90CF2B21504121B0091139C /* settings.png */ = {isa = PBXFileReference; lastKnownFileType = image.png; path = settings.png; sourceTree = "<group>"; };
		A90CF2B4150413E60091139C /* pin.png */ = {isa = PBXFileReference; lastKnownFileType = image.png; path = pin.png; sourceTree = "<group>"; };
		A913EE66150095FC009F6A84 /* MBProgressHUD.h */ = {isa = PBXFileReference; fileEncoding = 4; lastKnownFileType = sourcecode.c.h; path = MBProgressHUD.h; sourceTree = "<group>"; };
		A913EE67150095FC009F6A84 /* MBProgressHUD.m */ = {isa = PBXFileReference; fileEncoding = 4; lastKnownFileType = sourcecode.c.objc; path = MBProgressHUD.m; sourceTree = "<group>"; };
		A91AF90415008AE200FCD3D7 /* WebViewController.h */ = {isa = PBXFileReference; fileEncoding = 4; lastKnownFileType = sourcecode.c.h; path = WebViewController.h; sourceTree = "<group>"; };
		A91AF90515008AE200FCD3D7 /* WebViewController.m */ = {isa = PBXFileReference; fileEncoding = 4; lastKnownFileType = sourcecode.c.objc; path = WebViewController.m; sourceTree = "<group>"; };
		A94324941500727F005F7600 /* MapKit.framework */ = {isa = PBXFileReference; lastKnownFileType = wrapper.framework; name = MapKit.framework; path = System/Library/Frameworks/MapKit.framework; sourceTree = SDKROOT; };
		A943249615007983005F7600 /* ListViewController.h */ = {isa = PBXFileReference; fileEncoding = 4; lastKnownFileType = sourcecode.c.h; path = ListViewController.h; sourceTree = "<group>"; };
		A943249715007983005F7600 /* ListViewController.m */ = {isa = PBXFileReference; fileEncoding = 4; lastKnownFileType = sourcecode.c.objc; path = ListViewController.m; sourceTree = "<group>"; };
		A9801D6E1502E1E400BA0B5B /* AnnotationManager.h */ = {isa = PBXFileReference; fileEncoding = 4; lastKnownFileType = sourcecode.c.h; path = AnnotationManager.h; sourceTree = "<group>"; };
		A9801D6F1502E1E400BA0B5B /* AnnotationManager.m */ = {isa = PBXFileReference; fileEncoding = 4; lastKnownFileType = sourcecode.c.objc; path = AnnotationManager.m; sourceTree = "<group>"; };
		A9801D701502E1E400BA0B5B /* CoordPairs.h */ = {isa = PBXFileReference; fileEncoding = 4; lastKnownFileType = sourcecode.c.h; path = CoordPairs.h; sourceTree = "<group>"; };
		A9801D711502E1E400BA0B5B /* CoordPairs.m */ = {isa = PBXFileReference; fileEncoding = 4; lastKnownFileType = sourcecode.c.objc; path = CoordPairs.m; sourceTree = "<group>"; };
		A9801D721502E1E400BA0B5B /* Friend.h */ = {isa = PBXFileReference; fileEncoding = 4; lastKnownFileType = sourcecode.c.h; path = Friend.h; sourceTree = "<group>"; };
		A9801D731502E1E400BA0B5B /* Friend.m */ = {isa = PBXFileReference; fileEncoding = 4; lastKnownFileType = sourcecode.c.objc; path = Friend.m; sourceTree = "<group>"; };
		A9801D741502E1E400BA0B5B /* LocationTypeEnum.h */ = {isa = PBXFileReference; fileEncoding = 4; lastKnownFileType = sourcecode.c.h; path = LocationTypeEnum.h; sourceTree = "<group>"; };
		A9801D751502E1E400BA0B5B /* LocationTypeEnum.m */ = {isa = PBXFileReference; fileEncoding = 4; lastKnownFileType = sourcecode.c.objc; path = LocationTypeEnum.m; sourceTree = "<group>"; };
		A9801D761502E1E400BA0B5B /* PeopleContainer.h */ = {isa = PBXFileReference; fileEncoding = 4; lastKnownFileType = sourcecode.c.h; path = PeopleContainer.h; sourceTree = "<group>"; };
		A9801D771502E1E400BA0B5B /* PeopleContainer.m */ = {isa = PBXFileReference; fileEncoding = 4; lastKnownFileType = sourcecode.c.objc; path = PeopleContainer.m; sourceTree = "<group>"; };
		A9801D781502E1E400BA0B5B /* PersonNameAndIdMapping.h */ = {isa = PBXFileReference; fileEncoding = 4; lastKnownFileType = sourcecode.c.h; path = PersonNameAndIdMapping.h; sourceTree = "<group>"; };
		A9801D791502E1E400BA0B5B /* PersonNameAndIdMapping.m */ = {isa = PBXFileReference; fileEncoding = 4; lastKnownFileType = sourcecode.c.objc; path = PersonNameAndIdMapping.m; sourceTree = "<group>"; };
		A9801D7A1502E1E400BA0B5B /* PlaceIdMapping.h */ = {isa = PBXFileReference; fileEncoding = 4; lastKnownFileType = sourcecode.c.h; path = PlaceIdMapping.h; sourceTree = "<group>"; };
		A9801D7B1502E1E400BA0B5B /* PlaceIdMapping.m */ = {isa = PBXFileReference; fileEncoding = 4; lastKnownFileType = sourcecode.c.objc; path = PlaceIdMapping.m; sourceTree = "<group>"; };
		A9801D7C1502E1E400BA0B5B /* Timer.h */ = {isa = PBXFileReference; fileEncoding = 4; lastKnownFileType = sourcecode.c.h; path = Timer.h; sourceTree = "<group>"; };
		A9801D7D1502E1E400BA0B5B /* Timer.m */ = {isa = PBXFileReference; fileEncoding = 4; lastKnownFileType = sourcecode.c.objc; path = Timer.m; sourceTree = "<group>"; };
		A9801D7E1502E1E400BA0B5B /* UserInfoLog.h */ = {isa = PBXFileReference; fileEncoding = 4; lastKnownFileType = sourcecode.c.h; path = UserInfoLog.h; sourceTree = "<group>"; };
		A9801D7F1502E1E400BA0B5B /* UserInfoLog.m */ = {isa = PBXFileReference; fileEncoding = 4; lastKnownFileType = sourcecode.c.objc; path = UserInfoLog.m; sourceTree = "<group>"; };
		A9A0AC521502D8F00020265D /* MyAnnotation.h */ = {isa = PBXFileReference; fileEncoding = 4; lastKnownFileType = sourcecode.c.h; path = MyAnnotation.h; sourceTree = "<group>"; };
		A9A0AC531502D8F00020265D /* MyAnnotation.m */ = {isa = PBXFileReference; fileEncoding = 4; lastKnownFileType = sourcecode.c.objc; path = MyAnnotation.m; sourceTree = "<group>"; };
/* End PBXFileReference section */

/* Begin PBXFrameworksBuildPhase section */
		680435D514FED94600899729 /* Frameworks */ = {
			isa = PBXFrameworksBuildPhase;
			buildActionMask = 2147483647;
			files = (
				A94324951500727F005F7600 /* MapKit.framework in Frameworks */,
				680435DD14FED94600899729 /* UIKit.framework in Frameworks */,
				680435DF14FED94600899729 /* Foundation.framework in Frameworks */,
				680435E114FED94600899729 /* CoreGraphics.framework in Frameworks */,
				6804360D14FEDAEF00899729 /* libfacebook_ios_sdk.a in Frameworks */,
			);
			runOnlyForDeploymentPostprocessing = 0;
		};
/* End PBXFrameworksBuildPhase section */

/* Begin PBXGroup section */
		680435CD14FED94600899729 = {
			isa = PBXGroup;
			children = (
				A90CF29F1504112D0091139C /* images */,
				A913EE64150095DB009F6A84 /* PlugIns */,
				6804360E14FEDE1300899729 /* Util */,
				680435FC14FEDAEF00899729 /* facebook-ios-sdk */,
				680435E214FED94600899729 /* MappMe */,
				680435DB14FED94600899729 /* Frameworks */,
				680435D914FED94600899729 /* Products */,
			);
			sourceTree = "<group>";
		};
		680435D914FED94600899729 /* Products */ = {
			isa = PBXGroup;
			children = (
				680435D814FED94600899729 /* MappMe.app */,
			);
			name = Products;
			sourceTree = "<group>";
		};
		680435DB14FED94600899729 /* Frameworks */ = {
			isa = PBXGroup;
			children = (
				A94324941500727F005F7600 /* MapKit.framework */,
				680435DC14FED94600899729 /* UIKit.framework */,
				680435DE14FED94600899729 /* Foundation.framework */,
				680435E014FED94600899729 /* CoreGraphics.framework */,
			);
			name = Frameworks;
			sourceTree = "<group>";
		};
		680435E214FED94600899729 /* MappMe */ = {
			isa = PBXGroup;
			children = (
				A9A0AC511502D8C70020265D /* Views */,
				A9A0AC501502D7D30020265D /* Models */,
				680435EB14FED94600899729 /* MappMeAppDelegate.h */,
				680435EC14FED94600899729 /* MappMeAppDelegate.m */,
				A91AF90815008AF200FCD3D7 /* Controllers */,
				680435E314FED94600899729 /* Supporting Files */,
				680435EE14FED94600899729 /* MainStoryboard_iPhone.storyboard */,
				680435F114FED94600899729 /* MainStoryboard_iPad.storyboard */,
			);
			path = MappMe;
			sourceTree = "<group>";
		};
		680435E314FED94600899729 /* Supporting Files */ = {
			isa = PBXGroup;
			children = (
				680435E414FED94600899729 /* MappMe-Info.plist */,
				680435E514FED94600899729 /* InfoPlist.strings */,
				680435E814FED94600899729 /* main.m */,
				680435EA14FED94600899729 /* MappMe-Prefix.pch */,
			);
			name = "Supporting Files";
			sourceTree = "<group>";
		};
		680435FC14FEDAEF00899729 /* facebook-ios-sdk */ = {
			isa = PBXGroup;
			children = (
				680435FD14FEDAEF00899729 /* Facebook.h */,
				680435FE14FEDAEF00899729 /* FBConnect.h */,
				680435FF14FEDAEF00899729 /* FBDialog.bundle */,
				6804360014FEDAEF00899729 /* FBDialog.h */,
				6804360114FEDAEF00899729 /* FBFrictionlessRequestSettings.h */,
				6804360214FEDAEF00899729 /* FBLoginDialog.h */,
				6804360314FEDAEF00899729 /* FBRequest.h */,
				6804360414FEDAEF00899729 /* JSON.h */,
				6804360514FEDAEF00899729 /* libfacebook_ios_sdk.a */,
				6804360614FEDAEF00899729 /* NSObject+SBJSON.h */,
				6804360714FEDAEF00899729 /* NSString+SBJSON.h */,
				6804360814FEDAEF00899729 /* SBJSON.h */,
				6804360914FEDAEF00899729 /* SBJsonBase.h */,
				6804360A14FEDAEF00899729 /* SBJsonParser.h */,
				6804360B14FEDAEF00899729 /* SBJsonWriter.h */,
			);
			path = "facebook-ios-sdk";
			sourceTree = "<group>";
		};
		6804360E14FEDE1300899729 /* Util */ = {
			isa = PBXGroup;
			children = (
				A9801D7C1502E1E400BA0B5B /* Timer.h */,
				A9801D7D1502E1E400BA0B5B /* Timer.m */,
				A9801D7E1502E1E400BA0B5B /* UserInfoLog.h */,
				A9801D7F1502E1E400BA0B5B /* UserInfoLog.m */,
				6804360F14FEDE4100899729 /* DebugLog.h */,
				6804361014FEDE4100899729 /* DebugLog.m */,
			);
			name = Util;
			path = MappMe;
			sourceTree = "<group>";
		};
		A90CF29F1504112D0091139C /* images */ = {
			isa = PBXGroup;
			children = (
				A90CF2B4150413E60091139C /* pin.png */,
				A90CF2B21504121B0091139C /* settings.png */,
				A90CF2B0150412150091139C /* profile.png */,
				A90CF2AE1504120F0091139C /* red1.6.png */,
				A90CF2AC150412090091139C /* purple1.4.png */,
				A90CF2AA150412010091139C /* bluePin1.25.png */,
				A90CF2A8150411FB0091139C /* bigPin.png */,
				A90CF2A41504117D0091139C /* Default@2x.png */,
				A90CF2A0150411490091139C /* Default.png */,
				A90CF29C150411250091139C /* icon.png */,
			);
			name = images;
			sourceTree = "<group>";
		};
		A913EE64150095DB009F6A84 /* PlugIns */ = {
			isa = PBXGroup;
			children = (
				A913EE66150095FC009F6A84 /* MBProgressHUD.h */,
				A913EE67150095FC009F6A84 /* MBProgressHUD.m */,
			);
			name = PlugIns;
			sourceTree = "<group>";
		};
		A91AF90815008AF200FCD3D7 /* Controllers */ = {
			isa = PBXGroup;
			children = (
				680435F414FED94600899729 /* LoginViewController.h */,
				680435F514FED94600899729 /* LoginViewController.m */,
				6804361514FEEF4200899729 /* MainViewController.h */,
				6804361614FEEF4200899729 /* MainViewController.m */,
				A943249615007983005F7600 /* ListViewController.h */,
				A943249715007983005F7600 /* ListViewController.m */,
				A91AF90415008AE200FCD3D7 /* WebViewController.h */,
				A91AF90515008AE200FCD3D7 /* WebViewController.m */,
			);
			name = Controllers;
			sourceTree = "<group>";
		};
		A9A0AC501502D7D30020265D /* Models */ = {
			isa = PBXGroup;
			children = (
				A9801D6E1502E1E400BA0B5B /* AnnotationManager.h */,
				A9801D6F1502E1E400BA0B5B /* AnnotationManager.m */,
				A9801D701502E1E400BA0B5B /* CoordPairs.h */,
				A9801D711502E1E400BA0B5B /* CoordPairs.m */,
				A9801D721502E1E400BA0B5B /* Friend.h */,
				A9801D731502E1E400BA0B5B /* Friend.m */,
				A9801D741502E1E400BA0B5B /* LocationTypeEnum.h */,
				A9801D751502E1E400BA0B5B /* LocationTypeEnum.m */,
				A9801D761502E1E400BA0B5B /* PeopleContainer.h */,
				A9801D771502E1E400BA0B5B /* PeopleContainer.m */,
				A9801D781502E1E400BA0B5B /* PersonNameAndIdMapping.h */,
				A9801D791502E1E400BA0B5B /* PersonNameAndIdMapping.m */,
				A9801D7A1502E1E400BA0B5B /* PlaceIdMapping.h */,
				A9801D7B1502E1E400BA0B5B /* PlaceIdMapping.m */,
				A9A0AC521502D8F00020265D /* MyAnnotation.h */,
				A9A0AC531502D8F00020265D /* MyAnnotation.m */,
			);
			name = Models;
			sourceTree = "<group>";
		};
		A9A0AC511502D8C70020265D /* Views */ = {
			isa = PBXGroup;
			children = (
			);
			name = Views;
			sourceTree = "<group>";
		};
/* End PBXGroup section */

/* Begin PBXNativeTarget section */
		680435D714FED94600899729 /* MappMe */ = {
			isa = PBXNativeTarget;
			buildConfigurationList = 680435F914FED94600899729 /* Build configuration list for PBXNativeTarget "MappMe" */;
			buildPhases = (
				680435D414FED94600899729 /* Sources */,
				680435D514FED94600899729 /* Frameworks */,
				680435D614FED94600899729 /* Resources */,
			);
			buildRules = (
			);
			dependencies = (
			);
			name = MappMe;
			productName = MappMe;
			productReference = 680435D814FED94600899729 /* MappMe.app */;
			productType = "com.apple.product-type.application";
		};
/* End PBXNativeTarget section */

/* Begin PBXProject section */
		680435CF14FED94600899729 /* Project object */ = {
			isa = PBXProject;
			attributes = {
				LastUpgradeCheck = 0420;
			};
			buildConfigurationList = 680435D214FED94600899729 /* Build configuration list for PBXProject "MappMe" */;
			compatibilityVersion = "Xcode 3.2";
			developmentRegion = English;
			hasScannedForEncodings = 0;
			knownRegions = (
				en,
			);
			mainGroup = 680435CD14FED94600899729;
			productRefGroup = 680435D914FED94600899729 /* Products */;
			projectDirPath = "";
			projectRoot = "";
			targets = (
				680435D714FED94600899729 /* MappMe */,
			);
		};
/* End PBXProject section */

/* Begin PBXResourcesBuildPhase section */
		680435D614FED94600899729 /* Resources */ = {
			isa = PBXResourcesBuildPhase;
			buildActionMask = 2147483647;
			files = (
				680435E714FED94600899729 /* InfoPlist.strings in Resources */,
				680435F014FED94600899729 /* MainStoryboard_iPhone.storyboard in Resources */,
				680435F314FED94600899729 /* MainStoryboard_iPad.storyboard in Resources */,
				6804360C14FEDAEF00899729 /* FBDialog.bundle in Resources */,
				A90CF29D150411250091139C /* icon.png in Resources */,
				A90CF2A1150411490091139C /* Default.png in Resources */,
				A90CF2A51504117D0091139C /* Default@2x.png in Resources */,
				A90CF2A9150411FB0091139C /* bigPin.png in Resources */,
				A90CF2AB150412010091139C /* bluePin1.25.png in Resources */,
				A90CF2AD150412090091139C /* purple1.4.png in Resources */,
				A90CF2AF1504120F0091139C /* red1.6.png in Resources */,
				A90CF2B1150412150091139C /* profile.png in Resources */,
				A90CF2B31504121B0091139C /* settings.png in Resources */,
				A90CF2B5150413E60091139C /* pin.png in Resources */,
			);
			runOnlyForDeploymentPostprocessing = 0;
		};
/* End PBXResourcesBuildPhase section */

/* Begin PBXSourcesBuildPhase section */
		680435D414FED94600899729 /* Sources */ = {
			isa = PBXSourcesBuildPhase;
			buildActionMask = 2147483647;
			files = (
				680435E914FED94600899729 /* main.m in Sources */,
				680435ED14FED94600899729 /* MappMeAppDelegate.m in Sources */,
				680435F614FED94600899729 /* LoginViewController.m in Sources */,
				6804361114FEDE4100899729 /* DebugLog.m in Sources */,
				6804361714FEEF4200899729 /* MainViewController.m in Sources */,
				A943249815007983005F7600 /* ListViewController.m in Sources */,
				A91AF90615008AE200FCD3D7 /* WebViewController.m in Sources */,
				A913EE68150095FC009F6A84 /* MBProgressHUD.m in Sources */,
				A9A0AC541502D8F00020265D /* MyAnnotation.m in Sources */,
				A9801D801502E1E400BA0B5B /* AnnotationManager.m in Sources */,
				A9801D811502E1E400BA0B5B /* CoordPairs.m in Sources */,
				A9801D821502E1E400BA0B5B /* Friend.m in Sources */,
				A9801D831502E1E400BA0B5B /* LocationTypeEnum.m in Sources */,
				A9801D841502E1E400BA0B5B /* PeopleContainer.m in Sources */,
				A9801D851502E1E400BA0B5B /* PersonNameAndIdMapping.m in Sources */,
				A9801D861502E1E400BA0B5B /* PlaceIdMapping.m in Sources */,
				A9801D871502E1E400BA0B5B /* Timer.m in Sources */,
				A9801D881502E1E400BA0B5B /* UserInfoLog.m in Sources */,
			);
			runOnlyForDeploymentPostprocessing = 0;
		};
/* End PBXSourcesBuildPhase section */

/* Begin PBXVariantGroup section */
		680435E514FED94600899729 /* InfoPlist.strings */ = {
			isa = PBXVariantGroup;
			children = (
				680435E614FED94600899729 /* en */,
			);
			name = InfoPlist.strings;
			sourceTree = "<group>";
		};
		680435EE14FED94600899729 /* MainStoryboard_iPhone.storyboard */ = {
			isa = PBXVariantGroup;
			children = (
				680435EF14FED94600899729 /* en */,
			);
			name = MainStoryboard_iPhone.storyboard;
			sourceTree = "<group>";
		};
		680435F114FED94600899729 /* MainStoryboard_iPad.storyboard */ = {
			isa = PBXVariantGroup;
			children = (
				680435F214FED94600899729 /* en */,
			);
			name = MainStoryboard_iPad.storyboard;
			sourceTree = "<group>";
		};
/* End PBXVariantGroup section */

/* Begin XCBuildConfiguration section */
		680435F714FED94600899729 /* Debug */ = {
			isa = XCBuildConfiguration;
			buildSettings = {
				ALWAYS_SEARCH_USER_PATHS = NO;
				ARCHS = "$(ARCHS_STANDARD_32_BIT)";
				CLANG_ENABLE_OBJC_ARC = YES;
				"CODE_SIGN_IDENTITY[sdk=iphoneos*]" = "iPhone Developer";
				COPY_PHASE_STRIP = NO;
				GCC_C_LANGUAGE_STANDARD = gnu99;
				GCC_DYNAMIC_NO_PIC = NO;
				GCC_OPTIMIZATION_LEVEL = 0;
				GCC_PREPROCESSOR_DEFINITIONS = (
					"DEBUG=1",
					"$(inherited)",
				);
				GCC_SYMBOLS_PRIVATE_EXTERN = NO;
				GCC_VERSION = com.apple.compilers.llvm.clang.1_0;
				GCC_WARN_ABOUT_MISSING_PROTOTYPES = YES;
				GCC_WARN_ABOUT_RETURN_TYPE = YES;
				GCC_WARN_UNUSED_VARIABLE = YES;
				IPHONEOS_DEPLOYMENT_TARGET = 5.0;
				SDKROOT = iphoneos;
				TARGETED_DEVICE_FAMILY = "1,2";
			};
			name = Debug;
		};
		680435F814FED94600899729 /* Release */ = {
			isa = XCBuildConfiguration;
			buildSettings = {
				ALWAYS_SEARCH_USER_PATHS = NO;
				ARCHS = "$(ARCHS_STANDARD_32_BIT)";
				CLANG_ENABLE_OBJC_ARC = YES;
				"CODE_SIGN_IDENTITY[sdk=iphoneos*]" = "iPhone Developer";
				COPY_PHASE_STRIP = YES;
				GCC_C_LANGUAGE_STANDARD = gnu99;
				GCC_VERSION = com.apple.compilers.llvm.clang.1_0;
				GCC_WARN_ABOUT_MISSING_PROTOTYPES = YES;
				GCC_WARN_ABOUT_RETURN_TYPE = YES;
				GCC_WARN_UNUSED_VARIABLE = YES;
				IPHONEOS_DEPLOYMENT_TARGET = 5.0;
				OTHER_CFLAGS = "-DNS_BLOCK_ASSERTIONS=1";
				SDKROOT = iphoneos;
				TARGETED_DEVICE_FAMILY = "1,2";
				VALIDATE_PRODUCT = YES;
			};
			name = Release;
		};
		680435FA14FED94600899729 /* Debug */ = {
			isa = XCBuildConfiguration;
			buildSettings = {
				GCC_PRECOMPILE_PREFIX_HEADER = YES;
				GCC_PREFIX_HEADER = "MappMe/MappMe-Prefix.pch";
				INFOPLIST_FILE = "MappMe/MappMe-Info.plist";
				IPHONEOS_DEPLOYMENT_TARGET = 5.0;
				LIBRARY_SEARCH_PATHS = (
					"$(inherited)",
					"\"$(SRCROOT)/facebook-ios-sdk\"",
				);
				PRODUCT_NAME = "$(TARGET_NAME)";
				WRAPPER_EXTENSION = app;
			};
			name = Debug;
		};
		680435FB14FED94600899729 /* Release */ = {
			isa = XCBuildConfiguration;
			buildSettings = {
				GCC_PRECOMPILE_PREFIX_HEADER = YES;
				GCC_PREFIX_HEADER = "MappMe/MappMe-Prefix.pch";
				INFOPLIST_FILE = "MappMe/MappMe-Info.plist";
				IPHONEOS_DEPLOYMENT_TARGET = 5.0;
				LIBRARY_SEARCH_PATHS = (
					"$(inherited)",
					"\"$(SRCROOT)/facebook-ios-sdk\"",
				);
				PRODUCT_NAME = "$(TARGET_NAME)";
				WRAPPER_EXTENSION = app;
			};
			name = Release;
		};
/* End XCBuildConfiguration section */

/* Begin XCConfigurationList section */
		680435D214FED94600899729 /* Build configuration list for PBXProject "MappMe" */ = {
			isa = XCConfigurationList;
			buildConfigurations = (
				680435F714FED94600899729 /* Debug */,
				680435F814FED94600899729 /* Release */,
			);
			defaultConfigurationIsVisible = 0;
			defaultConfigurationName = Release;
		};
		680435F914FED94600899729 /* Build configuration list for PBXNativeTarget "MappMe" */ = {
			isa = XCConfigurationList;
			buildConfigurations = (
				680435FA14FED94600899729 /* Debug */,
				680435FB14FED94600899729 /* Release */,
			);
			defaultConfigurationIsVisible = 0;
			defaultConfigurationName = Release;
		};
/* End XCConfigurationList section */
	};
	rootObject = 680435CF14FED94600899729 /* Project object */;
}
