// !$*UTF8*$!
{
	archiveVersion = 1;
	classes = {
	};
	objectVersion = 46;
	objects = {

/* Begin PBXBuildFile section */
		680435DD14FED94600899729 /* UIKit.framework in Frameworks */ = {isa = PBXBuildFile; fileRef = 680435DC14FED94600899729 /* UIKit.framework */; };
		680435DF14FED94600899729 /* Foundation.framework in Frameworks */ = {isa = PBXBuildFile; fileRef = 680435DE14FED94600899729 /* Foundation.framework */; };
		680435E114FED94600899729 /* CoreGraphics.framework in Frameworks */ = {isa = PBXBuildFile; fileRef = 680435E014FED94600899729 /* CoreGraphics.framework */; };
		680435E714FED94600899729 /* InfoPlist.strings in Resources */ = {isa = PBXBuildFile; fileRef = 680435E514FED94600899729 /* InfoPlist.strings */; };
		680435E914FED94600899729 /* main.m in Sources */ = {isa = PBXBuildFile; fileRef = 680435E814FED94600899729 /* main.m */; };
		680435ED14FED94600899729 /* MappMeAppDelegate.m in Sources */ = {isa = PBXBuildFile; fileRef = 680435EC14FED94600899729 /* MappMeAppDelegate.m */; };
		680435F014FED94600899729 /* MainStoryboard_iPhone.storyboard in Resources */ = {isa = PBXBuildFile; fileRef = 680435EE14FED94600899729 /* MainStoryboard_iPhone.storyboard */; };
		680435F314FED94600899729 /* MainStoryboard_iPad.storyboard in Resources */ = {isa = PBXBuildFile; fileRef = 680435F114FED94600899729 /* MainStoryboard_iPad.storyboard */; };
		680435F614FED94600899729 /* LoginViewController.m in Sources */ = {isa = PBXBuildFile; fileRef = 680435F514FED94600899729 /* LoginViewController.m */; };
		6804361714FEEF4200899729 /* MainViewController.m in Sources */ = {isa = PBXBuildFile; fileRef = 6804361614FEEF4200899729 /* MainViewController.m */; };
		681C4164151D724500747C4A /* bluePin.png in Resources */ = {isa = PBXBuildFile; fileRef = 681C415D151D724500747C4A /* bluePin.png */; };
		681C4165151D724500747C4A /* greenPin.png in Resources */ = {isa = PBXBuildFile; fileRef = 681C415E151D724500747C4A /* greenPin.png */; };
		681C4166151D724500747C4A /* orangePin.png in Resources */ = {isa = PBXBuildFile; fileRef = 681C415F151D724500747C4A /* orangePin.png */; };
		681C4167151D724500747C4A /* redPin.png in Resources */ = {isa = PBXBuildFile; fileRef = 681C4160151D724500747C4A /* redPin.png */; };
		681C4168151D724500747C4A /* tealPin.png in Resources */ = {isa = PBXBuildFile; fileRef = 681C4161151D724500747C4A /* tealPin.png */; };
		681C4169151D724500747C4A /* yellow-greenPin.png in Resources */ = {isa = PBXBuildFile; fileRef = 681C4162151D724500747C4A /* yellow-greenPin.png */; };
		681C416A151D724500747C4A /* yellowPin.png in Resources */ = {isa = PBXBuildFile; fileRef = 681C4163151D724500747C4A /* yellowPin.png */; };
		683D383A1507C0D200021ED3 /* DebugLog.m in Sources */ = {isa = PBXBuildFile; fileRef = 683D38351507C0D200021ED3 /* DebugLog.m */; };
		683D383B1507C0D200021ED3 /* Timer.m in Sources */ = {isa = PBXBuildFile; fileRef = 683D38371507C0D200021ED3 /* Timer.m */; };
		683D383C1507C0D200021ED3 /* UserInfoLog.m in Sources */ = {isa = PBXBuildFile; fileRef = 683D38391507C0D200021ED3 /* UserInfoLog.m */; };
		687E43F8154DABD700CE245F /* SettingsMenuController.m in Sources */ = {isa = PBXBuildFile; fileRef = 687E43F5154DABD700CE245F /* SettingsMenuController.m */; };
		687E43F9154DABD700CE245F /* SettingsMenuController.xib in Resources */ = {isa = PBXBuildFile; fileRef = 687E43F6154DABD700CE245F /* SettingsMenuController.xib */; };
		689175BD151D0C3D00078BE2 /* FacebookDataHandler.m in Sources */ = {isa = PBXBuildFile; fileRef = 689175BC151D0C3D00078BE2 /* FacebookDataHandler.m */; };
		68963A93154ADF9200286C3B /* UtilFunctions.m in Sources */ = {isa = PBXBuildFile; fileRef = 68963A92154ADF9200286C3B /* UtilFunctions.m */; };
		68963A94154AE0D900286C3B /* UtilFunctions.m in Sources */ = {isa = PBXBuildFile; fileRef = 68963A92154ADF9200286C3B /* UtilFunctions.m */; };
		68963A97154AE19B00286C3B /* UtilFunctionsTest.m in Sources */ = {isa = PBXBuildFile; fileRef = 68963A96154AE19B00286C3B /* UtilFunctionsTest.m */; settings = {COMPILER_FLAGS = "-fno-objc-arc"; }; };
		68963AEB154C811700286C3B /* HeaderButton.png in Resources */ = {isa = PBXBuildFile; fileRef = 68963AE6154C811700286C3B /* HeaderButton.png */; };
		68963AEC154C811700286C3B /* BackButton.png in Resources */ = {isa = PBXBuildFile; fileRef = 68963AE7154C811700286C3B /* BackButton.png */; };
		68963AED154C811700286C3B /* SearchButton.png in Resources */ = {isa = PBXBuildFile; fileRef = 68963AE8154C811700286C3B /* SearchButton.png */; };
		68963AEE154C811700286C3B /* SettingsButton.png in Resources */ = {isa = PBXBuildFile; fileRef = 68963AE9154C811700286C3B /* SettingsButton.png */; };
		68963AEF154C811700286C3B /* DropDownMenu.png in Resources */ = {isa = PBXBuildFile; fileRef = 68963AEA154C811700286C3B /* DropDownMenu.png */; };
		68963AF7154C81DB00286C3B /* MainLocMenuController.m in Sources */ = {isa = PBXBuildFile; fileRef = 68963AF5154C81DB00286C3B /* MainLocMenuController.m */; };
		68963AF8154C81DB00286C3B /* AbstractSlider.xib in Resources */ = {isa = PBXBuildFile; fileRef = 68963AF6154C81DB00286C3B /* AbstractSlider.xib */; };
		68963B00154C86E000286C3B /* AbstractSlidingContainer.m in Sources */ = {isa = PBXBuildFile; fileRef = 68963AFF154C86DF00286C3B /* AbstractSlidingContainer.m */; };
		68BEE56C15258EBC00E2433D /* ZoomHelper.m in Sources */ = {isa = PBXBuildFile; fileRef = 68BEE56B15258EBC00E2433D /* ZoomHelper.m */; };
		68BEE57215292D0E00E2433D /* triangle.png in Resources */ = {isa = PBXBuildFile; fileRef = 68BEE57115292D0E00E2433D /* triangle.png */; };
		68CFF09E15253F3000335C10 /* DataManagerSingleton.m in Sources */ = {isa = PBXBuildFile; fileRef = 68CFF09D15253F3000335C10 /* DataManagerSingleton.m */; };
		68DC0BCD151D7C6A00514016 /* SystemConfiguration.framework in Frameworks */ = {isa = PBXBuildFile; fileRef = 68DC0BCC151D7C6A00514016 /* SystemConfiguration.framework */; };
		68DC0BCF151D7C7100514016 /* CFNetwork.framework in Frameworks */ = {isa = PBXBuildFile; fileRef = 68DC0BCE151D7C7100514016 /* CFNetwork.framework */; };
		68DC0BD1151D7C8C00514016 /* MobileCoreServices.framework in Frameworks */ = {isa = PBXBuildFile; fileRef = 68DC0BD0151D7C8C00514016 /* MobileCoreServices.framework */; };
		68DC0BD3151D7D7E00514016 /* libz.dylib in Frameworks */ = {isa = PBXBuildFile; fileRef = 68DC0BD2151D7D7E00514016 /* libz.dylib */; };
		68DC0BD6151E538500514016 /* FriendSearchViewController.m in Sources */ = {isa = PBXBuildFile; fileRef = 68DC0BD5151E538500514016 /* FriendSearchViewController.m */; };
		68FA1B011547275F00631EBF /* _hometownButton.png in Resources */ = {isa = PBXBuildFile; fileRef = 68FA1AF51547275F00631EBF /* _hometownButton.png */; };
		68FA1B021547275F00631EBF /* _hometownButtonPressed.png in Resources */ = {isa = PBXBuildFile; fileRef = 68FA1AF61547275F00631EBF /* _hometownButtonPressed.png */; };
		68FA1B031547275F00631EBF /* _currentLocationButton.png in Resources */ = {isa = PBXBuildFile; fileRef = 68FA1AF71547275F00631EBF /* _currentLocationButton.png */; };
		68FA1B041547275F00631EBF /* _currentLocationButtonPressed.png in Resources */ = {isa = PBXBuildFile; fileRef = 68FA1AF81547275F00631EBF /* _currentLocationButtonPressed.png */; };
		68FA1B051547275F00631EBF /* _workButton.png in Resources */ = {isa = PBXBuildFile; fileRef = 68FA1AF91547275F00631EBF /* _workButton.png */; };
		68FA1B061547275F00631EBF /* _workButtonPressed.png in Resources */ = {isa = PBXBuildFile; fileRef = 68FA1AFA1547275F00631EBF /* _workButtonPressed.png */; };
		68FA1B071547275F00631EBF /* _highSchoolButton.png in Resources */ = {isa = PBXBuildFile; fileRef = 68FA1AFB1547275F00631EBF /* _highSchoolButton.png */; };
		68FA1B081547275F00631EBF /* _highSchoolButtonPressed.png in Resources */ = {isa = PBXBuildFile; fileRef = 68FA1AFC1547275F00631EBF /* _highSchoolButtonPressed.png */; };
		68FA1B091547275F00631EBF /* _collegeButton.png in Resources */ = {isa = PBXBuildFile; fileRef = 68FA1AFD1547275F00631EBF /* _collegeButton.png */; };
		68FA1B0A1547275F00631EBF /* _collegeButtonPressed.png in Resources */ = {isa = PBXBuildFile; fileRef = 68FA1AFE1547275F00631EBF /* _collegeButtonPressed.png */; };
		68FA1B0B1547275F00631EBF /* _gradSchoolButton.png in Resources */ = {isa = PBXBuildFile; fileRef = 68FA1AFF1547275F00631EBF /* _gradSchoolButton.png */; };
		68FA1B0C1547275F00631EBF /* _gradSchoolButtonPressed.png in Resources */ = {isa = PBXBuildFile; fileRef = 68FA1B001547275F00631EBF /* _gradSchoolButtonPressed.png */; };
		68FA1B13154727EB00631EBF /* gradSchoolPin.png in Resources */ = {isa = PBXBuildFile; fileRef = 68FA1B0D154727EB00631EBF /* gradSchoolPin.png */; };
		68FA1B14154727EB00631EBF /* collegePin.png in Resources */ = {isa = PBXBuildFile; fileRef = 68FA1B0E154727EB00631EBF /* collegePin.png */; };
		68FA1B15154727EB00631EBF /* workPin.png in Resources */ = {isa = PBXBuildFile; fileRef = 68FA1B0F154727EB00631EBF /* workPin.png */; };
		68FA1B16154727EB00631EBF /* highSchoolPin.png in Resources */ = {isa = PBXBuildFile; fileRef = 68FA1B10154727EB00631EBF /* highSchoolPin.png */; };
		68FA1B17154727EB00631EBF /* currentLocationPin.png in Resources */ = {isa = PBXBuildFile; fileRef = 68FA1B11154727EB00631EBF /* currentLocationPin.png */; };
		68FA1B18154727EB00631EBF /* hometownPin.png in Resources */ = {isa = PBXBuildFile; fileRef = 68FA1B12154727EB00631EBF /* hometownPin.png */; };
		68FC2A6F153E47C500003A74 /* QuartzCore.framework in Frameworks */ = {isa = PBXBuildFile; fileRef = 68FC2A6E153E47C500003A74 /* QuartzCore.framework */; };
		68FC2A71153E49C600003A74 /* welcomePin.png in Resources */ = {isa = PBXBuildFile; fileRef = 68FC2A70153E49C600003A74 /* welcomePin.png */; };
		68FC2A8A153E7F0D00003A74 /* LoginWithFacebookNormal@2x.png in Resources */ = {isa = PBXBuildFile; fileRef = 68FC2A86153E7F0D00003A74 /* LoginWithFacebookNormal@2x.png */; };
		68FC2A8B153E7F0D00003A74 /* LoginWithFacebookPressed@2x.png in Resources */ = {isa = PBXBuildFile; fileRef = 68FC2A87153E7F0D00003A74 /* LoginWithFacebookPressed@2x.png */; };
		68FC2A8C153E7F0D00003A74 /* LogoutNormal@2x.png in Resources */ = {isa = PBXBuildFile; fileRef = 68FC2A88153E7F0D00003A74 /* LogoutNormal@2x.png */; };
		68FC2A8D153E7F0D00003A74 /* LogoutPressed@2x.png in Resources */ = {isa = PBXBuildFile; fileRef = 68FC2A89153E7F0D00003A74 /* LogoutPressed@2x.png */; };
		68FC2A8F153E806100003A74 /* loginBackground.png in Resources */ = {isa = PBXBuildFile; fileRef = 68FC2A8E153E806100003A74 /* loginBackground.png */; };
		68FC2AA615422BB200003A74 /* logout background.png in Resources */ = {isa = PBXBuildFile; fileRef = 68FC2AA515422BB200003A74 /* logout background.png */; };
		68FC2AA91542321000003A74 /* PersonMenuViewController.m in Sources */ = {isa = PBXBuildFile; fileRef = 68FC2AA81542321000003A74 /* PersonMenuViewController.m */; };
		68FC2ACE1543429300003A74 /* intro background .png in Resources */ = {isa = PBXBuildFile; fileRef = 68FC2AC71543429300003A74 /* intro background .png */; };
		A910654A153E46FA0057B570 /* AFHTTPClient.m in Sources */ = {isa = PBXBuildFile; fileRef = A9106535153E46FA0057B570 /* AFHTTPClient.m */; settings = {COMPILER_FLAGS = "-fno-objc-arc"; }; };
		A910654B153E46FA0057B570 /* AFHTTPRequestOperation.m in Sources */ = {isa = PBXBuildFile; fileRef = A9106537153E46FA0057B570 /* AFHTTPRequestOperation.m */; settings = {COMPILER_FLAGS = "-fno-objc-arc"; }; };
		A910654C153E46FA0057B570 /* AFImageCache.m in Sources */ = {isa = PBXBuildFile; fileRef = A9106539153E46FA0057B570 /* AFImageCache.m */; settings = {COMPILER_FLAGS = "-fno-objc-arc"; }; };
		A910654D153E46FA0057B570 /* AFImageRequestOperation.m in Sources */ = {isa = PBXBuildFile; fileRef = A910653B153E46FA0057B570 /* AFImageRequestOperation.m */; settings = {COMPILER_FLAGS = "-fno-objc-arc"; }; };
		A910654E153E46FA0057B570 /* AFJSONRequestOperation.m in Sources */ = {isa = PBXBuildFile; fileRef = A910653D153E46FA0057B570 /* AFJSONRequestOperation.m */; settings = {COMPILER_FLAGS = "-fno-objc-arc"; }; };
		A910654F153E46FA0057B570 /* AFNetworkActivityIndicatorManager.m in Sources */ = {isa = PBXBuildFile; fileRef = A9106540153E46FA0057B570 /* AFNetworkActivityIndicatorManager.m */; settings = {COMPILER_FLAGS = "-fno-objc-arc"; }; };
		A9106550153E46FA0057B570 /* AFPropertyListRequestOperation.m in Sources */ = {isa = PBXBuildFile; fileRef = A9106543153E46FA0057B570 /* AFPropertyListRequestOperation.m */; settings = {COMPILER_FLAGS = "-fno-objc-arc"; }; };
		A9106551153E46FA0057B570 /* AFURLConnectionOperation.m in Sources */ = {isa = PBXBuildFile; fileRef = A9106545153E46FA0057B570 /* AFURLConnectionOperation.m */; settings = {COMPILER_FLAGS = "-fno-objc-arc"; }; };
		A9106552153E46FA0057B570 /* AFXMLRequestOperation.m in Sources */ = {isa = PBXBuildFile; fileRef = A9106547153E46FA0057B570 /* AFXMLRequestOperation.m */; settings = {COMPILER_FLAGS = "-fno-objc-arc"; }; };
		A9106553153E46FA0057B570 /* UIImageView+AFNetworking.m in Sources */ = {isa = PBXBuildFile; fileRef = A9106549153E46FA0057B570 /* UIImageView+AFNetworking.m */; settings = {COMPILER_FLAGS = "-fno-objc-arc"; }; };
		A913EE68150095FC009F6A84 /* MBProgressHUD.m in Sources */ = {isa = PBXBuildFile; fileRef = A913EE67150095FC009F6A84 /* MBProgressHUD.m */; };
		A91AF90615008AE200FCD3D7 /* WebViewController.m in Sources */ = {isa = PBXBuildFile; fileRef = A91AF90515008AE200FCD3D7 /* WebViewController.m */; };
		A91C5BD6153F00C200128885 /* UIKit.framework in Frameworks */ = {isa = PBXBuildFile; fileRef = 680435DC14FED94600899729 /* UIKit.framework */; };
		A91C5BD7153F00C200128885 /* Foundation.framework in Frameworks */ = {isa = PBXBuildFile; fileRef = 680435DE14FED94600899729 /* Foundation.framework */; };
		A91C5BD8153F00C200128885 /* CoreGraphics.framework in Frameworks */ = {isa = PBXBuildFile; fileRef = 680435E014FED94600899729 /* CoreGraphics.framework */; };
		A91C5BDE153F00C200128885 /* InfoPlist.strings in Resources */ = {isa = PBXBuildFile; fileRef = A91C5BDC153F00C200128885 /* InfoPlist.strings */; };
		A91C5BEF153F00F600128885 /* main.m in Sources */ = {isa = PBXBuildFile; fileRef = A91C5BEE153F00F600128885 /* main.m */; settings = {COMPILER_FLAGS = "-fno-objc-arc"; }; };
		A91C5BF2153F017A00128885 /* GHUnitIOS.framework in Frameworks */ = {isa = PBXBuildFile; fileRef = A91C5BF0153F016800128885 /* GHUnitIOS.framework */; };
		A91C5BFA153F059000128885 /* PeopleContainerTests.m in Sources */ = {isa = PBXBuildFile; fileRef = A91C5BF9153F059000128885 /* PeopleContainerTests.m */; settings = {COMPILER_FLAGS = "-fno-objc-arc"; }; };
		A9212EFD154BAB5D00914144 /* 37x-Checkmark@2x.png in Resources */ = {isa = PBXBuildFile; fileRef = A9212EFB154BAB5D00914144 /* 37x-Checkmark@2x.png */; };
		A9212EFE154BAB5D00914144 /* 37x-Checkmark.png in Resources */ = {isa = PBXBuildFile; fileRef = A9212EFC154BAB5D00914144 /* 37x-Checkmark.png */; };
		A923196F154012D800F0699E /* AbstractContainer.m in Sources */ = {isa = PBXBuildFile; fileRef = A923196E154012D800F0699E /* AbstractContainer.m */; };
		A9231970154015BF00F0699E /* AbstractContainer.m in Sources */ = {isa = PBXBuildFile; fileRef = A923196E154012D800F0699E /* AbstractContainer.m */; };
		A94324951500727F005F7600 /* MapKit.framework in Frameworks */ = {isa = PBXBuildFile; fileRef = A94324941500727F005F7600 /* MapKit.framework */; };
		A943249815007983005F7600 /* ListViewController.m in Sources */ = {isa = PBXBuildFile; fileRef = A943249715007983005F7600 /* ListViewController.m */; };
		A94C44C815059F64001FF446 /* CoordinateLookupManager.m in Sources */ = {isa = PBXBuildFile; fileRef = A94C44C715059F64001FF446 /* CoordinateLookupManager.m */; };
		A95B9459154A656600182E33 /* ScreenShotController.m in Sources */ = {isa = PBXBuildFile; fileRef = A95B9457154A656500182E33 /* ScreenShotController.m */; };
		A95B945A154A656600182E33 /* ScreenShotController.xib in Resources */ = {isa = PBXBuildFile; fileRef = A95B9458154A656500182E33 /* ScreenShotController.xib */; };
		A963C347151EE98F00559DB3 /* search.png in Resources */ = {isa = PBXBuildFile; fileRef = A963C346151EE98F00559DB3 /* search.png */; };
		A96AD5CF151FD52B00372528 /* profile.png in Resources */ = {isa = PBXBuildFile; fileRef = A96AD5CE151FD52B00372528 /* profile.png */; };
		A978B76C15410D1C0014CD41 /* LocationTypeEnum.m in Sources */ = {isa = PBXBuildFile; fileRef = A9801D751502E1E400BA0B5B /* LocationTypeEnum.m */; };
		A978B76E15411E540014CD41 /* group.png in Resources */ = {isa = PBXBuildFile; fileRef = A978B76D15411E540014CD41 /* group.png */; };
		A97CE6091546DF8300553D9B /* camera (1).png in Resources */ = {isa = PBXBuildFile; fileRef = A97CE6061546DF8300553D9B /* camera (1).png */; };
		A97CE60A1546DF8300553D9B /* camera.png in Resources */ = {isa = PBXBuildFile; fileRef = A97CE6071546DF8300553D9B /* camera.png */; };
		A97CE60B1546DF8300553D9B /* photo (2).png in Resources */ = {isa = PBXBuildFile; fileRef = A97CE6081546DF8300553D9B /* photo (2).png */; };
		A97F780D153FF1D0000C7768 /* MyAnnotationTest.m in Sources */ = {isa = PBXBuildFile; fileRef = A97F780C153FF1D0000C7768 /* MyAnnotationTest.m */; settings = {COMPILER_FLAGS = "-fno-objc-arc"; }; };
		A97F780E153FF1FF000C7768 /* MyAnnotation.m in Sources */ = {isa = PBXBuildFile; fileRef = A9A0AC531502D8F00020265D /* MyAnnotation.m */; };
		A97F782715400577000C7768 /* CoordPairsHelper.m in Sources */ = {isa = PBXBuildFile; fileRef = A97F782615400577000C7768 /* CoordPairsHelper.m */; };
		A9801D811502E1E400BA0B5B /* Place.m in Sources */ = {isa = PBXBuildFile; fileRef = A9801D711502E1E400BA0B5B /* Place.m */; };
		A9801D821502E1E400BA0B5B /* Person.m in Sources */ = {isa = PBXBuildFile; fileRef = A9801D731502E1E400BA0B5B /* Person.m */; };
		A9801D831502E1E400BA0B5B /* LocationTypeEnum.m in Sources */ = {isa = PBXBuildFile; fileRef = A9801D751502E1E400BA0B5B /* LocationTypeEnum.m */; };
		A9801D841502E1E400BA0B5B /* PeopleContainer.m in Sources */ = {isa = PBXBuildFile; fileRef = A9801D771502E1E400BA0B5B /* PeopleContainer.m */; };
		A9801D861502E1E400BA0B5B /* PlaceContainer.m in Sources */ = {isa = PBXBuildFile; fileRef = A9801D7B1502E1E400BA0B5B /* PlaceContainer.m */; };
		A98A6F1D152A9DF400A81B02 /* libfacebook_ios_sdk.a in Frameworks */ = {isa = PBXBuildFile; fileRef = A939B757152A9CEE008B2AE7 /* libfacebook_ios_sdk.a */; };
		A98B98FC15430C3700433160 /* AbstractModalViewController.m in Sources */ = {isa = PBXBuildFile; fileRef = A98B98FB15430C3700433160 /* AbstractModalViewController.m */; };
		A98F1727153FB24400FB6257 /* PlaceTest.m in Sources */ = {isa = PBXBuildFile; fileRef = A98F1726153FB24400FB6257 /* PlaceTest.m */; settings = {COMPILER_FLAGS = "-fno-objc-arc"; }; };
		A98F1728153FB2E200FB6257 /* Place.m in Sources */ = {isa = PBXBuildFile; fileRef = A9801D711502E1E400BA0B5B /* Place.m */; };
		A98F172B153FB45F00FB6257 /* PersonTest.m in Sources */ = {isa = PBXBuildFile; fileRef = A98F172A153FB45F00FB6257 /* PersonTest.m */; settings = {COMPILER_FLAGS = "-fno-objc-arc"; }; };
		A98F172C153FB49900FB6257 /* Person.m in Sources */ = {isa = PBXBuildFile; fileRef = A9801D731502E1E400BA0B5B /* Person.m */; };
		A98F172D153FB50C00FB6257 /* DebugLog.m in Sources */ = {isa = PBXBuildFile; fileRef = 683D38351507C0D200021ED3 /* DebugLog.m */; };
		A98F1730153FB96500FB6257 /* PlaceContainerTest.m in Sources */ = {isa = PBXBuildFile; fileRef = A98F172F153FB96500FB6257 /* PlaceContainerTest.m */; settings = {COMPILER_FLAGS = "-fno-objc-arc"; }; };
		A98F1731153FBA1300FB6257 /* PlaceContainer.m in Sources */ = {isa = PBXBuildFile; fileRef = A9801D7B1502E1E400BA0B5B /* PlaceContainer.m */; };
		A9A019D01547D0AB006CF4A4 /* settings.png in Resources */ = {isa = PBXBuildFile; fileRef = A9A019CF1547D0AB006CF4A4 /* settings.png */; };
		A9A0AC541502D8F00020265D /* MyAnnotation.m in Sources */ = {isa = PBXBuildFile; fileRef = A9A0AC531502D8F00020265D /* MyAnnotation.m */; };
		A9AADE43154239620096BC3C /* LocTypeMenuController.m in Sources */ = {isa = PBXBuildFile; fileRef = A9AADE41154239620096BC3C /* LocTypeMenuController.m */; };
		A9AADE44154239620096BC3C /* LocTypeMenuController.xib in Resources */ = {isa = PBXBuildFile; fileRef = A9AADE42154239620096BC3C /* LocTypeMenuController.xib */; };
		A9AADE4615423ACB0096BC3C /* CloseButton.png in Resources */ = {isa = PBXBuildFile; fileRef = A9AADE4515423ACB0096BC3C /* CloseButton.png */; };
		A9AADE49154250D80096BC3C /* GradientView.m in Sources */ = {isa = PBXBuildFile; fileRef = A9AADE48154250D80096BC3C /* GradientView.m */; };
		A9AADE90154265470096BC3C /* hometown.png in Resources */ = {isa = PBXBuildFile; fileRef = A9AADE8C154265470096BC3C /* hometown.png */; };
		A9AADE92154265470096BC3C /* highschool.png in Resources */ = {isa = PBXBuildFile; fileRef = A9AADE8E154265470096BC3C /* highschool.png */; };
		A9AADE93154265470096BC3C /* currentlocation.png in Resources */ = {isa = PBXBuildFile; fileRef = A9AADE8F154265470096BC3C /* currentlocation.png */; };
		A9AADE95154265BA0096BC3C /* question.png in Resources */ = {isa = PBXBuildFile; fileRef = A9AADE94154265BA0096BC3C /* question.png */; };
		A9AADE97154266820096BC3C /* hometown@2x.png in Resources */ = {isa = PBXBuildFile; fileRef = A9AADE96154266820096BC3C /* hometown@2x.png */; };
		A9AADE9B154266E30096BC3C /* highschool@2x.png in Resources */ = {isa = PBXBuildFile; fileRef = A9AADE98154266E30096BC3C /* highschool@2x.png */; };
		A9AADE9C154266E30096BC3C /* college@2x.png in Resources */ = {isa = PBXBuildFile; fileRef = A9AADE99154266E30096BC3C /* college@2x.png */; };
		A9AADE9D154266E30096BC3C /* college.png in Resources */ = {isa = PBXBuildFile; fileRef = A9AADE9A154266E30096BC3C /* college.png */; };
		A9FC7BCE15215766007D72F6 /* OverlayViewController.m in Sources */ = {isa = PBXBuildFile; fileRef = A9FC7BCC15215765007D72F6 /* OverlayViewController.m */; };
/* End PBXBuildFile section */

/* Begin PBXContainerItemProxy section */
		A939B756152A9CEE008B2AE7 /* PBXContainerItemProxy */ = {
			isa = PBXContainerItemProxy;
			containerPortal = A939B73D152A9CEE008B2AE7 /* facebook-ios-sdk.xcodeproj */;
			proxyType = 2;
			remoteGlobalIDString = D2AAC07E0554694100DB518D;
			remoteInfo = "facebook-ios-sdk";
		};
/* End PBXContainerItemProxy section */

/* Begin PBXFileReference section */
		680435D814FED94600899729 /* MappMe.app */ = {isa = PBXFileReference; explicitFileType = wrapper.application; includeInIndex = 0; path = MappMe.app; sourceTree = BUILT_PRODUCTS_DIR; };
		680435DC14FED94600899729 /* UIKit.framework */ = {isa = PBXFileReference; lastKnownFileType = wrapper.framework; name = UIKit.framework; path = System/Library/Frameworks/UIKit.framework; sourceTree = SDKROOT; };
		680435DE14FED94600899729 /* Foundation.framework */ = {isa = PBXFileReference; lastKnownFileType = wrapper.framework; name = Foundation.framework; path = System/Library/Frameworks/Foundation.framework; sourceTree = SDKROOT; };
		680435E014FED94600899729 /* CoreGraphics.framework */ = {isa = PBXFileReference; lastKnownFileType = wrapper.framework; name = CoreGraphics.framework; path = System/Library/Frameworks/CoreGraphics.framework; sourceTree = SDKROOT; };
		680435E414FED94600899729 /* MappMe-Info.plist */ = {isa = PBXFileReference; lastKnownFileType = text.plist.xml; path = "MappMe-Info.plist"; sourceTree = "<group>"; };
		680435E614FED94600899729 /* en */ = {isa = PBXFileReference; lastKnownFileType = text.plist.strings; name = en; path = en.lproj/InfoPlist.strings; sourceTree = "<group>"; };
		680435E814FED94600899729 /* main.m */ = {isa = PBXFileReference; lastKnownFileType = sourcecode.c.objc; path = main.m; sourceTree = "<group>"; };
		680435EA14FED94600899729 /* MappMe-Prefix.pch */ = {isa = PBXFileReference; lastKnownFileType = sourcecode.c.h; path = "MappMe-Prefix.pch"; sourceTree = "<group>"; };
		680435EB14FED94600899729 /* MappMeAppDelegate.h */ = {isa = PBXFileReference; lastKnownFileType = sourcecode.c.h; path = MappMeAppDelegate.h; sourceTree = "<group>"; };
		680435EC14FED94600899729 /* MappMeAppDelegate.m */ = {isa = PBXFileReference; lastKnownFileType = sourcecode.c.objc; path = MappMeAppDelegate.m; sourceTree = "<group>"; };
		680435EF14FED94600899729 /* en */ = {isa = PBXFileReference; lastKnownFileType = file.storyboard; name = en; path = en.lproj/MainStoryboard_iPhone.storyboard; sourceTree = "<group>"; };
		680435F214FED94600899729 /* en */ = {isa = PBXFileReference; lastKnownFileType = file.storyboard; name = en; path = en.lproj/MainStoryboard_iPad.storyboard; sourceTree = "<group>"; };
		680435F414FED94600899729 /* LoginViewController.h */ = {isa = PBXFileReference; lastKnownFileType = sourcecode.c.h; path = LoginViewController.h; sourceTree = "<group>"; };
		680435F514FED94600899729 /* LoginViewController.m */ = {isa = PBXFileReference; lastKnownFileType = sourcecode.c.objc; path = LoginViewController.m; sourceTree = "<group>"; };
		6804361514FEEF4200899729 /* MainViewController.h */ = {isa = PBXFileReference; fileEncoding = 4; lastKnownFileType = sourcecode.c.h; path = MainViewController.h; sourceTree = "<group>"; };
		6804361614FEEF4200899729 /* MainViewController.m */ = {isa = PBXFileReference; fileEncoding = 4; lastKnownFileType = sourcecode.c.objc; path = MainViewController.m; sourceTree = "<group>"; };
		681C415D151D724500747C4A /* bluePin.png */ = {isa = PBXFileReference; lastKnownFileType = image.png; path = bluePin.png; sourceTree = "<group>"; };
		681C415E151D724500747C4A /* greenPin.png */ = {isa = PBXFileReference; lastKnownFileType = image.png; path = greenPin.png; sourceTree = "<group>"; };
		681C415F151D724500747C4A /* orangePin.png */ = {isa = PBXFileReference; lastKnownFileType = image.png; path = orangePin.png; sourceTree = "<group>"; };
		681C4160151D724500747C4A /* redPin.png */ = {isa = PBXFileReference; lastKnownFileType = image.png; path = redPin.png; sourceTree = "<group>"; };
		681C4161151D724500747C4A /* tealPin.png */ = {isa = PBXFileReference; lastKnownFileType = image.png; path = tealPin.png; sourceTree = "<group>"; };
		681C4162151D724500747C4A /* yellow-greenPin.png */ = {isa = PBXFileReference; lastKnownFileType = image.png; path = "yellow-greenPin.png"; sourceTree = "<group>"; };
		681C4163151D724500747C4A /* yellowPin.png */ = {isa = PBXFileReference; lastKnownFileType = image.png; path = yellowPin.png; sourceTree = "<group>"; };
		683D38341507C0D200021ED3 /* DebugLog.h */ = {isa = PBXFileReference; fileEncoding = 4; lastKnownFileType = sourcecode.c.h; name = DebugLog.h; path = MappMe/DebugLog.h; sourceTree = SOURCE_ROOT; };
		683D38351507C0D200021ED3 /* DebugLog.m */ = {isa = PBXFileReference; fileEncoding = 4; lastKnownFileType = sourcecode.c.objc; name = DebugLog.m; path = MappMe/DebugLog.m; sourceTree = SOURCE_ROOT; };
		683D38361507C0D200021ED3 /* Timer.h */ = {isa = PBXFileReference; fileEncoding = 4; lastKnownFileType = sourcecode.c.h; name = Timer.h; path = MappMe/Timer.h; sourceTree = SOURCE_ROOT; };
		683D38371507C0D200021ED3 /* Timer.m */ = {isa = PBXFileReference; fileEncoding = 4; lastKnownFileType = sourcecode.c.objc; name = Timer.m; path = MappMe/Timer.m; sourceTree = SOURCE_ROOT; };
		683D38381507C0D200021ED3 /* UserInfoLog.h */ = {isa = PBXFileReference; fileEncoding = 4; lastKnownFileType = sourcecode.c.h; name = UserInfoLog.h; path = MappMe/UserInfoLog.h; sourceTree = SOURCE_ROOT; };
		683D38391507C0D200021ED3 /* UserInfoLog.m */ = {isa = PBXFileReference; fileEncoding = 4; lastKnownFileType = sourcecode.c.objc; name = UserInfoLog.m; path = MappMe/UserInfoLog.m; sourceTree = SOURCE_ROOT; };
		687E43F5154DABD700CE245F /* SettingsMenuController.m */ = {isa = PBXFileReference; fileEncoding = 4; lastKnownFileType = sourcecode.c.objc; path = SettingsMenuController.m; sourceTree = "<group>"; };
		687E43F6154DABD700CE245F /* SettingsMenuController.xib */ = {isa = PBXFileReference; fileEncoding = 4; lastKnownFileType = file.xib; path = SettingsMenuController.xib; sourceTree = "<group>"; };
		687E43F7154DABD700CE245F /* SettingsMenuController.h */ = {isa = PBXFileReference; fileEncoding = 4; lastKnownFileType = sourcecode.c.h; path = SettingsMenuController.h; sourceTree = "<group>"; };
		689175BB151D0C3D00078BE2 /* FacebookDataHandler.h */ = {isa = PBXFileReference; fileEncoding = 4; lastKnownFileType = sourcecode.c.h; path = FacebookDataHandler.h; sourceTree = "<group>"; };
		689175BC151D0C3D00078BE2 /* FacebookDataHandler.m */ = {isa = PBXFileReference; fileEncoding = 4; lastKnownFileType = sourcecode.c.objc; path = FacebookDataHandler.m; sourceTree = "<group>"; };
		68963A91154ADF9200286C3B /* UtilFunctions.h */ = {isa = PBXFileReference; fileEncoding = 4; lastKnownFileType = sourcecode.c.h; path = UtilFunctions.h; sourceTree = SOURCE_ROOT; };
		68963A92154ADF9200286C3B /* UtilFunctions.m */ = {isa = PBXFileReference; fileEncoding = 4; lastKnownFileType = sourcecode.c.objc; path = UtilFunctions.m; sourceTree = SOURCE_ROOT; };
		68963A96154AE19B00286C3B /* UtilFunctionsTest.m */ = {isa = PBXFileReference; fileEncoding = 4; lastKnownFileType = sourcecode.c.objc; path = UtilFunctionsTest.m; sourceTree = "<group>"; };
		68963AE6154C811700286C3B /* HeaderButton.png */ = {isa = PBXFileReference; lastKnownFileType = image.png; path = HeaderButton.png; sourceTree = "<group>"; };
		68963AE7154C811700286C3B /* BackButton.png */ = {isa = PBXFileReference; lastKnownFileType = image.png; path = BackButton.png; sourceTree = "<group>"; };
		68963AE8154C811700286C3B /* SearchButton.png */ = {isa = PBXFileReference; lastKnownFileType = image.png; path = SearchButton.png; sourceTree = "<group>"; };
		68963AE9154C811700286C3B /* SettingsButton.png */ = {isa = PBXFileReference; lastKnownFileType = image.png; path = SettingsButton.png; sourceTree = "<group>"; };
		68963AEA154C811700286C3B /* DropDownMenu.png */ = {isa = PBXFileReference; lastKnownFileType = image.png; path = DropDownMenu.png; sourceTree = "<group>"; };
		68963AF4154C81DB00286C3B /* MainLocMenuController.h */ = {isa = PBXFileReference; fileEncoding = 4; lastKnownFileType = sourcecode.c.h; path = MainLocMenuController.h; sourceTree = "<group>"; };
		68963AF5154C81DB00286C3B /* MainLocMenuController.m */ = {isa = PBXFileReference; fileEncoding = 4; lastKnownFileType = sourcecode.c.objc; path = MainLocMenuController.m; sourceTree = "<group>"; };
		68963AF6154C81DB00286C3B /* AbstractSlider.xib */ = {isa = PBXFileReference; fileEncoding = 4; lastKnownFileType = file.xib; path = AbstractSlider.xib; sourceTree = "<group>"; };
		68963AFE154C86DF00286C3B /* AbstractSlidingContainer.h */ = {isa = PBXFileReference; fileEncoding = 4; lastKnownFileType = sourcecode.c.h; path = AbstractSlidingContainer.h; sourceTree = "<group>"; };
		68963AFF154C86DF00286C3B /* AbstractSlidingContainer.m */ = {isa = PBXFileReference; fileEncoding = 4; lastKnownFileType = sourcecode.c.objc; path = AbstractSlidingContainer.m; sourceTree = "<group>"; };
		68BEE56A15258EBC00E2433D /* ZoomHelper.h */ = {isa = PBXFileReference; fileEncoding = 4; lastKnownFileType = sourcecode.c.h; path = ZoomHelper.h; sourceTree = SOURCE_ROOT; };
		68BEE56B15258EBC00E2433D /* ZoomHelper.m */ = {isa = PBXFileReference; fileEncoding = 4; lastKnownFileType = sourcecode.c.objc; path = ZoomHelper.m; sourceTree = SOURCE_ROOT; };
		68BEE57115292D0E00E2433D /* triangle.png */ = {isa = PBXFileReference; lastKnownFileType = image.png; path = triangle.png; sourceTree = "<group>"; };
		68CFF09C15253F3000335C10 /* DataManagerSingleton.h */ = {isa = PBXFileReference; fileEncoding = 4; lastKnownFileType = sourcecode.c.h; path = DataManagerSingleton.h; sourceTree = "<group>"; };
		68CFF09D15253F3000335C10 /* DataManagerSingleton.m */ = {isa = PBXFileReference; fileEncoding = 4; lastKnownFileType = sourcecode.c.objc; path = DataManagerSingleton.m; sourceTree = "<group>"; };
		68DC0BCC151D7C6A00514016 /* SystemConfiguration.framework */ = {isa = PBXFileReference; lastKnownFileType = wrapper.framework; name = SystemConfiguration.framework; path = System/Library/Frameworks/SystemConfiguration.framework; sourceTree = SDKROOT; };
		68DC0BCE151D7C7100514016 /* CFNetwork.framework */ = {isa = PBXFileReference; lastKnownFileType = wrapper.framework; name = CFNetwork.framework; path = System/Library/Frameworks/CFNetwork.framework; sourceTree = SDKROOT; };
		68DC0BD0151D7C8C00514016 /* MobileCoreServices.framework */ = {isa = PBXFileReference; lastKnownFileType = wrapper.framework; name = MobileCoreServices.framework; path = System/Library/Frameworks/MobileCoreServices.framework; sourceTree = SDKROOT; };
		68DC0BD2151D7D7E00514016 /* libz.dylib */ = {isa = PBXFileReference; lastKnownFileType = "compiled.mach-o.dylib"; name = libz.dylib; path = usr/lib/libz.dylib; sourceTree = SDKROOT; };
		68DC0BD4151E538500514016 /* FriendSearchViewController.h */ = {isa = PBXFileReference; fileEncoding = 4; lastKnownFileType = sourcecode.c.h; path = FriendSearchViewController.h; sourceTree = "<group>"; };
		68DC0BD5151E538500514016 /* FriendSearchViewController.m */ = {isa = PBXFileReference; fileEncoding = 4; lastKnownFileType = sourcecode.c.objc; path = FriendSearchViewController.m; sourceTree = "<group>"; };
		68FA1AF51547275F00631EBF /* _hometownButton.png */ = {isa = PBXFileReference; lastKnownFileType = image.png; path = _hometownButton.png; sourceTree = "<group>"; };
		68FA1AF61547275F00631EBF /* _hometownButtonPressed.png */ = {isa = PBXFileReference; lastKnownFileType = image.png; path = _hometownButtonPressed.png; sourceTree = "<group>"; };
		68FA1AF71547275F00631EBF /* _currentLocationButton.png */ = {isa = PBXFileReference; lastKnownFileType = image.png; path = _currentLocationButton.png; sourceTree = "<group>"; };
		68FA1AF81547275F00631EBF /* _currentLocationButtonPressed.png */ = {isa = PBXFileReference; lastKnownFileType = image.png; path = _currentLocationButtonPressed.png; sourceTree = "<group>"; };
		68FA1AF91547275F00631EBF /* _workButton.png */ = {isa = PBXFileReference; lastKnownFileType = image.png; path = _workButton.png; sourceTree = "<group>"; };
		68FA1AFA1547275F00631EBF /* _workButtonPressed.png */ = {isa = PBXFileReference; lastKnownFileType = image.png; path = _workButtonPressed.png; sourceTree = "<group>"; };
		68FA1AFB1547275F00631EBF /* _highSchoolButton.png */ = {isa = PBXFileReference; lastKnownFileType = image.png; path = _highSchoolButton.png; sourceTree = "<group>"; };
		68FA1AFC1547275F00631EBF /* _highSchoolButtonPressed.png */ = {isa = PBXFileReference; lastKnownFileType = image.png; path = _highSchoolButtonPressed.png; sourceTree = "<group>"; };
		68FA1AFD1547275F00631EBF /* _collegeButton.png */ = {isa = PBXFileReference; lastKnownFileType = image.png; path = _collegeButton.png; sourceTree = "<group>"; };
		68FA1AFE1547275F00631EBF /* _collegeButtonPressed.png */ = {isa = PBXFileReference; lastKnownFileType = image.png; path = _collegeButtonPressed.png; sourceTree = "<group>"; };
		68FA1AFF1547275F00631EBF /* _gradSchoolButton.png */ = {isa = PBXFileReference; lastKnownFileType = image.png; path = _gradSchoolButton.png; sourceTree = "<group>"; };
		68FA1B001547275F00631EBF /* _gradSchoolButtonPressed.png */ = {isa = PBXFileReference; lastKnownFileType = image.png; path = _gradSchoolButtonPressed.png; sourceTree = "<group>"; };
		68FA1B0D154727EB00631EBF /* gradSchoolPin.png */ = {isa = PBXFileReference; lastKnownFileType = image.png; path = gradSchoolPin.png; sourceTree = "<group>"; };
		68FA1B0E154727EB00631EBF /* collegePin.png */ = {isa = PBXFileReference; lastKnownFileType = image.png; path = collegePin.png; sourceTree = "<group>"; };
		68FA1B0F154727EB00631EBF /* workPin.png */ = {isa = PBXFileReference; lastKnownFileType = image.png; path = workPin.png; sourceTree = "<group>"; };
		68FA1B10154727EB00631EBF /* highSchoolPin.png */ = {isa = PBXFileReference; lastKnownFileType = image.png; path = highSchoolPin.png; sourceTree = "<group>"; };
		68FA1B11154727EB00631EBF /* currentLocationPin.png */ = {isa = PBXFileReference; lastKnownFileType = image.png; path = currentLocationPin.png; sourceTree = "<group>"; };
		68FA1B12154727EB00631EBF /* hometownPin.png */ = {isa = PBXFileReference; lastKnownFileType = image.png; path = hometownPin.png; sourceTree = "<group>"; };
		68FC2A6E153E47C500003A74 /* QuartzCore.framework */ = {isa = PBXFileReference; lastKnownFileType = wrapper.framework; name = QuartzCore.framework; path = System/Library/Frameworks/QuartzCore.framework; sourceTree = SDKROOT; };
		68FC2A70153E49C600003A74 /* welcomePin.png */ = {isa = PBXFileReference; lastKnownFileType = image.png; path = welcomePin.png; sourceTree = "<group>"; };
		68FC2A86153E7F0D00003A74 /* LoginWithFacebookNormal@2x.png */ = {isa = PBXFileReference; lastKnownFileType = image.png; path = "LoginWithFacebookNormal@2x.png"; sourceTree = "<group>"; };
		68FC2A87153E7F0D00003A74 /* LoginWithFacebookPressed@2x.png */ = {isa = PBXFileReference; lastKnownFileType = image.png; path = "LoginWithFacebookPressed@2x.png"; sourceTree = "<group>"; };
		68FC2A88153E7F0D00003A74 /* LogoutNormal@2x.png */ = {isa = PBXFileReference; lastKnownFileType = image.png; path = "LogoutNormal@2x.png"; sourceTree = "<group>"; };
		68FC2A89153E7F0D00003A74 /* LogoutPressed@2x.png */ = {isa = PBXFileReference; lastKnownFileType = image.png; path = "LogoutPressed@2x.png"; sourceTree = "<group>"; };
		68FC2A8E153E806100003A74 /* loginBackground.png */ = {isa = PBXFileReference; lastKnownFileType = image.png; path = loginBackground.png; sourceTree = "<group>"; };
		68FC2AA515422BB200003A74 /* logout background.png */ = {isa = PBXFileReference; lastKnownFileType = image.png; name = "logout background.png"; path = "MappMe/logout background.png"; sourceTree = "<group>"; };
		68FC2AA71542321000003A74 /* PersonMenuViewController.h */ = {isa = PBXFileReference; fileEncoding = 4; lastKnownFileType = sourcecode.c.h; path = PersonMenuViewController.h; sourceTree = "<group>"; };
		68FC2AA81542321000003A74 /* PersonMenuViewController.m */ = {isa = PBXFileReference; fileEncoding = 4; lastKnownFileType = sourcecode.c.objc; path = PersonMenuViewController.m; sourceTree = "<group>"; };
		68FC2AC71543429300003A74 /* intro background .png */ = {isa = PBXFileReference; lastKnownFileType = image.png; path = "intro background .png"; sourceTree = "<group>"; };
		A9106534153E46FA0057B570 /* AFHTTPClient.h */ = {isa = PBXFileReference; fileEncoding = 4; lastKnownFileType = sourcecode.c.h; name = AFHTTPClient.h; path = AFNetworking/AFHTTPClient.h; sourceTree = "<group>"; };
		A9106535153E46FA0057B570 /* AFHTTPClient.m */ = {isa = PBXFileReference; fileEncoding = 4; lastKnownFileType = sourcecode.c.objc; name = AFHTTPClient.m; path = AFNetworking/AFHTTPClient.m; sourceTree = "<group>"; };
		A9106536153E46FA0057B570 /* AFHTTPRequestOperation.h */ = {isa = PBXFileReference; fileEncoding = 4; lastKnownFileType = sourcecode.c.h; name = AFHTTPRequestOperation.h; path = AFNetworking/AFHTTPRequestOperation.h; sourceTree = "<group>"; };
		A9106537153E46FA0057B570 /* AFHTTPRequestOperation.m */ = {isa = PBXFileReference; fileEncoding = 4; lastKnownFileType = sourcecode.c.objc; name = AFHTTPRequestOperation.m; path = AFNetworking/AFHTTPRequestOperation.m; sourceTree = "<group>"; };
		A9106538153E46FA0057B570 /* AFImageCache.h */ = {isa = PBXFileReference; fileEncoding = 4; lastKnownFileType = sourcecode.c.h; name = AFImageCache.h; path = AFNetworking/AFImageCache.h; sourceTree = "<group>"; };
		A9106539153E46FA0057B570 /* AFImageCache.m */ = {isa = PBXFileReference; fileEncoding = 4; lastKnownFileType = sourcecode.c.objc; name = AFImageCache.m; path = AFNetworking/AFImageCache.m; sourceTree = "<group>"; };
		A910653A153E46FA0057B570 /* AFImageRequestOperation.h */ = {isa = PBXFileReference; fileEncoding = 4; lastKnownFileType = sourcecode.c.h; name = AFImageRequestOperation.h; path = AFNetworking/AFImageRequestOperation.h; sourceTree = "<group>"; };
		A910653B153E46FA0057B570 /* AFImageRequestOperation.m */ = {isa = PBXFileReference; fileEncoding = 4; lastKnownFileType = sourcecode.c.objc; name = AFImageRequestOperation.m; path = AFNetworking/AFImageRequestOperation.m; sourceTree = "<group>"; };
		A910653C153E46FA0057B570 /* AFJSONRequestOperation.h */ = {isa = PBXFileReference; fileEncoding = 4; lastKnownFileType = sourcecode.c.h; name = AFJSONRequestOperation.h; path = AFNetworking/AFJSONRequestOperation.h; sourceTree = "<group>"; };
		A910653D153E46FA0057B570 /* AFJSONRequestOperation.m */ = {isa = PBXFileReference; fileEncoding = 4; lastKnownFileType = sourcecode.c.objc; name = AFJSONRequestOperation.m; path = AFNetworking/AFJSONRequestOperation.m; sourceTree = "<group>"; };
		A910653E153E46FA0057B570 /* AFJSONUtilities.h */ = {isa = PBXFileReference; fileEncoding = 4; lastKnownFileType = sourcecode.c.h; name = AFJSONUtilities.h; path = AFNetworking/AFJSONUtilities.h; sourceTree = "<group>"; };
		A910653F153E46FA0057B570 /* AFNetworkActivityIndicatorManager.h */ = {isa = PBXFileReference; fileEncoding = 4; lastKnownFileType = sourcecode.c.h; name = AFNetworkActivityIndicatorManager.h; path = AFNetworking/AFNetworkActivityIndicatorManager.h; sourceTree = "<group>"; };
		A9106540153E46FA0057B570 /* AFNetworkActivityIndicatorManager.m */ = {isa = PBXFileReference; fileEncoding = 4; lastKnownFileType = sourcecode.c.objc; name = AFNetworkActivityIndicatorManager.m; path = AFNetworking/AFNetworkActivityIndicatorManager.m; sourceTree = "<group>"; };
		A9106541153E46FA0057B570 /* AFNetworking.h */ = {isa = PBXFileReference; fileEncoding = 4; lastKnownFileType = sourcecode.c.h; name = AFNetworking.h; path = AFNetworking/AFNetworking.h; sourceTree = "<group>"; };
		A9106542153E46FA0057B570 /* AFPropertyListRequestOperation.h */ = {isa = PBXFileReference; fileEncoding = 4; lastKnownFileType = sourcecode.c.h; name = AFPropertyListRequestOperation.h; path = AFNetworking/AFPropertyListRequestOperation.h; sourceTree = "<group>"; };
		A9106543153E46FA0057B570 /* AFPropertyListRequestOperation.m */ = {isa = PBXFileReference; fileEncoding = 4; lastKnownFileType = sourcecode.c.objc; name = AFPropertyListRequestOperation.m; path = AFNetworking/AFPropertyListRequestOperation.m; sourceTree = "<group>"; };
		A9106544153E46FA0057B570 /* AFURLConnectionOperation.h */ = {isa = PBXFileReference; fileEncoding = 4; lastKnownFileType = sourcecode.c.h; name = AFURLConnectionOperation.h; path = AFNetworking/AFURLConnectionOperation.h; sourceTree = "<group>"; };
		A9106545153E46FA0057B570 /* AFURLConnectionOperation.m */ = {isa = PBXFileReference; fileEncoding = 4; lastKnownFileType = sourcecode.c.objc; name = AFURLConnectionOperation.m; path = AFNetworking/AFURLConnectionOperation.m; sourceTree = "<group>"; };
		A9106546153E46FA0057B570 /* AFXMLRequestOperation.h */ = {isa = PBXFileReference; fileEncoding = 4; lastKnownFileType = sourcecode.c.h; name = AFXMLRequestOperation.h; path = AFNetworking/AFXMLRequestOperation.h; sourceTree = "<group>"; };
		A9106547153E46FA0057B570 /* AFXMLRequestOperation.m */ = {isa = PBXFileReference; fileEncoding = 4; lastKnownFileType = sourcecode.c.objc; name = AFXMLRequestOperation.m; path = AFNetworking/AFXMLRequestOperation.m; sourceTree = "<group>"; };
		A9106548153E46FA0057B570 /* UIImageView+AFNetworking.h */ = {isa = PBXFileReference; fileEncoding = 4; lastKnownFileType = sourcecode.c.h; name = "UIImageView+AFNetworking.h"; path = "AFNetworking/UIImageView+AFNetworking.h"; sourceTree = "<group>"; };
		A9106549153E46FA0057B570 /* UIImageView+AFNetworking.m */ = {isa = PBXFileReference; fileEncoding = 4; lastKnownFileType = sourcecode.c.objc; name = "UIImageView+AFNetworking.m"; path = "AFNetworking/UIImageView+AFNetworking.m"; sourceTree = "<group>"; };
		A913EE66150095FC009F6A84 /* MBProgressHUD.h */ = {isa = PBXFileReference; fileEncoding = 4; lastKnownFileType = sourcecode.c.h; path = MBProgressHUD.h; sourceTree = "<group>"; };
		A913EE67150095FC009F6A84 /* MBProgressHUD.m */ = {isa = PBXFileReference; fileEncoding = 4; lastKnownFileType = sourcecode.c.objc; path = MBProgressHUD.m; sourceTree = "<group>"; };
		A91AF90415008AE200FCD3D7 /* WebViewController.h */ = {isa = PBXFileReference; fileEncoding = 4; lastKnownFileType = sourcecode.c.h; path = WebViewController.h; sourceTree = "<group>"; };
		A91AF90515008AE200FCD3D7 /* WebViewController.m */ = {isa = PBXFileReference; fileEncoding = 4; lastKnownFileType = sourcecode.c.objc; path = WebViewController.m; sourceTree = "<group>"; };
		A91C5BD4153F00C200128885 /* UnitTests.app */ = {isa = PBXFileReference; explicitFileType = wrapper.application; includeInIndex = 0; path = UnitTests.app; sourceTree = BUILT_PRODUCTS_DIR; };
		A91C5BDB153F00C200128885 /* UnitTests-Info.plist */ = {isa = PBXFileReference; lastKnownFileType = text.plist.xml; path = "UnitTests-Info.plist"; sourceTree = "<group>"; };
		A91C5BDD153F00C200128885 /* en */ = {isa = PBXFileReference; lastKnownFileType = text.plist.strings; name = en; path = en.lproj/InfoPlist.strings; sourceTree = "<group>"; };
		A91C5BE1153F00C200128885 /* UnitTests-Prefix.pch */ = {isa = PBXFileReference; lastKnownFileType = sourcecode.c.h; path = "UnitTests-Prefix.pch"; sourceTree = "<group>"; };
		A91C5BEE153F00F600128885 /* main.m */ = {isa = PBXFileReference; fileEncoding = 4; lastKnownFileType = sourcecode.c.objc; path = main.m; sourceTree = "<group>"; };
		A91C5BF0153F016800128885 /* GHUnitIOS.framework */ = {isa = PBXFileReference; lastKnownFileType = wrapper.framework; name = GHUnitIOS.framework; path = UnitTests/GHUnitIOS.framework; sourceTree = "<group>"; };
		A91C5BF9153F059000128885 /* PeopleContainerTests.m */ = {isa = PBXFileReference; fileEncoding = 4; lastKnownFileType = sourcecode.c.objc; path = PeopleContainerTests.m; sourceTree = "<group>"; };
		A9212EFB154BAB5D00914144 /* 37x-Checkmark@2x.png */ = {isa = PBXFileReference; lastKnownFileType = image.png; path = "37x-Checkmark@2x.png"; sourceTree = "<group>"; };
		A9212EFC154BAB5D00914144 /* 37x-Checkmark.png */ = {isa = PBXFileReference; lastKnownFileType = image.png; path = "37x-Checkmark.png"; sourceTree = "<group>"; };
		A923196D154012D800F0699E /* AbstractContainer.h */ = {isa = PBXFileReference; fileEncoding = 4; lastKnownFileType = sourcecode.c.h; path = AbstractContainer.h; sourceTree = "<group>"; };
		A923196E154012D800F0699E /* AbstractContainer.m */ = {isa = PBXFileReference; fileEncoding = 4; lastKnownFileType = sourcecode.c.objc; path = AbstractContainer.m; sourceTree = "<group>"; };
		A939B73D152A9CEE008B2AE7 /* facebook-ios-sdk.xcodeproj */ = {isa = PBXFileReference; lastKnownFileType = "wrapper.pb-project"; path = "facebook-ios-sdk.xcodeproj"; sourceTree = "<group>"; };
		A94324941500727F005F7600 /* MapKit.framework */ = {isa = PBXFileReference; lastKnownFileType = wrapper.framework; name = MapKit.framework; path = System/Library/Frameworks/MapKit.framework; sourceTree = SDKROOT; };
		A943249615007983005F7600 /* ListViewController.h */ = {isa = PBXFileReference; fileEncoding = 4; lastKnownFileType = sourcecode.c.h; path = ListViewController.h; sourceTree = "<group>"; };
		A943249715007983005F7600 /* ListViewController.m */ = {isa = PBXFileReference; fileEncoding = 4; lastKnownFileType = sourcecode.c.objc; path = ListViewController.m; sourceTree = "<group>"; };
		A94C44C615059F64001FF446 /* CoordinateLookupManager.h */ = {isa = PBXFileReference; fileEncoding = 4; lastKnownFileType = sourcecode.c.h; path = CoordinateLookupManager.h; sourceTree = "<group>"; };
		A94C44C715059F64001FF446 /* CoordinateLookupManager.m */ = {isa = PBXFileReference; fileEncoding = 4; lastKnownFileType = sourcecode.c.objc; path = CoordinateLookupManager.m; sourceTree = "<group>"; };
		A95B9456154A656400182E33 /* ScreenShotController.h */ = {isa = PBXFileReference; fileEncoding = 4; lastKnownFileType = sourcecode.c.h; path = ScreenShotController.h; sourceTree = "<group>"; };
		A95B9457154A656500182E33 /* ScreenShotController.m */ = {isa = PBXFileReference; fileEncoding = 4; lastKnownFileType = sourcecode.c.objc; path = ScreenShotController.m; sourceTree = "<group>"; };
		A95B9458154A656500182E33 /* ScreenShotController.xib */ = {isa = PBXFileReference; fileEncoding = 4; lastKnownFileType = file.xib; path = ScreenShotController.xib; sourceTree = "<group>"; };
		A963C346151EE98F00559DB3 /* search.png */ = {isa = PBXFileReference; lastKnownFileType = image.png; path = search.png; sourceTree = "<group>"; };
		A96AD5CE151FD52B00372528 /* profile.png */ = {isa = PBXFileReference; lastKnownFileType = image.png; path = profile.png; sourceTree = "<group>"; };
		A978B76D15411E540014CD41 /* group.png */ = {isa = PBXFileReference; lastKnownFileType = image.png; path = group.png; sourceTree = "<group>"; };
		A97CE6061546DF8300553D9B /* camera (1).png */ = {isa = PBXFileReference; lastKnownFileType = image.png; path = "camera (1).png"; sourceTree = "<group>"; };
		A97CE6071546DF8300553D9B /* camera.png */ = {isa = PBXFileReference; lastKnownFileType = image.png; path = camera.png; sourceTree = "<group>"; };
		A97CE6081546DF8300553D9B /* photo (2).png */ = {isa = PBXFileReference; lastKnownFileType = image.png; path = "photo (2).png"; sourceTree = "<group>"; };
		A97F780C153FF1D0000C7768 /* MyAnnotationTest.m */ = {isa = PBXFileReference; fileEncoding = 4; lastKnownFileType = sourcecode.c.objc; path = MyAnnotationTest.m; sourceTree = "<group>"; };
		A97F782515400577000C7768 /* CoordPairsHelper.h */ = {isa = PBXFileReference; fileEncoding = 4; lastKnownFileType = sourcecode.c.h; path = CoordPairsHelper.h; sourceTree = "<group>"; };
		A97F782615400577000C7768 /* CoordPairsHelper.m */ = {isa = PBXFileReference; fileEncoding = 4; lastKnownFileType = sourcecode.c.objc; path = CoordPairsHelper.m; sourceTree = "<group>"; };
		A9801D701502E1E400BA0B5B /* Place.h */ = {isa = PBXFileReference; fileEncoding = 4; lastKnownFileType = sourcecode.c.h; path = Place.h; sourceTree = "<group>"; };
		A9801D711502E1E400BA0B5B /* Place.m */ = {isa = PBXFileReference; fileEncoding = 4; lastKnownFileType = sourcecode.c.objc; path = Place.m; sourceTree = "<group>"; };
		A9801D721502E1E400BA0B5B /* Person.h */ = {isa = PBXFileReference; fileEncoding = 4; lastKnownFileType = sourcecode.c.h; path = Person.h; sourceTree = "<group>"; };
		A9801D731502E1E400BA0B5B /* Person.m */ = {isa = PBXFileReference; fileEncoding = 4; lastKnownFileType = sourcecode.c.objc; path = Person.m; sourceTree = "<group>"; };
		A9801D741502E1E400BA0B5B /* LocationTypeEnum.h */ = {isa = PBXFileReference; fileEncoding = 4; lastKnownFileType = sourcecode.c.h; path = LocationTypeEnum.h; sourceTree = "<group>"; };
		A9801D751502E1E400BA0B5B /* LocationTypeEnum.m */ = {isa = PBXFileReference; fileEncoding = 4; lastKnownFileType = sourcecode.c.objc; path = LocationTypeEnum.m; sourceTree = "<group>"; };
		A9801D761502E1E400BA0B5B /* PeopleContainer.h */ = {isa = PBXFileReference; fileEncoding = 4; lastKnownFileType = sourcecode.c.h; path = PeopleContainer.h; sourceTree = "<group>"; };
		A9801D771502E1E400BA0B5B /* PeopleContainer.m */ = {isa = PBXFileReference; fileEncoding = 4; lastKnownFileType = sourcecode.c.objc; path = PeopleContainer.m; sourceTree = "<group>"; };
		A9801D7A1502E1E400BA0B5B /* PlaceContainer.h */ = {isa = PBXFileReference; fileEncoding = 4; lastKnownFileType = sourcecode.c.h; path = PlaceContainer.h; sourceTree = "<group>"; };
		A9801D7B1502E1E400BA0B5B /* PlaceContainer.m */ = {isa = PBXFileReference; fileEncoding = 4; lastKnownFileType = sourcecode.c.objc; path = PlaceContainer.m; sourceTree = "<group>"; };
		A98B98FA15430C3700433160 /* AbstractModalViewController.h */ = {isa = PBXFileReference; fileEncoding = 4; lastKnownFileType = sourcecode.c.h; path = AbstractModalViewController.h; sourceTree = "<group>"; };
		A98B98FB15430C3700433160 /* AbstractModalViewController.m */ = {isa = PBXFileReference; fileEncoding = 4; lastKnownFileType = sourcecode.c.objc; path = AbstractModalViewController.m; sourceTree = "<group>"; };
		A98F1726153FB24400FB6257 /* PlaceTest.m */ = {isa = PBXFileReference; fileEncoding = 4; lastKnownFileType = sourcecode.c.objc; path = PlaceTest.m; sourceTree = "<group>"; };
		A98F172A153FB45F00FB6257 /* PersonTest.m */ = {isa = PBXFileReference; fileEncoding = 4; lastKnownFileType = sourcecode.c.objc; path = PersonTest.m; sourceTree = "<group>"; };
		A98F172F153FB96500FB6257 /* PlaceContainerTest.m */ = {isa = PBXFileReference; fileEncoding = 4; lastKnownFileType = sourcecode.c.objc; path = PlaceContainerTest.m; sourceTree = "<group>"; };
		A9A019CF1547D0AB006CF4A4 /* settings.png */ = {isa = PBXFileReference; lastKnownFileType = image.png; path = settings.png; sourceTree = "<group>"; };
		A9A0AC521502D8F00020265D /* MyAnnotation.h */ = {isa = PBXFileReference; fileEncoding = 4; lastKnownFileType = sourcecode.c.h; path = MyAnnotation.h; sourceTree = "<group>"; };
		A9A0AC531502D8F00020265D /* MyAnnotation.m */ = {isa = PBXFileReference; fileEncoding = 4; lastKnownFileType = sourcecode.c.objc; path = MyAnnotation.m; sourceTree = "<group>"; };
		A9AADE40154239620096BC3C /* LocTypeMenuController.h */ = {isa = PBXFileReference; fileEncoding = 4; lastKnownFileType = sourcecode.c.h; path = LocTypeMenuController.h; sourceTree = "<group>"; };
		A9AADE41154239620096BC3C /* LocTypeMenuController.m */ = {isa = PBXFileReference; fileEncoding = 4; lastKnownFileType = sourcecode.c.objc; path = LocTypeMenuController.m; sourceTree = "<group>"; };
		A9AADE42154239620096BC3C /* LocTypeMenuController.xib */ = {isa = PBXFileReference; fileEncoding = 4; lastKnownFileType = file.xib; path = LocTypeMenuController.xib; sourceTree = "<group>"; };
		A9AADE4515423ACB0096BC3C /* CloseButton.png */ = {isa = PBXFileReference; lastKnownFileType = image.png; path = CloseButton.png; sourceTree = "<group>"; };
		A9AADE47154250D80096BC3C /* GradientView.h */ = {isa = PBXFileReference; fileEncoding = 4; lastKnownFileType = sourcecode.c.h; path = GradientView.h; sourceTree = "<group>"; };
		A9AADE48154250D80096BC3C /* GradientView.m */ = {isa = PBXFileReference; fileEncoding = 4; lastKnownFileType = sourcecode.c.objc; path = GradientView.m; sourceTree = "<group>"; };
		A9AADE8C154265470096BC3C /* hometown.png */ = {isa = PBXFileReference; lastKnownFileType = image.png; path = hometown.png; sourceTree = "<group>"; };
		A9AADE8E154265470096BC3C /* highschool.png */ = {isa = PBXFileReference; lastKnownFileType = image.png; path = highschool.png; sourceTree = "<group>"; };
		A9AADE8F154265470096BC3C /* currentlocation.png */ = {isa = PBXFileReference; lastKnownFileType = image.png; path = currentlocation.png; sourceTree = "<group>"; };
		A9AADE94154265BA0096BC3C /* question.png */ = {isa = PBXFileReference; lastKnownFileType = image.png; path = question.png; sourceTree = "<group>"; };
		A9AADE96154266820096BC3C /* hometown@2x.png */ = {isa = PBXFileReference; lastKnownFileType = image.png; path = "hometown@2x.png"; sourceTree = "<group>"; };
		A9AADE98154266E30096BC3C /* highschool@2x.png */ = {isa = PBXFileReference; lastKnownFileType = image.png; path = "highschool@2x.png"; sourceTree = "<group>"; };
		A9AADE99154266E30096BC3C /* college@2x.png */ = {isa = PBXFileReference; lastKnownFileType = image.png; path = "college@2x.png"; sourceTree = "<group>"; };
		A9AADE9A154266E30096BC3C /* college.png */ = {isa = PBXFileReference; lastKnownFileType = image.png; path = college.png; sourceTree = "<group>"; };
		A9FC7BCB15215765007D72F6 /* OverlayViewController.h */ = {isa = PBXFileReference; fileEncoding = 4; lastKnownFileType = sourcecode.c.h; path = OverlayViewController.h; sourceTree = "<group>"; };
		A9FC7BCC15215765007D72F6 /* OverlayViewController.m */ = {isa = PBXFileReference; fileEncoding = 4; lastKnownFileType = sourcecode.c.objc; path = OverlayViewController.m; sourceTree = "<group>"; };
		A9FC7BCD15215766007D72F6 /* OverlayViewController.xib */ = {isa = PBXFileReference; fileEncoding = 4; lastKnownFileType = file.xib; name = OverlayViewController.xib; path = /Users/Codier/Desktop/MappMe/MappMe/OverlayViewController.xib; sourceTree = "<absolute>"; };
/* End PBXFileReference section */

/* Begin PBXFrameworksBuildPhase section */
		680435D514FED94600899729 /* Frameworks */ = {
			isa = PBXFrameworksBuildPhase;
			buildActionMask = 2147483647;
			files = (
				A98A6F1D152A9DF400A81B02 /* libfacebook_ios_sdk.a in Frameworks */,
				68DC0BD3151D7D7E00514016 /* libz.dylib in Frameworks */,
				68FC2A6F153E47C500003A74 /* QuartzCore.framework in Frameworks */,
				68DC0BD1151D7C8C00514016 /* MobileCoreServices.framework in Frameworks */,
				68DC0BCF151D7C7100514016 /* CFNetwork.framework in Frameworks */,
				68DC0BCD151D7C6A00514016 /* SystemConfiguration.framework in Frameworks */,
				A94324951500727F005F7600 /* MapKit.framework in Frameworks */,
				680435DD14FED94600899729 /* UIKit.framework in Frameworks */,
				680435DF14FED94600899729 /* Foundation.framework in Frameworks */,
				680435E114FED94600899729 /* CoreGraphics.framework in Frameworks */,
			);
			runOnlyForDeploymentPostprocessing = 0;
		};
		A91C5BD1153F00C200128885 /* Frameworks */ = {
			isa = PBXFrameworksBuildPhase;
			buildActionMask = 2147483647;
			files = (
				A91C5BF2153F017A00128885 /* GHUnitIOS.framework in Frameworks */,
				A91C5BD6153F00C200128885 /* UIKit.framework in Frameworks */,
				A91C5BD7153F00C200128885 /* Foundation.framework in Frameworks */,
				A91C5BD8153F00C200128885 /* CoreGraphics.framework in Frameworks */,
			);
			runOnlyForDeploymentPostprocessing = 0;
		};
/* End PBXFrameworksBuildPhase section */

/* Begin PBXGroup section */
		680435CD14FED94600899729 = {
			isa = PBXGroup;
			children = (
				68082BEB151A790000C12A91 /* facebook-ios-sdk */,
				A90CF29F1504112D0091139C /* images */,
				680435E214FED94600899729 /* MappMe */,
				A91C5BD9153F00C200128885 /* UnitTests */,
				680435DB14FED94600899729 /* Frameworks */,
				A913EE64150095DB009F6A84 /* PlugIns */,
				680435D914FED94600899729 /* Products */,
			);
			sourceTree = "<group>";
		};
		680435D914FED94600899729 /* Products */ = {
			isa = PBXGroup;
			children = (
				680435D814FED94600899729 /* MappMe.app */,
				A91C5BD4153F00C200128885 /* UnitTests.app */,
			);
			name = Products;
			sourceTree = "<group>";
		};
		680435DB14FED94600899729 /* Frameworks */ = {
			isa = PBXGroup;
			children = (
				A91C5BF0153F016800128885 /* GHUnitIOS.framework */,
				68FC2A6E153E47C500003A74 /* QuartzCore.framework */,
				68DC0BD2151D7D7E00514016 /* libz.dylib */,
				68DC0BD0151D7C8C00514016 /* MobileCoreServices.framework */,
				68DC0BCE151D7C7100514016 /* CFNetwork.framework */,
				68DC0BCC151D7C6A00514016 /* SystemConfiguration.framework */,
				A94324941500727F005F7600 /* MapKit.framework */,
				680435DC14FED94600899729 /* UIKit.framework */,
				680435DE14FED94600899729 /* Foundation.framework */,
				680435E014FED94600899729 /* CoreGraphics.framework */,
			);
			name = Frameworks;
			sourceTree = "<group>";
		};
		680435E214FED94600899729 /* MappMe */ = {
			isa = PBXGroup;
			children = (
				680435EB14FED94600899729 /* MappMeAppDelegate.h */,
				680435EC14FED94600899729 /* MappMeAppDelegate.m */,
				6804360E14FEDE1300899729 /* Util */,
				A9A0AC511502D8C70020265D /* Views */,
				A9A0AC501502D7D30020265D /* Data Package */,
				A91AF90815008AF200FCD3D7 /* Controllers */,
				680435E314FED94600899729 /* Supporting Files */,
				680435EE14FED94600899729 /* MainStoryboard_iPhone.storyboard */,
				680435F114FED94600899729 /* MainStoryboard_iPad.storyboard */,
			);
			path = MappMe;
			sourceTree = "<group>";
		};
		680435E314FED94600899729 /* Supporting Files */ = {
			isa = PBXGroup;
			children = (
				680435E414FED94600899729 /* MappMe-Info.plist */,
				680435E514FED94600899729 /* InfoPlist.strings */,
				680435E814FED94600899729 /* main.m */,
				680435EA14FED94600899729 /* MappMe-Prefix.pch */,
			);
			name = "Supporting Files";
			sourceTree = "<group>";
		};
		6804360E14FEDE1300899729 /* Util */ = {
			isa = PBXGroup;
			children = (
				68BEE56A15258EBC00E2433D /* ZoomHelper.h */,
				68BEE56B15258EBC00E2433D /* ZoomHelper.m */,
				683D38341507C0D200021ED3 /* DebugLog.h */,
				683D38351507C0D200021ED3 /* DebugLog.m */,
				683D38361507C0D200021ED3 /* Timer.h */,
				683D38371507C0D200021ED3 /* Timer.m */,
				683D38381507C0D200021ED3 /* UserInfoLog.h */,
				683D38391507C0D200021ED3 /* UserInfoLog.m */,
				68963A91154ADF9200286C3B /* UtilFunctions.h */,
				68963A92154ADF9200286C3B /* UtilFunctions.m */,
			);
			name = Util;
			path = /Users/Codier/Desktop/MappMe;
			sourceTree = "<absolute>";
		};
		68082BEB151A790000C12A91 /* facebook-ios-sdk */ = {
			isa = PBXGroup;
			children = (
				A939B73D152A9CEE008B2AE7 /* facebook-ios-sdk.xcodeproj */,
			);
			path = "facebook-ios-sdk";
			sourceTree = "<group>";
		};
		681C415B151D71F600747C4A /* pin images */ = {
			isa = PBXGroup;
			children = (
				A9AADE98154266E30096BC3C /* highschool@2x.png */,
				A9AADE99154266E30096BC3C /* college@2x.png */,
				A9AADE9A154266E30096BC3C /* college.png */,
				A9AADE96154266820096BC3C /* hometown@2x.png */,
				A9AADE94154265BA0096BC3C /* question.png */,
				A9AADE8C154265470096BC3C /* hometown.png */,
				A9AADE8E154265470096BC3C /* highschool.png */,
				A9AADE8F154265470096BC3C /* currentlocation.png */,
				681C415D151D724500747C4A /* bluePin.png */,
				681C415E151D724500747C4A /* greenPin.png */,
				681C415F151D724500747C4A /* orangePin.png */,
				681C4160151D724500747C4A /* redPin.png */,
				681C4161151D724500747C4A /* tealPin.png */,
				681C4162151D724500747C4A /* yellow-greenPin.png */,
				681C4163151D724500747C4A /* yellowPin.png */,
			);
			name = "pin images";
			sourceTree = "<group>";
		};
		689175BF151D0C4A00078BE2 /* Models */ = {
			isa = PBXGroup;
			children = (
				A97F782515400577000C7768 /* CoordPairsHelper.h */,
				A97F782615400577000C7768 /* CoordPairsHelper.m */,
				A9A0AC521502D8F00020265D /* MyAnnotation.h */,
				A9A0AC531502D8F00020265D /* MyAnnotation.m */,
				A9801D721502E1E400BA0B5B /* Person.h */,
				A9801D731502E1E400BA0B5B /* Person.m */,
				A9801D701502E1E400BA0B5B /* Place.h */,
				A9801D711502E1E400BA0B5B /* Place.m */,
			);
			name = Models;
			sourceTree = "<group>";
		};
		68963AE5154C80EF00286C3B /* mainUI */ = {
			isa = PBXGroup;
			children = (
				68963AE6154C811700286C3B /* HeaderButton.png */,
				68963AE7154C811700286C3B /* BackButton.png */,
				68963AE8154C811700286C3B /* SearchButton.png */,
				68963AE9154C811700286C3B /* SettingsButton.png */,
				68963AEA154C811700286C3B /* DropDownMenu.png */,
			);
			name = mainUI;
			sourceTree = "<group>";
		};
		68963AF0154C815800286C3B /* otherUI */ = {
			isa = PBXGroup;
			children = (
				A97CE6061546DF8300553D9B /* camera (1).png */,
				A97CE6071546DF8300553D9B /* camera.png */,
				A97CE6081546DF8300553D9B /* photo (2).png */,
				68FC2AC71543429300003A74 /* intro background .png */,
				68FC2AA515422BB200003A74 /* logout background.png */,
				68FC2A70153E49C600003A74 /* welcomePin.png */,
				68BEE57115292D0E00E2433D /* triangle.png */,
				A96AD5CE151FD52B00372528 /* profile.png */,
				A963C346151EE98F00559DB3 /* search.png */,
				A963C343151EE8E200559DB3 /* settings.png */,
				68FC2A8E153E806100003A74 /* loginBackground.png */,
			);
			name = otherUI;
			sourceTree = "<group>";
		};
		68963B01154C870000286C3B /* SlidingViewMenus */ = {
			isa = PBXGroup;
			children = (
				68963AF4154C81DB00286C3B /* MainLocMenuController.h */,
				68963AF5154C81DB00286C3B /* MainLocMenuController.m */,
				68963AF6154C81DB00286C3B /* AbstractSlider.xib */,
				68963AFE154C86DF00286C3B /* AbstractSlidingContainer.h */,
				68963AFF154C86DF00286C3B /* AbstractSlidingContainer.m */,
			);
			name = SlidingViewMenus;
			sourceTree = "<group>";
		};
		68FA1AF3154725E500631EBF /* SubViewControllers */ = {
			isa = PBXGroup;
			children = (
				687E43F5154DABD700CE245F /* SettingsMenuController.m */,
				687E43F6154DABD700CE245F /* SettingsMenuController.xib */,
				687E43F7154DABD700CE245F /* SettingsMenuController.h */,
				A9AADE40154239620096BC3C /* LocTypeMenuController.h */,
				A9AADE41154239620096BC3C /* LocTypeMenuController.m */,
				A9AADE42154239620096BC3C /* LocTypeMenuController.xib */,
				A98B98FA15430C3700433160 /* AbstractModalViewController.h */,
				A98B98FB15430C3700433160 /* AbstractModalViewController.m */,
				A9FC7BCB15215765007D72F6 /* OverlayViewController.h */,
				A9FC7BCC15215765007D72F6 /* OverlayViewController.m */,
				A9FC7BCD15215766007D72F6 /* OverlayViewController.xib */,
				A95B9456154A656400182E33 /* ScreenShotController.h */,
				A95B9457154A656500182E33 /* ScreenShotController.m */,
				A95B9458154A656500182E33 /* ScreenShotController.xib */,
			);
			name = SubViewControllers;
			sourceTree = "<group>";
		};
		68FA1AF41547275300631EBF /* mainMenu */ = {
			isa = PBXGroup;
			children = (
				68FA1AF51547275F00631EBF /* _hometownButton.png */,
				68FA1AF61547275F00631EBF /* _hometownButtonPressed.png */,
				68FA1AF71547275F00631EBF /* _currentLocationButton.png */,
				68FA1AF81547275F00631EBF /* _currentLocationButtonPressed.png */,
				68FA1AF91547275F00631EBF /* _workButton.png */,
				68FA1AFA1547275F00631EBF /* _workButtonPressed.png */,
				68FA1AFB1547275F00631EBF /* _highSchoolButton.png */,
				68FA1AFC1547275F00631EBF /* _highSchoolButtonPressed.png */,
				68FA1AFD1547275F00631EBF /* _collegeButton.png */,
				68FA1AFE1547275F00631EBF /* _collegeButtonPressed.png */,
				68FA1AFF1547275F00631EBF /* _gradSchoolButton.png */,
				68FA1B001547275F00631EBF /* _gradSchoolButtonPressed.png */,
			);
			name = mainMenu;
			sourceTree = "<group>";
		};
		68FC2AAD1543420500003A74 /* ButtonImages */ = {
			isa = PBXGroup;
			children = (
				68FA1AF41547275300631EBF /* mainMenu */,
				A9AADE4515423ACB0096BC3C /* CloseButton.png */,
				A978B76D15411E540014CD41 /* group.png */,
				68FC2AA515422BB200003A74 /* logout background.png */,
				68FC2AC61543428500003A74 /* Icon pin images */,
				68FC2A86153E7F0D00003A74 /* LoginWithFacebookNormal@2x.png */,
				68FC2A87153E7F0D00003A74 /* LoginWithFacebookPressed@2x.png */,
				68FC2A88153E7F0D00003A74 /* LogoutNormal@2x.png */,
				68FC2A89153E7F0D00003A74 /* LogoutPressed@2x.png */,
			);
			name = ButtonImages;
			sourceTree = "<group>";
		};
		68FC2AC61543428500003A74 /* Icon pin images */ = {
			isa = PBXGroup;
			children = (
				68FA1B0D154727EB00631EBF /* gradSchoolPin.png */,
				68FA1B0E154727EB00631EBF /* collegePin.png */,
				68FA1B0F154727EB00631EBF /* workPin.png */,
				68FA1B10154727EB00631EBF /* highSchoolPin.png */,
				68FA1B11154727EB00631EBF /* currentLocationPin.png */,
				68FA1B12154727EB00631EBF /* hometownPin.png */,
			);
			name = "Icon pin images";
			sourceTree = "<group>";
		};
		A90CF29F1504112D0091139C /* images */ = {
			isa = PBXGroup;
			children = (
				A9212EFB154BAB5D00914144 /* 37x-Checkmark@2x.png */,
				A9212EFC154BAB5D00914144 /* 37x-Checkmark.png */,
				A9A019CF1547D0AB006CF4A4 /* settings.png */,
				A97CE6061546DF8300553D9B /* camera (1).png */,
				A97CE6071546DF8300553D9B /* camera.png */,
				A97CE6081546DF8300553D9B /* photo (2).png */,
				68FC2AAD1543420500003A74 /* ButtonImages */,
				68FC2AC71543429300003A74 /* intro background .png */,
				68FC2AA515422BB200003A74 /* logout background.png */,
				68FC2A70153E49C600003A74 /* welcomePin.png */,
				68BEE57115292D0E00E2433D /* triangle.png */,
				A96AD5CE151FD52B00372528 /* profile.png */,
				A963C346151EE98F00559DB3 /* search.png */,
				68FC2A8E153E806100003A74 /* loginBackground.png */,
				68963AF0154C815800286C3B /* otherUI */,
				68963AE5154C80EF00286C3B /* mainUI */,
				68FC2AAD1543420500003A74 /* ButtonImages */,
				681C415B151D71F600747C4A /* pin images */,
			);
			name = images;
			sourceTree = "<group>";
		};
		A9106533153E46DB0057B570 /* AFNetworking */ = {
			isa = PBXGroup;
			children = (
				A9106534153E46FA0057B570 /* AFHTTPClient.h */,
				A9106535153E46FA0057B570 /* AFHTTPClient.m */,
				A9106536153E46FA0057B570 /* AFHTTPRequestOperation.h */,
				A9106537153E46FA0057B570 /* AFHTTPRequestOperation.m */,
				A9106538153E46FA0057B570 /* AFImageCache.h */,
				A9106539153E46FA0057B570 /* AFImageCache.m */,
				A910653A153E46FA0057B570 /* AFImageRequestOperation.h */,
				A910653B153E46FA0057B570 /* AFImageRequestOperation.m */,
				A910653C153E46FA0057B570 /* AFJSONRequestOperation.h */,
				A910653D153E46FA0057B570 /* AFJSONRequestOperation.m */,
				A910653E153E46FA0057B570 /* AFJSONUtilities.h */,
				A910653F153E46FA0057B570 /* AFNetworkActivityIndicatorManager.h */,
				A9106540153E46FA0057B570 /* AFNetworkActivityIndicatorManager.m */,
				A9106541153E46FA0057B570 /* AFNetworking.h */,
				A9106542153E46FA0057B570 /* AFPropertyListRequestOperation.h */,
				A9106543153E46FA0057B570 /* AFPropertyListRequestOperation.m */,
				A9106544153E46FA0057B570 /* AFURLConnectionOperation.h */,
				A9106545153E46FA0057B570 /* AFURLConnectionOperation.m */,
				A9106546153E46FA0057B570 /* AFXMLRequestOperation.h */,
				A9106547153E46FA0057B570 /* AFXMLRequestOperation.m */,
				A9106548153E46FA0057B570 /* UIImageView+AFNetworking.h */,
				A9106549153E46FA0057B570 /* UIImageView+AFNetworking.m */,
			);
			name = AFNetworking;
			sourceTree = "<group>";
		};
		A9106558153E4D310057B570 /* Stores */ = {
			isa = PBXGroup;
			children = (
				A923196D154012D800F0699E /* AbstractContainer.h */,
				A923196E154012D800F0699E /* AbstractContainer.m */,
				A9801D761502E1E400BA0B5B /* PeopleContainer.h */,
				A9801D771502E1E400BA0B5B /* PeopleContainer.m */,
				A9801D7A1502E1E400BA0B5B /* PlaceContainer.h */,
				A9801D7B1502E1E400BA0B5B /* PlaceContainer.m */,
			);
			name = Stores;
			sourceTree = "<group>";
		};
		A913EE64150095DB009F6A84 /* PlugIns */ = {
			isa = PBXGroup;
			children = (
				A9106533153E46DB0057B570 /* AFNetworking */,
				A913EE66150095FC009F6A84 /* MBProgressHUD.h */,
				A913EE67150095FC009F6A84 /* MBProgressHUD.m */,
			);
			name = PlugIns;
			sourceTree = "<group>";
		};
		A91AF90815008AF200FCD3D7 /* Controllers */ = {
			isa = PBXGroup;
			children = (
				68963B01154C870000286C3B /* SlidingViewMenus */,
				68FA1AF3154725E500631EBF /* SubViewControllers */,
				680435F414FED94600899729 /* LoginViewController.h */,
				680435F514FED94600899729 /* LoginViewController.m */,
				6804361514FEEF4200899729 /* MainViewController.h */,
				6804361614FEEF4200899729 /* MainViewController.m */,
				A943249615007983005F7600 /* ListViewController.h */,
				A943249715007983005F7600 /* ListViewController.m */,
				A91AF90415008AE200FCD3D7 /* WebViewController.h */,
				A91AF90515008AE200FCD3D7 /* WebViewController.m */,
				68DC0BD4151E538500514016 /* FriendSearchViewController.h */,
				68DC0BD5151E538500514016 /* FriendSearchViewController.m */,
				68FC2AA71542321000003A74 /* PersonMenuViewController.h */,
				68FC2AA81542321000003A74 /* PersonMenuViewController.m */,
			);
			name = Controllers;
			sourceTree = "<group>";
		};
		A91C5BD9153F00C200128885 /* UnitTests */ = {
			isa = PBXGroup;
			children = (
				A97F780C153FF1D0000C7768 /* MyAnnotationTest.m */,
				A98F172F153FB96500FB6257 /* PlaceContainerTest.m */,
				A98F172A153FB45F00FB6257 /* PersonTest.m */,
				A98F1726153FB24400FB6257 /* PlaceTest.m */,
				A91C5BF9153F059000128885 /* PeopleContainerTests.m */,
				A91C5BDA153F00C200128885 /* Supporting Files */,
				68963A96154AE19B00286C3B /* UtilFunctionsTest.m */,
			);
			path = UnitTests;
			sourceTree = "<group>";
		};
		A91C5BDA153F00C200128885 /* Supporting Files */ = {
			isa = PBXGroup;
			children = (
				A91C5BEE153F00F600128885 /* main.m */,
				A91C5BDB153F00C200128885 /* UnitTests-Info.plist */,
				A91C5BDC153F00C200128885 /* InfoPlist.strings */,
				A91C5BE1153F00C200128885 /* UnitTests-Prefix.pch */,
			);
			name = "Supporting Files";
			sourceTree = "<group>";
		};
		A939B73E152A9CEE008B2AE7 /* Products */ = {
			isa = PBXGroup;
			children = (
				A939B757152A9CEE008B2AE7 /* libfacebook_ios_sdk.a */,
			);
			name = Products;
			sourceTree = "<group>";
		};
		A9A0AC501502D7D30020265D /* Data Package */ = {
			isa = PBXGroup;
			children = (
				A9801D741502E1E400BA0B5B /* LocationTypeEnum.h */,
				A9801D751502E1E400BA0B5B /* LocationTypeEnum.m */,
				689175BF151D0C4A00078BE2 /* Models */,
				A9106558153E4D310057B570 /* Stores */,
				68CFF09C15253F3000335C10 /* DataManagerSingleton.h */,
				68CFF09D15253F3000335C10 /* DataManagerSingleton.m */,
				A94C44C615059F64001FF446 /* CoordinateLookupManager.h */,
				A94C44C715059F64001FF446 /* CoordinateLookupManager.m */,
				689175BB151D0C3D00078BE2 /* FacebookDataHandler.h */,
				689175BC151D0C3D00078BE2 /* FacebookDataHandler.m */,
			);
			name = "Data Package";
			sourceTree = "<group>";
		};
		A9A0AC511502D8C70020265D /* Views */ = {
			isa = PBXGroup;
			children = (
				A9AADE47154250D80096BC3C /* GradientView.h */,
				A9AADE48154250D80096BC3C /* GradientView.m */,
			);
			name = Views;
			sourceTree = "<group>";
		};
/* End PBXGroup section */

/* Begin PBXNativeTarget section */
		680435D714FED94600899729 /* MappMe */ = {
			isa = PBXNativeTarget;
			buildConfigurationList = 680435F914FED94600899729 /* Build configuration list for PBXNativeTarget "MappMe" */;
			buildPhases = (
				680435D414FED94600899729 /* Sources */,
				680435D514FED94600899729 /* Frameworks */,
				680435D614FED94600899729 /* Resources */,
			);
			buildRules = (
			);
			dependencies = (
			);
			name = MappMe;
			productName = MappMe;
			productReference = 680435D814FED94600899729 /* MappMe.app */;
			productType = "com.apple.product-type.application";
		};
		A91C5BD3153F00C200128885 /* UnitTests */ = {
			isa = PBXNativeTarget;
			buildConfigurationList = A91C5BEB153F00C200128885 /* Build configuration list for PBXNativeTarget "UnitTests" */;
			buildPhases = (
				A91C5BD0153F00C200128885 /* Sources */,
				A91C5BD1153F00C200128885 /* Frameworks */,
				A91C5BD2153F00C200128885 /* Resources */,
			);
			buildRules = (
			);
			dependencies = (
			);
			name = UnitTests;
			productName = UnitTests;
			productReference = A91C5BD4153F00C200128885 /* UnitTests.app */;
			productType = "com.apple.product-type.application";
		};
/* End PBXNativeTarget section */

/* Begin PBXProject section */
		680435CF14FED94600899729 /* Project object */ = {
			isa = PBXProject;
			attributes = {
				LastUpgradeCheck = 0430;
			};
			buildConfigurationList = 680435D214FED94600899729 /* Build configuration list for PBXProject "MappMe" */;
			compatibilityVersion = "Xcode 3.2";
			developmentRegion = English;
			hasScannedForEncodings = 0;
			knownRegions = (
				en,
			);
			mainGroup = 680435CD14FED94600899729;
			productRefGroup = 680435D914FED94600899729 /* Products */;
			projectDirPath = "";
			projectReferences = (
				{
					ProductGroup = A939B73E152A9CEE008B2AE7 /* Products */;
					ProjectRef = A939B73D152A9CEE008B2AE7 /* facebook-ios-sdk.xcodeproj */;
				},
			);
			projectRoot = "";
			targets = (
				680435D714FED94600899729 /* MappMe */,
				A91C5BD3153F00C200128885 /* UnitTests */,
			);
		};
/* End PBXProject section */

/* Begin PBXReferenceProxy section */
		A939B757152A9CEE008B2AE7 /* libfacebook_ios_sdk.a */ = {
			isa = PBXReferenceProxy;
			fileType = archive.ar;
			path = libfacebook_ios_sdk.a;
			remoteRef = A939B756152A9CEE008B2AE7 /* PBXContainerItemProxy */;
			sourceTree = BUILT_PRODUCTS_DIR;
		};
/* End PBXReferenceProxy section */

/* Begin PBXResourcesBuildPhase section */
		680435D614FED94600899729 /* Resources */ = {
			isa = PBXResourcesBuildPhase;
			buildActionMask = 2147483647;
			files = (
				680435E714FED94600899729 /* InfoPlist.strings in Resources */,
				680435F014FED94600899729 /* MainStoryboard_iPhone.storyboard in Resources */,
				680435F314FED94600899729 /* MainStoryboard_iPad.storyboard in Resources */,
				681C4164151D724500747C4A /* bluePin.png in Resources */,
				681C4165151D724500747C4A /* greenPin.png in Resources */,
				681C4166151D724500747C4A /* orangePin.png in Resources */,
				681C4167151D724500747C4A /* redPin.png in Resources */,
				681C4168151D724500747C4A /* tealPin.png in Resources */,
				681C4169151D724500747C4A /* yellow-greenPin.png in Resources */,
				681C416A151D724500747C4A /* yellowPin.png in Resources */,
				A963C347151EE98F00559DB3 /* search.png in Resources */,
				A96AD5CF151FD52B00372528 /* profile.png in Resources */,
				68BEE57215292D0E00E2433D /* triangle.png in Resources */,
				68FC2A71153E49C600003A74 /* welcomePin.png in Resources */,
				68FC2A8A153E7F0D00003A74 /* LoginWithFacebookNormal@2x.png in Resources */,
				68FC2A8B153E7F0D00003A74 /* LoginWithFacebookPressed@2x.png in Resources */,
				68FC2A8C153E7F0D00003A74 /* LogoutNormal@2x.png in Resources */,
				68FC2A8D153E7F0D00003A74 /* LogoutPressed@2x.png in Resources */,
				68FC2A8F153E806100003A74 /* loginBackground.png in Resources */,
				A978B76E15411E540014CD41 /* group.png in Resources */,
				A9AADE44154239620096BC3C /* LocTypeMenuController.xib in Resources */,
				A9AADE4615423ACB0096BC3C /* CloseButton.png in Resources */,
				A9AADE90154265470096BC3C /* hometown.png in Resources */,
				A9AADE92154265470096BC3C /* highschool.png in Resources */,
				A9AADE93154265470096BC3C /* currentlocation.png in Resources */,
				A9AADE95154265BA0096BC3C /* question.png in Resources */,
				A9AADE97154266820096BC3C /* hometown@2x.png in Resources */,
				A9AADE9B154266E30096BC3C /* highschool@2x.png in Resources */,
				A9AADE9C154266E30096BC3C /* college@2x.png in Resources */,
				A9AADE9D154266E30096BC3C /* college.png in Resources */,
				68FC2AA615422BB200003A74 /* logout background.png in Resources */,
				68FC2ACE1543429300003A74 /* intro background .png in Resources */,
				A97CE6091546DF8300553D9B /* camera (1).png in Resources */,
				A97CE60A1546DF8300553D9B /* camera.png in Resources */,
				A97CE60B1546DF8300553D9B /* photo (2).png in Resources */,
				68FA1B011547275F00631EBF /* _hometownButton.png in Resources */,
				68FA1B021547275F00631EBF /* _hometownButtonPressed.png in Resources */,
				68FA1B031547275F00631EBF /* _currentLocationButton.png in Resources */,
				68FA1B041547275F00631EBF /* _currentLocationButtonPressed.png in Resources */,
				68FA1B051547275F00631EBF /* _workButton.png in Resources */,
				68FA1B061547275F00631EBF /* _workButtonPressed.png in Resources */,
				68FA1B071547275F00631EBF /* _highSchoolButton.png in Resources */,
				68FA1B081547275F00631EBF /* _highSchoolButtonPressed.png in Resources */,
				68FA1B091547275F00631EBF /* _collegeButton.png in Resources */,
				68FA1B0A1547275F00631EBF /* _collegeButtonPressed.png in Resources */,
				68FA1B0B1547275F00631EBF /* _gradSchoolButton.png in Resources */,
				68FA1B0C1547275F00631EBF /* _gradSchoolButtonPressed.png in Resources */,
				68FA1B13154727EB00631EBF /* gradSchoolPin.png in Resources */,
				68FA1B14154727EB00631EBF /* collegePin.png in Resources */,
				68FA1B15154727EB00631EBF /* workPin.png in Resources */,
				68FA1B16154727EB00631EBF /* highSchoolPin.png in Resources */,
				68FA1B17154727EB00631EBF /* currentLocationPin.png in Resources */,
				68FA1B18154727EB00631EBF /* hometownPin.png in Resources */,
				A9A019D01547D0AB006CF4A4 /* settings.png in Resources */,
				687E43F9154DABD700CE245F /* SettingsMenuController.xib in Resources */,
				A95B945A154A656600182E33 /* ScreenShotController.xib in Resources */,
				A9212EFD154BAB5D00914144 /* 37x-Checkmark@2x.png in Resources */,
				A9212EFE154BAB5D00914144 /* 37x-Checkmark.png in Resources */,
				68963AEB154C811700286C3B /* HeaderButton.png in Resources */,
				68963AEC154C811700286C3B /* BackButton.png in Resources */,
				68963AED154C811700286C3B /* SearchButton.png in Resources */,
				68963AEE154C811700286C3B /* SettingsButton.png in Resources */,
				68963AEF154C811700286C3B /* DropDownMenu.png in Resources */,
				68963AF8154C81DB00286C3B /* AbstractSlider.xib in Resources */,
			);
			runOnlyForDeploymentPostprocessing = 0;
		};
		A91C5BD2153F00C200128885 /* Resources */ = {
			isa = PBXResourcesBuildPhase;
			buildActionMask = 2147483647;
			files = (
				A91C5BDE153F00C200128885 /* InfoPlist.strings in Resources */,
			);
			runOnlyForDeploymentPostprocessing = 0;
		};
/* End PBXResourcesBuildPhase section */

/* Begin PBXSourcesBuildPhase section */
		680435D414FED94600899729 /* Sources */ = {
			isa = PBXSourcesBuildPhase;
			buildActionMask = 2147483647;
			files = (
				680435E914FED94600899729 /* main.m in Sources */,
				680435ED14FED94600899729 /* MappMeAppDelegate.m in Sources */,
				680435F614FED94600899729 /* LoginViewController.m in Sources */,
				6804361714FEEF4200899729 /* MainViewController.m in Sources */,
				A943249815007983005F7600 /* ListViewController.m in Sources */,
				A91AF90615008AE200FCD3D7 /* WebViewController.m in Sources */,
				A913EE68150095FC009F6A84 /* MBProgressHUD.m in Sources */,
				A9A0AC541502D8F00020265D /* MyAnnotation.m in Sources */,
				A9801D811502E1E400BA0B5B /* Place.m in Sources */,
				A9801D821502E1E400BA0B5B /* Person.m in Sources */,
				A9801D831502E1E400BA0B5B /* LocationTypeEnum.m in Sources */,
				A9801D841502E1E400BA0B5B /* PeopleContainer.m in Sources */,
				A9801D861502E1E400BA0B5B /* PlaceContainer.m in Sources */,
				A94C44C815059F64001FF446 /* CoordinateLookupManager.m in Sources */,
				683D383A1507C0D200021ED3 /* DebugLog.m in Sources */,
				683D383B1507C0D200021ED3 /* Timer.m in Sources */,
				683D383C1507C0D200021ED3 /* UserInfoLog.m in Sources */,
				689175BD151D0C3D00078BE2 /* FacebookDataHandler.m in Sources */,
				68DC0BD6151E538500514016 /* FriendSearchViewController.m in Sources */,
				A9FC7BCE15215766007D72F6 /* OverlayViewController.m in Sources */,
				68CFF09E15253F3000335C10 /* DataManagerSingleton.m in Sources */,
				68BEE56C15258EBC00E2433D /* ZoomHelper.m in Sources */,
				A910654A153E46FA0057B570 /* AFHTTPClient.m in Sources */,
				A910654B153E46FA0057B570 /* AFHTTPRequestOperation.m in Sources */,
				A910654C153E46FA0057B570 /* AFImageCache.m in Sources */,
				A910654D153E46FA0057B570 /* AFImageRequestOperation.m in Sources */,
				A910654E153E46FA0057B570 /* AFJSONRequestOperation.m in Sources */,
				A910654F153E46FA0057B570 /* AFNetworkActivityIndicatorManager.m in Sources */,
				A9106550153E46FA0057B570 /* AFPropertyListRequestOperation.m in Sources */,
				A9106551153E46FA0057B570 /* AFURLConnectionOperation.m in Sources */,
				A9106552153E46FA0057B570 /* AFXMLRequestOperation.m in Sources */,
				A9106553153E46FA0057B570 /* UIImageView+AFNetworking.m in Sources */,
				A97F782715400577000C7768 /* CoordPairsHelper.m in Sources */,
				A923196F154012D800F0699E /* AbstractContainer.m in Sources */,
				A9AADE43154239620096BC3C /* LocTypeMenuController.m in Sources */,
				A9AADE49154250D80096BC3C /* GradientView.m in Sources */,
				68FC2AA91542321000003A74 /* PersonMenuViewController.m in Sources */,
				A98B98FC15430C3700433160 /* AbstractModalViewController.m in Sources */,
				68963A93154ADF9200286C3B /* UtilFunctions.m in Sources */,
				687E43F8154DABD700CE245F /* SettingsMenuController.m in Sources */,
				A95B9459154A656600182E33 /* ScreenShotController.m in Sources */,
				68963AF7154C81DB00286C3B /* MainLocMenuController.m in Sources */,
				68963B00154C86E000286C3B /* AbstractSlidingContainer.m in Sources */,
			);
			runOnlyForDeploymentPostprocessing = 0;
		};
		A91C5BD0153F00C200128885 /* Sources */ = {
			isa = PBXSourcesBuildPhase;
			buildActionMask = 2147483647;
			files = (
				68963A94154AE0D900286C3B /* UtilFunctions.m in Sources */,
				A978B76C15410D1C0014CD41 /* LocationTypeEnum.m in Sources */,
				A9231970154015BF00F0699E /* AbstractContainer.m in Sources */,
				A97F780E153FF1FF000C7768 /* MyAnnotation.m in Sources */,
				A98F1731153FBA1300FB6257 /* PlaceContainer.m in Sources */,
				A98F172D153FB50C00FB6257 /* DebugLog.m in Sources */,
				A98F172C153FB49900FB6257 /* Person.m in Sources */,
				A98F1728153FB2E200FB6257 /* Place.m in Sources */,
				A91C5BEF153F00F600128885 /* main.m in Sources */,
				A91C5BFA153F059000128885 /* PeopleContainerTests.m in Sources */,
				A98F1727153FB24400FB6257 /* PlaceTest.m in Sources */,
				A98F172B153FB45F00FB6257 /* PersonTest.m in Sources */,
				A98F1730153FB96500FB6257 /* PlaceContainerTest.m in Sources */,
				A97F780D153FF1D0000C7768 /* MyAnnotationTest.m in Sources */,
				68963A97154AE19B00286C3B /* UtilFunctionsTest.m in Sources */,
			);
			runOnlyForDeploymentPostprocessing = 0;
		};
/* End PBXSourcesBuildPhase section */

/* Begin PBXVariantGroup section */
		680435E514FED94600899729 /* InfoPlist.strings */ = {
			isa = PBXVariantGroup;
			children = (
				680435E614FED94600899729 /* en */,
			);
			name = InfoPlist.strings;
			sourceTree = "<group>";
		};
		680435EE14FED94600899729 /* MainStoryboard_iPhone.storyboard */ = {
			isa = PBXVariantGroup;
			children = (
				680435EF14FED94600899729 /* en */,
			);
			name = MainStoryboard_iPhone.storyboard;
			sourceTree = "<group>";
		};
		680435F114FED94600899729 /* MainStoryboard_iPad.storyboard */ = {
			isa = PBXVariantGroup;
			children = (
				680435F214FED94600899729 /* en */,
			);
			name = MainStoryboard_iPad.storyboard;
			sourceTree = "<group>";
		};
		A91C5BDC153F00C200128885 /* InfoPlist.strings */ = {
			isa = PBXVariantGroup;
			children = (
				A91C5BDD153F00C200128885 /* en */,
			);
			name = InfoPlist.strings;
			sourceTree = "<group>";
		};
/* End PBXVariantGroup section */

/* Begin XCBuildConfiguration section */
		680435F714FED94600899729 /* Debug */ = {
			isa = XCBuildConfiguration;
			buildSettings = {
				ALWAYS_SEARCH_USER_PATHS = YES;
				ARCHS = "$(ARCHS_STANDARD_32_BIT)";
				CLANG_ENABLE_OBJC_ARC = YES;
				"CODE_SIGN_IDENTITY[sdk=iphoneos*]" = "iPhone Developer";
				COPY_PHASE_STRIP = NO;
				GCC_C_LANGUAGE_STANDARD = gnu99;
				GCC_DYNAMIC_NO_PIC = NO;
				GCC_OPTIMIZATION_LEVEL = 0;
				GCC_PREPROCESSOR_DEFINITIONS = (
					"DEBUG=1",
					"$(inherited)",
				);
				GCC_SYMBOLS_PRIVATE_EXTERN = NO;
				GCC_VERSION = com.apple.compilers.llvm.clang.1_0;
				GCC_WARN_ABOUT_MISSING_PROTOTYPES = YES;
				GCC_WARN_ABOUT_RETURN_TYPE = YES;
				GCC_WARN_UNUSED_VARIABLE = YES;
				IPHONEOS_DEPLOYMENT_TARGET = 5.0;
				SDKROOT = iphoneos;
				TARGETED_DEVICE_FAMILY = "1,2";
			};
			name = Debug;
		};
		680435F814FED94600899729 /* Release */ = {
			isa = XCBuildConfiguration;
			buildSettings = {
				ALWAYS_SEARCH_USER_PATHS = YES;
				ARCHS = "$(ARCHS_STANDARD_32_BIT)";
				CLANG_ENABLE_OBJC_ARC = YES;
				"CODE_SIGN_IDENTITY[sdk=iphoneos*]" = "iPhone Developer";
				COPY_PHASE_STRIP = YES;
				GCC_C_LANGUAGE_STANDARD = gnu99;
				GCC_VERSION = com.apple.compilers.llvm.clang.1_0;
				GCC_WARN_ABOUT_MISSING_PROTOTYPES = YES;
				GCC_WARN_ABOUT_RETURN_TYPE = YES;
				GCC_WARN_UNUSED_VARIABLE = YES;
				IPHONEOS_DEPLOYMENT_TARGET = 5.0;
				OTHER_CFLAGS = "-DNS_BLOCK_ASSERTIONS=1";
				SDKROOT = iphoneos;
				TARGETED_DEVICE_FAMILY = "1,2";
				VALIDATE_PRODUCT = YES;
			};
			name = Release;
		};
		680435FA14FED94600899729 /* Debug */ = {
			isa = XCBuildConfiguration;
			buildSettings = {
				ALWAYS_SEARCH_USER_PATHS = YES;
				FRAMEWORK_SEARCH_PATHS = (
					"$(inherited)",
					"\"$(SRCROOT)/MappMe\"",
				);
				GCC_PRECOMPILE_PREFIX_HEADER = YES;
				GCC_PREFIX_HEADER = "MappMe/MappMe-Prefix.pch";
				INFOPLIST_FILE = "MappMe/MappMe-Info.plist";
				IPHONEOS_DEPLOYMENT_TARGET = 5.0;
				LIBRARY_SEARCH_PATHS = (
					"$(inherited)",
					"\"$(SRCROOT)/facebook-ios-sdk\"",
				);
				PRODUCT_NAME = "$(TARGET_NAME)";
				USER_HEADER_SEARCH_PATHS = "$(BUILT_PRODUCTS_DIR)/**";
				WRAPPER_EXTENSION = app;
			};
			name = Debug;
		};
		680435FB14FED94600899729 /* Release */ = {
			isa = XCBuildConfiguration;
			buildSettings = {
				ALWAYS_SEARCH_USER_PATHS = YES;
				FRAMEWORK_SEARCH_PATHS = (
					"$(inherited)",
					"\"$(SRCROOT)/MappMe\"",
				);
				GCC_PRECOMPILE_PREFIX_HEADER = YES;
				GCC_PREFIX_HEADER = "MappMe/MappMe-Prefix.pch";
				INFOPLIST_FILE = "MappMe/MappMe-Info.plist";
				IPHONEOS_DEPLOYMENT_TARGET = 5.0;
				LIBRARY_SEARCH_PATHS = (
					"$(inherited)",
					"\"$(SRCROOT)/facebook-ios-sdk\"",
				);
				PRODUCT_NAME = "$(TARGET_NAME)";
				USER_HEADER_SEARCH_PATHS = "$(BUILT_PRODUCTS_DIR)/**";
				WRAPPER_EXTENSION = app;
			};
			name = Release;
		};
		A91C5BEC153F00C200128885 /* Debug */ = {
			isa = XCBuildConfiguration;
			buildSettings = {
				"CODE_SIGN_IDENTITY[sdk=iphoneos*]" = "iPhone Developer";
				FRAMEWORK_SEARCH_PATHS = (
					"$(inherited)",
					"\"$(SRCROOT)/UnitTests\"",
				);
				GCC_PRECOMPILE_PREFIX_HEADER = YES;
				GCC_PREFIX_HEADER = "UnitTests/UnitTests-Prefix.pch";
				GCC_WARN_UNINITIALIZED_AUTOS = YES;
				INFOPLIST_FILE = "UnitTests/UnitTests-Info.plist";
				IPHONEOS_DEPLOYMENT_TARGET = 5.1;
				OTHER_LDFLAGS = (
					"-all_load",
					"-ObjC",
				);
				PRODUCT_NAME = "$(TARGET_NAME)";
				WRAPPER_EXTENSION = app;
			};
			name = Debug;
		};
		A91C5BED153F00C200128885 /* Release */ = {
			isa = XCBuildConfiguration;
			buildSettings = {
				"CODE_SIGN_IDENTITY[sdk=iphoneos*]" = "iPhone Developer";
				FRAMEWORK_SEARCH_PATHS = (
					"$(inherited)",
					"\"$(SRCROOT)/UnitTests\"",
				);
				GCC_PRECOMPILE_PREFIX_HEADER = YES;
				GCC_PREFIX_HEADER = "UnitTests/UnitTests-Prefix.pch";
				GCC_WARN_UNINITIALIZED_AUTOS = YES;
				INFOPLIST_FILE = "UnitTests/UnitTests-Info.plist";
				IPHONEOS_DEPLOYMENT_TARGET = 5.1;
				OTHER_LDFLAGS = (
					"-all_load",
					"-ObjC",
				);
				PRODUCT_NAME = "$(TARGET_NAME)";
				WRAPPER_EXTENSION = app;
			};
			name = Release;
		};
/* End XCBuildConfiguration section */

/* Begin XCConfigurationList section */
		680435D214FED94600899729 /* Build configuration list for PBXProject "MappMe" */ = {
			isa = XCConfigurationList;
			buildConfigurations = (
				680435F714FED94600899729 /* Debug */,
				680435F814FED94600899729 /* Release */,
			);
			defaultConfigurationIsVisible = 0;
			defaultConfigurationName = Release;
		};
		680435F914FED94600899729 /* Build configuration list for PBXNativeTarget "MappMe" */ = {
			isa = XCConfigurationList;
			buildConfigurations = (
				680435FA14FED94600899729 /* Debug */,
				680435FB14FED94600899729 /* Release */,
			);
			defaultConfigurationIsVisible = 0;
			defaultConfigurationName = Release;
		};
		A91C5BEB153F00C200128885 /* Build configuration list for PBXNativeTarget "UnitTests" */ = {
			isa = XCConfigurationList;
			buildConfigurations = (
				A91C5BEC153F00C200128885 /* Debug */,
				A91C5BED153F00C200128885 /* Release */,
			);
			defaultConfigurationIsVisible = 0;
			defaultConfigurationName = Release;
		};
/* End XCConfigurationList section */
	};
	rootObject = 680435CF14FED94600899729 /* Project object */;
}
