// !$*UTF8*$!
{
	archiveVersion = 1;
	classes = {
	};
	objectVersion = 46;
	objects = {

/* Begin PBXBuildFile section */
		680435DD14FED94600899729 /* UIKit.framework in Frameworks */ = {isa = PBXBuildFile; fileRef = 680435DC14FED94600899729 /* UIKit.framework */; };
		680435DF14FED94600899729 /* Foundation.framework in Frameworks */ = {isa = PBXBuildFile; fileRef = 680435DE14FED94600899729 /* Foundation.framework */; };
		680435E114FED94600899729 /* CoreGraphics.framework in Frameworks */ = {isa = PBXBuildFile; fileRef = 680435E014FED94600899729 /* CoreGraphics.framework */; };
		680435E714FED94600899729 /* InfoPlist.strings in Resources */ = {isa = PBXBuildFile; fileRef = 680435E514FED94600899729 /* InfoPlist.strings */; };
		680435E914FED94600899729 /* main.m in Sources */ = {isa = PBXBuildFile; fileRef = 680435E814FED94600899729 /* main.m */; };
		680435ED14FED94600899729 /* MappMeAppDelegate.m in Sources */ = {isa = PBXBuildFile; fileRef = 680435EC14FED94600899729 /* MappMeAppDelegate.m */; };
		680435F014FED94600899729 /* MainStoryboard_iPhone.storyboard in Resources */ = {isa = PBXBuildFile; fileRef = 680435EE14FED94600899729 /* MainStoryboard_iPhone.storyboard */; };
		680435F314FED94600899729 /* MainStoryboard_iPad.storyboard in Resources */ = {isa = PBXBuildFile; fileRef = 680435F114FED94600899729 /* MainStoryboard_iPad.storyboard */; };
		680435F614FED94600899729 /* LoginViewController.m in Sources */ = {isa = PBXBuildFile; fileRef = 680435F514FED94600899729 /* LoginViewController.m */; };
		6804361714FEEF4200899729 /* MainViewController.m in Sources */ = {isa = PBXBuildFile; fileRef = 6804361614FEEF4200899729 /* MainViewController.m */; };
		68082BFB151A790000C12A91 /* FBDialog.bundle in Resources */ = {isa = PBXBuildFile; fileRef = 68082BEE151A790000C12A91 /* FBDialog.bundle */; };
		68082BFC151A790000C12A91 /* libfacebook_ios_sdk.a in Frameworks */ = {isa = PBXBuildFile; fileRef = 68082BF4151A790000C12A91 /* libfacebook_ios_sdk.a */; };
		68082C03151A81D400C12A91 /* FacebookImageHandler.m in Sources */ = {isa = PBXBuildFile; fileRef = 68082C02151A81D400C12A91 /* FacebookImageHandler.m */; };
		681C4164151D724500747C4A /* bluePin.png in Resources */ = {isa = PBXBuildFile; fileRef = 681C415D151D724500747C4A /* bluePin.png */; };
		681C4165151D724500747C4A /* greenPin.png in Resources */ = {isa = PBXBuildFile; fileRef = 681C415E151D724500747C4A /* greenPin.png */; };
		681C4166151D724500747C4A /* orangePin.png in Resources */ = {isa = PBXBuildFile; fileRef = 681C415F151D724500747C4A /* orangePin.png */; };
		681C4167151D724500747C4A /* redPin.png in Resources */ = {isa = PBXBuildFile; fileRef = 681C4160151D724500747C4A /* redPin.png */; };
		681C4168151D724500747C4A /* tealPin.png in Resources */ = {isa = PBXBuildFile; fileRef = 681C4161151D724500747C4A /* tealPin.png */; };
		681C4169151D724500747C4A /* yellow-greenPin.png in Resources */ = {isa = PBXBuildFile; fileRef = 681C4162151D724500747C4A /* yellow-greenPin.png */; };
		681C416A151D724500747C4A /* yellowPin.png in Resources */ = {isa = PBXBuildFile; fileRef = 681C4163151D724500747C4A /* yellowPin.png */; };
		683D383A1507C0D200021ED3 /* DebugLog.m in Sources */ = {isa = PBXBuildFile; fileRef = 683D38351507C0D200021ED3 /* DebugLog.m */; };
		683D383B1507C0D200021ED3 /* Timer.m in Sources */ = {isa = PBXBuildFile; fileRef = 683D38371507C0D200021ED3 /* Timer.m */; };
		683D383C1507C0D200021ED3 /* UserInfoLog.m in Sources */ = {isa = PBXBuildFile; fileRef = 683D38391507C0D200021ED3 /* UserInfoLog.m */; };
		689175BD151D0C3D00078BE2 /* FacebookDataHandler.m in Sources */ = {isa = PBXBuildFile; fileRef = 689175BC151D0C3D00078BE2 /* FacebookDataHandler.m */; };
		68DC0BC1151D7C1400514016 /* ASIAuthenticationDialog.m in Sources */ = {isa = PBXBuildFile; fileRef = 68DC0BAE151D7C1400514016 /* ASIAuthenticationDialog.m */; settings = {COMPILER_FLAGS = "-fno-objc-arc"; }; };
		68DC0BC2151D7C1400514016 /* ASIDataCompressor.m in Sources */ = {isa = PBXBuildFile; fileRef = 68DC0BB1151D7C1400514016 /* ASIDataCompressor.m */; settings = {COMPILER_FLAGS = "-fno-objc-arc"; }; };
		68DC0BC3151D7C1400514016 /* ASIDataDecompressor.m in Sources */ = {isa = PBXBuildFile; fileRef = 68DC0BB3151D7C1400514016 /* ASIDataDecompressor.m */; settings = {COMPILER_FLAGS = "-fno-objc-arc"; }; };
		68DC0BC4151D7C1400514016 /* ASIDownloadCache.m in Sources */ = {isa = PBXBuildFile; fileRef = 68DC0BB5151D7C1400514016 /* ASIDownloadCache.m */; settings = {COMPILER_FLAGS = "-fno-objc-arc"; }; };
		68DC0BC5151D7C1400514016 /* ASIFormDataRequest.m in Sources */ = {isa = PBXBuildFile; fileRef = 68DC0BB7151D7C1400514016 /* ASIFormDataRequest.m */; settings = {COMPILER_FLAGS = "-fno-objc-arc"; }; };
		68DC0BC6151D7C1400514016 /* ASIHTTPRequest.m in Sources */ = {isa = PBXBuildFile; fileRef = 68DC0BB9151D7C1400514016 /* ASIHTTPRequest.m */; settings = {COMPILER_FLAGS = "-fno-objc-arc"; }; };
		68DC0BC7151D7C1400514016 /* ASIInputStream.m in Sources */ = {isa = PBXBuildFile; fileRef = 68DC0BBD151D7C1400514016 /* ASIInputStream.m */; settings = {COMPILER_FLAGS = "-fno-objc-arc"; }; };
		68DC0BC8151D7C1400514016 /* ASINetworkQueue.m in Sources */ = {isa = PBXBuildFile; fileRef = 68DC0BBF151D7C1400514016 /* ASINetworkQueue.m */; settings = {COMPILER_FLAGS = "-fno-objc-arc"; }; };
		68DC0BCB151D7C2500514016 /* Reachability.m in Sources */ = {isa = PBXBuildFile; fileRef = 68DC0BCA151D7C2500514016 /* Reachability.m */; settings = {COMPILER_FLAGS = "-fno-objc-arc"; }; };
		68DC0BCD151D7C6A00514016 /* SystemConfiguration.framework in Frameworks */ = {isa = PBXBuildFile; fileRef = 68DC0BCC151D7C6A00514016 /* SystemConfiguration.framework */; };
		68DC0BCF151D7C7100514016 /* CFNetwork.framework in Frameworks */ = {isa = PBXBuildFile; fileRef = 68DC0BCE151D7C7100514016 /* CFNetwork.framework */; };
		68DC0BD1151D7C8C00514016 /* MobileCoreServices.framework in Frameworks */ = {isa = PBXBuildFile; fileRef = 68DC0BD0151D7C8C00514016 /* MobileCoreServices.framework */; };
		68DC0BD3151D7D7E00514016 /* libz.dylib in Frameworks */ = {isa = PBXBuildFile; fileRef = 68DC0BD2151D7D7E00514016 /* libz.dylib */; };
		68DC0BD6151E538500514016 /* FriendSearchViewController.m in Sources */ = {isa = PBXBuildFile; fileRef = 68DC0BD5151E538500514016 /* FriendSearchViewController.m */; };
		A913EE68150095FC009F6A84 /* MBProgressHUD.m in Sources */ = {isa = PBXBuildFile; fileRef = A913EE67150095FC009F6A84 /* MBProgressHUD.m */; };
		A91AF90615008AE200FCD3D7 /* WebViewController.m in Sources */ = {isa = PBXBuildFile; fileRef = A91AF90515008AE200FCD3D7 /* WebViewController.m */; };
		A931AC341505860300696BF9 /* SettingsViewController.m in Sources */ = {isa = PBXBuildFile; fileRef = A931AC331505860300696BF9 /* SettingsViewController.m */; };
		A94324951500727F005F7600 /* MapKit.framework in Frameworks */ = {isa = PBXBuildFile; fileRef = A94324941500727F005F7600 /* MapKit.framework */; };
		A943249815007983005F7600 /* ListViewController.m in Sources */ = {isa = PBXBuildFile; fileRef = A943249715007983005F7600 /* ListViewController.m */; };
		A94C44C815059F64001FF446 /* CoordinateLookupManager.m in Sources */ = {isa = PBXBuildFile; fileRef = A94C44C715059F64001FF446 /* CoordinateLookupManager.m */; };
		A94FD121151ED9EC00BF2A8F /* close.png in Resources */ = {isa = PBXBuildFile; fileRef = A94FD120151ED9EC00BF2A8F /* close.png */; };
		A963C344151EE8E200559DB3 /* settings.png in Resources */ = {isa = PBXBuildFile; fileRef = A963C343151EE8E200559DB3 /* settings.png */; };
		A963C347151EE98F00559DB3 /* search.png in Resources */ = {isa = PBXBuildFile; fileRef = A963C346151EE98F00559DB3 /* search.png */; };
		A96AD5CF151FD52B00372528 /* profile.png in Resources */ = {isa = PBXBuildFile; fileRef = A96AD5CE151FD52B00372528 /* profile.png */; };
		A9801D811502E1E400BA0B5B /* CoordPairs.m in Sources */ = {isa = PBXBuildFile; fileRef = A9801D711502E1E400BA0B5B /* CoordPairs.m */; };
		A9801D821502E1E400BA0B5B /* Friend.m in Sources */ = {isa = PBXBuildFile; fileRef = A9801D731502E1E400BA0B5B /* Friend.m */; };
		A9801D831502E1E400BA0B5B /* LocationTypeEnum.m in Sources */ = {isa = PBXBuildFile; fileRef = A9801D751502E1E400BA0B5B /* LocationTypeEnum.m */; };
		A9801D841502E1E400BA0B5B /* PeopleContainer.m in Sources */ = {isa = PBXBuildFile; fileRef = A9801D771502E1E400BA0B5B /* PeopleContainer.m */; };
		A9801D851502E1E400BA0B5B /* PersonNameAndIdMapping.m in Sources */ = {isa = PBXBuildFile; fileRef = A9801D791502E1E400BA0B5B /* PersonNameAndIdMapping.m */; };
		A9801D861502E1E400BA0B5B /* PlaceIdMapping.m in Sources */ = {isa = PBXBuildFile; fileRef = A9801D7B1502E1E400BA0B5B /* PlaceIdMapping.m */; };
		A9A0AC541502D8F00020265D /* MyAnnotation.m in Sources */ = {isa = PBXBuildFile; fileRef = A9A0AC531502D8F00020265D /* MyAnnotation.m */; };
		A9FC7BCE15215766007D72F6 /* OverlayViewController.m in Sources */ = {isa = PBXBuildFile; fileRef = A9FC7BCC15215765007D72F6 /* OverlayViewController.m */; };
		A9FC7BCF15215766007D72F6 /* OverlayViewController.xib in Resources */ = {isa = PBXBuildFile; fileRef = A9FC7BCD15215766007D72F6 /* OverlayViewController.xib */; };
/* End PBXBuildFile section */

/* Begin PBXFileReference section */
		680435D814FED94600899729 /* MappMe.app */ = {isa = PBXFileReference; explicitFileType = wrapper.application; includeInIndex = 0; path = MappMe.app; sourceTree = BUILT_PRODUCTS_DIR; };
		680435DC14FED94600899729 /* UIKit.framework */ = {isa = PBXFileReference; lastKnownFileType = wrapper.framework; name = UIKit.framework; path = System/Library/Frameworks/UIKit.framework; sourceTree = SDKROOT; };
		680435DE14FED94600899729 /* Foundation.framework */ = {isa = PBXFileReference; lastKnownFileType = wrapper.framework; name = Foundation.framework; path = System/Library/Frameworks/Foundation.framework; sourceTree = SDKROOT; };
		680435E014FED94600899729 /* CoreGraphics.framework */ = {isa = PBXFileReference; lastKnownFileType = wrapper.framework; name = CoreGraphics.framework; path = System/Library/Frameworks/CoreGraphics.framework; sourceTree = SDKROOT; };
		680435E414FED94600899729 /* MappMe-Info.plist */ = {isa = PBXFileReference; lastKnownFileType = text.plist.xml; path = "MappMe-Info.plist"; sourceTree = "<group>"; };
		680435E614FED94600899729 /* en */ = {isa = PBXFileReference; lastKnownFileType = text.plist.strings; name = en; path = en.lproj/InfoPlist.strings; sourceTree = "<group>"; };
		680435E814FED94600899729 /* main.m */ = {isa = PBXFileReference; lastKnownFileType = sourcecode.c.objc; path = main.m; sourceTree = "<group>"; };
		680435EA14FED94600899729 /* MappMe-Prefix.pch */ = {isa = PBXFileReference; lastKnownFileType = sourcecode.c.h; path = "MappMe-Prefix.pch"; sourceTree = "<group>"; };
		680435EB14FED94600899729 /* MappMeAppDelegate.h */ = {isa = PBXFileReference; lastKnownFileType = sourcecode.c.h; path = MappMeAppDelegate.h; sourceTree = "<group>"; };
		680435EC14FED94600899729 /* MappMeAppDelegate.m */ = {isa = PBXFileReference; lastKnownFileType = sourcecode.c.objc; path = MappMeAppDelegate.m; sourceTree = "<group>"; };
		680435EF14FED94600899729 /* en */ = {isa = PBXFileReference; lastKnownFileType = file.storyboard; name = en; path = en.lproj/MainStoryboard_iPhone.storyboard; sourceTree = "<group>"; };
		680435F214FED94600899729 /* en */ = {isa = PBXFileReference; lastKnownFileType = file.storyboard; name = en; path = en.lproj/MainStoryboard_iPad.storyboard; sourceTree = "<group>"; };
		680435F414FED94600899729 /* LoginViewController.h */ = {isa = PBXFileReference; lastKnownFileType = sourcecode.c.h; path = LoginViewController.h; sourceTree = "<group>"; };
		680435F514FED94600899729 /* LoginViewController.m */ = {isa = PBXFileReference; lastKnownFileType = sourcecode.c.objc; path = LoginViewController.m; sourceTree = "<group>"; };
		6804361514FEEF4200899729 /* MainViewController.h */ = {isa = PBXFileReference; fileEncoding = 4; lastKnownFileType = sourcecode.c.h; path = MainViewController.h; sourceTree = "<group>"; };
		6804361614FEEF4200899729 /* MainViewController.m */ = {isa = PBXFileReference; fileEncoding = 4; lastKnownFileType = sourcecode.c.objc; path = MainViewController.m; sourceTree = "<group>"; };
		68082BEC151A790000C12A91 /* Facebook.h */ = {isa = PBXFileReference; fileEncoding = 4; lastKnownFileType = sourcecode.c.h; path = Facebook.h; sourceTree = "<group>"; };
		68082BED151A790000C12A91 /* FBConnect.h */ = {isa = PBXFileReference; fileEncoding = 4; lastKnownFileType = sourcecode.c.h; path = FBConnect.h; sourceTree = "<group>"; };
		68082BEE151A790000C12A91 /* FBDialog.bundle */ = {isa = PBXFileReference; lastKnownFileType = "wrapper.plug-in"; path = FBDialog.bundle; sourceTree = "<group>"; };
		68082BEF151A790000C12A91 /* FBDialog.h */ = {isa = PBXFileReference; fileEncoding = 4; lastKnownFileType = sourcecode.c.h; path = FBDialog.h; sourceTree = "<group>"; };
		68082BF0151A790000C12A91 /* FBFrictionlessRequestSettings.h */ = {isa = PBXFileReference; fileEncoding = 4; lastKnownFileType = sourcecode.c.h; path = FBFrictionlessRequestSettings.h; sourceTree = "<group>"; };
		68082BF1151A790000C12A91 /* FBLoginDialog.h */ = {isa = PBXFileReference; fileEncoding = 4; lastKnownFileType = sourcecode.c.h; path = FBLoginDialog.h; sourceTree = "<group>"; };
		68082BF2151A790000C12A91 /* FBRequest.h */ = {isa = PBXFileReference; fileEncoding = 4; lastKnownFileType = sourcecode.c.h; path = FBRequest.h; sourceTree = "<group>"; };
		68082BF3151A790000C12A91 /* JSON.h */ = {isa = PBXFileReference; fileEncoding = 4; lastKnownFileType = sourcecode.c.h; path = JSON.h; sourceTree = "<group>"; };
		68082BF4151A790000C12A91 /* libfacebook_ios_sdk.a */ = {isa = PBXFileReference; lastKnownFileType = archive.ar; path = libfacebook_ios_sdk.a; sourceTree = "<group>"; };
		68082BF5151A790000C12A91 /* NSObject+SBJSON.h */ = {isa = PBXFileReference; fileEncoding = 4; lastKnownFileType = sourcecode.c.h; path = "NSObject+SBJSON.h"; sourceTree = "<group>"; };
		68082BF6151A790000C12A91 /* NSString+SBJSON.h */ = {isa = PBXFileReference; fileEncoding = 4; lastKnownFileType = sourcecode.c.h; path = "NSString+SBJSON.h"; sourceTree = "<group>"; };
		68082BF7151A790000C12A91 /* SBJSON.h */ = {isa = PBXFileReference; fileEncoding = 4; lastKnownFileType = sourcecode.c.h; path = SBJSON.h; sourceTree = "<group>"; };
		68082BF8151A790000C12A91 /* SBJsonBase.h */ = {isa = PBXFileReference; fileEncoding = 4; lastKnownFileType = sourcecode.c.h; path = SBJsonBase.h; sourceTree = "<group>"; };
		68082BF9151A790000C12A91 /* SBJsonParser.h */ = {isa = PBXFileReference; fileEncoding = 4; lastKnownFileType = sourcecode.c.h; path = SBJsonParser.h; sourceTree = "<group>"; };
		68082BFA151A790000C12A91 /* SBJsonWriter.h */ = {isa = PBXFileReference; fileEncoding = 4; lastKnownFileType = sourcecode.c.h; path = SBJsonWriter.h; sourceTree = "<group>"; };
		68082C01151A81D400C12A91 /* FacebookImageHandler.h */ = {isa = PBXFileReference; fileEncoding = 4; lastKnownFileType = sourcecode.c.h; path = FacebookImageHandler.h; sourceTree = "<group>"; };
		68082C02151A81D400C12A91 /* FacebookImageHandler.m */ = {isa = PBXFileReference; fileEncoding = 4; lastKnownFileType = sourcecode.c.objc; path = FacebookImageHandler.m; sourceTree = "<group>"; };
		681C415D151D724500747C4A /* bluePin.png */ = {isa = PBXFileReference; lastKnownFileType = image.png; path = bluePin.png; sourceTree = "<group>"; };
		681C415E151D724500747C4A /* greenPin.png */ = {isa = PBXFileReference; lastKnownFileType = image.png; path = greenPin.png; sourceTree = "<group>"; };
		681C415F151D724500747C4A /* orangePin.png */ = {isa = PBXFileReference; lastKnownFileType = image.png; path = orangePin.png; sourceTree = "<group>"; };
		681C4160151D724500747C4A /* redPin.png */ = {isa = PBXFileReference; lastKnownFileType = image.png; path = redPin.png; sourceTree = "<group>"; };
		681C4161151D724500747C4A /* tealPin.png */ = {isa = PBXFileReference; lastKnownFileType = image.png; path = tealPin.png; sourceTree = "<group>"; };
		681C4162151D724500747C4A /* yellow-greenPin.png */ = {isa = PBXFileReference; lastKnownFileType = image.png; path = "yellow-greenPin.png"; sourceTree = "<group>"; };
		681C4163151D724500747C4A /* yellowPin.png */ = {isa = PBXFileReference; lastKnownFileType = image.png; path = yellowPin.png; sourceTree = "<group>"; };
		683D38341507C0D200021ED3 /* DebugLog.h */ = {isa = PBXFileReference; fileEncoding = 4; lastKnownFileType = sourcecode.c.h; name = DebugLog.h; path = MappMe/DebugLog.h; sourceTree = SOURCE_ROOT; };
		683D38351507C0D200021ED3 /* DebugLog.m */ = {isa = PBXFileReference; fileEncoding = 4; lastKnownFileType = sourcecode.c.objc; name = DebugLog.m; path = MappMe/DebugLog.m; sourceTree = SOURCE_ROOT; };
		683D38361507C0D200021ED3 /* Timer.h */ = {isa = PBXFileReference; fileEncoding = 4; lastKnownFileType = sourcecode.c.h; name = Timer.h; path = MappMe/Timer.h; sourceTree = SOURCE_ROOT; };
		683D38371507C0D200021ED3 /* Timer.m */ = {isa = PBXFileReference; fileEncoding = 4; lastKnownFileType = sourcecode.c.objc; name = Timer.m; path = MappMe/Timer.m; sourceTree = SOURCE_ROOT; };
		683D38381507C0D200021ED3 /* UserInfoLog.h */ = {isa = PBXFileReference; fileEncoding = 4; lastKnownFileType = sourcecode.c.h; name = UserInfoLog.h; path = MappMe/UserInfoLog.h; sourceTree = SOURCE_ROOT; };
		683D38391507C0D200021ED3 /* UserInfoLog.m */ = {isa = PBXFileReference; fileEncoding = 4; lastKnownFileType = sourcecode.c.objc; name = UserInfoLog.m; path = MappMe/UserInfoLog.m; sourceTree = SOURCE_ROOT; };
		689175BB151D0C3D00078BE2 /* FacebookDataHandler.h */ = {isa = PBXFileReference; fileEncoding = 4; lastKnownFileType = sourcecode.c.h; path = FacebookDataHandler.h; sourceTree = "<group>"; };
		689175BC151D0C3D00078BE2 /* FacebookDataHandler.m */ = {isa = PBXFileReference; fileEncoding = 4; lastKnownFileType = sourcecode.c.objc; path = FacebookDataHandler.m; sourceTree = "<group>"; };
		68DC0BAD151D7C1400514016 /* ASIAuthenticationDialog.h */ = {isa = PBXFileReference; fileEncoding = 4; lastKnownFileType = sourcecode.c.h; path = ASIAuthenticationDialog.h; sourceTree = "<group>"; };
		68DC0BAE151D7C1400514016 /* ASIAuthenticationDialog.m */ = {isa = PBXFileReference; fileEncoding = 4; lastKnownFileType = sourcecode.c.objc; path = ASIAuthenticationDialog.m; sourceTree = "<group>"; };
		68DC0BAF151D7C1400514016 /* ASICacheDelegate.h */ = {isa = PBXFileReference; fileEncoding = 4; lastKnownFileType = sourcecode.c.h; path = ASICacheDelegate.h; sourceTree = "<group>"; };
		68DC0BB0151D7C1400514016 /* ASIDataCompressor.h */ = {isa = PBXFileReference; fileEncoding = 4; lastKnownFileType = sourcecode.c.h; path = ASIDataCompressor.h; sourceTree = "<group>"; };
		68DC0BB1151D7C1400514016 /* ASIDataCompressor.m */ = {isa = PBXFileReference; fileEncoding = 4; lastKnownFileType = sourcecode.c.objc; path = ASIDataCompressor.m; sourceTree = "<group>"; };
		68DC0BB2151D7C1400514016 /* ASIDataDecompressor.h */ = {isa = PBXFileReference; fileEncoding = 4; lastKnownFileType = sourcecode.c.h; path = ASIDataDecompressor.h; sourceTree = "<group>"; };
		68DC0BB3151D7C1400514016 /* ASIDataDecompressor.m */ = {isa = PBXFileReference; fileEncoding = 4; lastKnownFileType = sourcecode.c.objc; path = ASIDataDecompressor.m; sourceTree = "<group>"; };
		68DC0BB4151D7C1400514016 /* ASIDownloadCache.h */ = {isa = PBXFileReference; fileEncoding = 4; lastKnownFileType = sourcecode.c.h; path = ASIDownloadCache.h; sourceTree = "<group>"; };
		68DC0BB5151D7C1400514016 /* ASIDownloadCache.m */ = {isa = PBXFileReference; fileEncoding = 4; lastKnownFileType = sourcecode.c.objc; path = ASIDownloadCache.m; sourceTree = "<group>"; };
		68DC0BB6151D7C1400514016 /* ASIFormDataRequest.h */ = {isa = PBXFileReference; fileEncoding = 4; lastKnownFileType = sourcecode.c.h; path = ASIFormDataRequest.h; sourceTree = "<group>"; };
		68DC0BB7151D7C1400514016 /* ASIFormDataRequest.m */ = {isa = PBXFileReference; fileEncoding = 4; lastKnownFileType = sourcecode.c.objc; path = ASIFormDataRequest.m; sourceTree = "<group>"; };
		68DC0BB8151D7C1400514016 /* ASIHTTPRequest.h */ = {isa = PBXFileReference; fileEncoding = 4; lastKnownFileType = sourcecode.c.h; path = ASIHTTPRequest.h; sourceTree = "<group>"; };
		68DC0BB9151D7C1400514016 /* ASIHTTPRequest.m */ = {isa = PBXFileReference; fileEncoding = 4; lastKnownFileType = sourcecode.c.objc; path = ASIHTTPRequest.m; sourceTree = "<group>"; };
		68DC0BBA151D7C1400514016 /* ASIHTTPRequestConfig.h */ = {isa = PBXFileReference; fileEncoding = 4; lastKnownFileType = sourcecode.c.h; path = ASIHTTPRequestConfig.h; sourceTree = "<group>"; };
		68DC0BBB151D7C1400514016 /* ASIHTTPRequestDelegate.h */ = {isa = PBXFileReference; fileEncoding = 4; lastKnownFileType = sourcecode.c.h; path = ASIHTTPRequestDelegate.h; sourceTree = "<group>"; };
		68DC0BBC151D7C1400514016 /* ASIInputStream.h */ = {isa = PBXFileReference; fileEncoding = 4; lastKnownFileType = sourcecode.c.h; path = ASIInputStream.h; sourceTree = "<group>"; };
		68DC0BBD151D7C1400514016 /* ASIInputStream.m */ = {isa = PBXFileReference; fileEncoding = 4; lastKnownFileType = sourcecode.c.objc; path = ASIInputStream.m; sourceTree = "<group>"; };
		68DC0BBE151D7C1400514016 /* ASINetworkQueue.h */ = {isa = PBXFileReference; fileEncoding = 4; lastKnownFileType = sourcecode.c.h; path = ASINetworkQueue.h; sourceTree = "<group>"; };
		68DC0BBF151D7C1400514016 /* ASINetworkQueue.m */ = {isa = PBXFileReference; fileEncoding = 4; lastKnownFileType = sourcecode.c.objc; path = ASINetworkQueue.m; sourceTree = "<group>"; };
		68DC0BC0151D7C1400514016 /* ASIProgressDelegate.h */ = {isa = PBXFileReference; fileEncoding = 4; lastKnownFileType = sourcecode.c.h; path = ASIProgressDelegate.h; sourceTree = "<group>"; };
		68DC0BC9151D7C2500514016 /* Reachability.h */ = {isa = PBXFileReference; fileEncoding = 4; lastKnownFileType = sourcecode.c.h; path = Reachability.h; sourceTree = "<group>"; };
		68DC0BCA151D7C2500514016 /* Reachability.m */ = {isa = PBXFileReference; fileEncoding = 4; lastKnownFileType = sourcecode.c.objc; path = Reachability.m; sourceTree = "<group>"; };
		68DC0BCC151D7C6A00514016 /* SystemConfiguration.framework */ = {isa = PBXFileReference; lastKnownFileType = wrapper.framework; name = SystemConfiguration.framework; path = System/Library/Frameworks/SystemConfiguration.framework; sourceTree = SDKROOT; };
		68DC0BCE151D7C7100514016 /* CFNetwork.framework */ = {isa = PBXFileReference; lastKnownFileType = wrapper.framework; name = CFNetwork.framework; path = System/Library/Frameworks/CFNetwork.framework; sourceTree = SDKROOT; };
		68DC0BD0151D7C8C00514016 /* MobileCoreServices.framework */ = {isa = PBXFileReference; lastKnownFileType = wrapper.framework; name = MobileCoreServices.framework; path = System/Library/Frameworks/MobileCoreServices.framework; sourceTree = SDKROOT; };
		68DC0BD2151D7D7E00514016 /* libz.dylib */ = {isa = PBXFileReference; lastKnownFileType = "compiled.mach-o.dylib"; name = libz.dylib; path = usr/lib/libz.dylib; sourceTree = SDKROOT; };
		68DC0BD4151E538500514016 /* FriendSearchViewController.h */ = {isa = PBXFileReference; fileEncoding = 4; lastKnownFileType = sourcecode.c.h; path = FriendSearchViewController.h; sourceTree = "<group>"; };
		68DC0BD5151E538500514016 /* FriendSearchViewController.m */ = {isa = PBXFileReference; fileEncoding = 4; lastKnownFileType = sourcecode.c.objc; path = FriendSearchViewController.m; sourceTree = "<group>"; };
		A913EE66150095FC009F6A84 /* MBProgressHUD.h */ = {isa = PBXFileReference; fileEncoding = 4; lastKnownFileType = sourcecode.c.h; path = MBProgressHUD.h; sourceTree = "<group>"; };
		A913EE67150095FC009F6A84 /* MBProgressHUD.m */ = {isa = PBXFileReference; fileEncoding = 4; lastKnownFileType = sourcecode.c.objc; path = MBProgressHUD.m; sourceTree = "<group>"; };
		A91AF90415008AE200FCD3D7 /* WebViewController.h */ = {isa = PBXFileReference; fileEncoding = 4; lastKnownFileType = sourcecode.c.h; path = WebViewController.h; sourceTree = "<group>"; };
		A91AF90515008AE200FCD3D7 /* WebViewController.m */ = {isa = PBXFileReference; fileEncoding = 4; lastKnownFileType = sourcecode.c.objc; path = WebViewController.m; sourceTree = "<group>"; };
		A931AC321505860300696BF9 /* SettingsViewController.h */ = {isa = PBXFileReference; fileEncoding = 4; lastKnownFileType = sourcecode.c.h; path = SettingsViewController.h; sourceTree = "<group>"; };
		A931AC331505860300696BF9 /* SettingsViewController.m */ = {isa = PBXFileReference; fileEncoding = 4; lastKnownFileType = sourcecode.c.objc; path = SettingsViewController.m; sourceTree = "<group>"; };
		A94324941500727F005F7600 /* MapKit.framework */ = {isa = PBXFileReference; lastKnownFileType = wrapper.framework; name = MapKit.framework; path = System/Library/Frameworks/MapKit.framework; sourceTree = SDKROOT; };
		A943249615007983005F7600 /* ListViewController.h */ = {isa = PBXFileReference; fileEncoding = 4; lastKnownFileType = sourcecode.c.h; path = ListViewController.h; sourceTree = "<group>"; };
		A943249715007983005F7600 /* ListViewController.m */ = {isa = PBXFileReference; fileEncoding = 4; lastKnownFileType = sourcecode.c.objc; path = ListViewController.m; sourceTree = "<group>"; };
		A94C44C615059F64001FF446 /* CoordinateLookupManager.h */ = {isa = PBXFileReference; fileEncoding = 4; lastKnownFileType = sourcecode.c.h; path = CoordinateLookupManager.h; sourceTree = "<group>"; };
		A94C44C715059F64001FF446 /* CoordinateLookupManager.m */ = {isa = PBXFileReference; fileEncoding = 4; lastKnownFileType = sourcecode.c.objc; path = CoordinateLookupManager.m; sourceTree = "<group>"; };
		A94FD120151ED9EC00BF2A8F /* close.png */ = {isa = PBXFileReference; lastKnownFileType = image.png; path = close.png; sourceTree = "<group>"; };
		A963C343151EE8E200559DB3 /* settings.png */ = {isa = PBXFileReference; lastKnownFileType = image.png; path = settings.png; sourceTree = "<group>"; };
		A963C346151EE98F00559DB3 /* search.png */ = {isa = PBXFileReference; lastKnownFileType = image.png; path = search.png; sourceTree = "<group>"; };
		A96AD5CE151FD52B00372528 /* profile.png */ = {isa = PBXFileReference; lastKnownFileType = image.png; path = profile.png; sourceTree = "<group>"; };
		A9801D701502E1E400BA0B5B /* CoordPairs.h */ = {isa = PBXFileReference; fileEncoding = 4; lastKnownFileType = sourcecode.c.h; path = CoordPairs.h; sourceTree = "<group>"; };
		A9801D711502E1E400BA0B5B /* CoordPairs.m */ = {isa = PBXFileReference; fileEncoding = 4; lastKnownFileType = sourcecode.c.objc; path = CoordPairs.m; sourceTree = "<group>"; };
		A9801D721502E1E400BA0B5B /* Friend.h */ = {isa = PBXFileReference; fileEncoding = 4; lastKnownFileType = sourcecode.c.h; path = Friend.h; sourceTree = "<group>"; };
		A9801D731502E1E400BA0B5B /* Friend.m */ = {isa = PBXFileReference; fileEncoding = 4; lastKnownFileType = sourcecode.c.objc; path = Friend.m; sourceTree = "<group>"; };
		A9801D741502E1E400BA0B5B /* LocationTypeEnum.h */ = {isa = PBXFileReference; fileEncoding = 4; lastKnownFileType = sourcecode.c.h; path = LocationTypeEnum.h; sourceTree = "<group>"; };
		A9801D751502E1E400BA0B5B /* LocationTypeEnum.m */ = {isa = PBXFileReference; fileEncoding = 4; lastKnownFileType = sourcecode.c.objc; path = LocationTypeEnum.m; sourceTree = "<group>"; };
		A9801D761502E1E400BA0B5B /* PeopleContainer.h */ = {isa = PBXFileReference; fileEncoding = 4; lastKnownFileType = sourcecode.c.h; path = PeopleContainer.h; sourceTree = "<group>"; };
		A9801D771502E1E400BA0B5B /* PeopleContainer.m */ = {isa = PBXFileReference; fileEncoding = 4; lastKnownFileType = sourcecode.c.objc; path = PeopleContainer.m; sourceTree = "<group>"; };
		A9801D781502E1E400BA0B5B /* PersonNameAndIdMapping.h */ = {isa = PBXFileReference; fileEncoding = 4; lastKnownFileType = sourcecode.c.h; path = PersonNameAndIdMapping.h; sourceTree = "<group>"; };
		A9801D791502E1E400BA0B5B /* PersonNameAndIdMapping.m */ = {isa = PBXFileReference; fileEncoding = 4; lastKnownFileType = sourcecode.c.objc; path = PersonNameAndIdMapping.m; sourceTree = "<group>"; };
		A9801D7A1502E1E400BA0B5B /* PlaceIdMapping.h */ = {isa = PBXFileReference; fileEncoding = 4; lastKnownFileType = sourcecode.c.h; path = PlaceIdMapping.h; sourceTree = "<group>"; };
		A9801D7B1502E1E400BA0B5B /* PlaceIdMapping.m */ = {isa = PBXFileReference; fileEncoding = 4; lastKnownFileType = sourcecode.c.objc; path = PlaceIdMapping.m; sourceTree = "<group>"; };
		A9A0AC521502D8F00020265D /* MyAnnotation.h */ = {isa = PBXFileReference; fileEncoding = 4; lastKnownFileType = sourcecode.c.h; path = MyAnnotation.h; sourceTree = "<group>"; };
		A9A0AC531502D8F00020265D /* MyAnnotation.m */ = {isa = PBXFileReference; fileEncoding = 4; lastKnownFileType = sourcecode.c.objc; path = MyAnnotation.m; sourceTree = "<group>"; };
		A9FC7BCB15215765007D72F6 /* OverlayViewController.h */ = {isa = PBXFileReference; fileEncoding = 4; lastKnownFileType = sourcecode.c.h; path = OverlayViewController.h; sourceTree = "<group>"; };
		A9FC7BCC15215765007D72F6 /* OverlayViewController.m */ = {isa = PBXFileReference; fileEncoding = 4; lastKnownFileType = sourcecode.c.objc; path = OverlayViewController.m; sourceTree = "<group>"; };
		A9FC7BCD15215766007D72F6 /* OverlayViewController.xib */ = {isa = PBXFileReference; fileEncoding = 4; lastKnownFileType = file.xib; path = OverlayViewController.xib; sourceTree = "<group>"; };
/* End PBXFileReference section */

/* Begin PBXFrameworksBuildPhase section */
		680435D514FED94600899729 /* Frameworks */ = {
			isa = PBXFrameworksBuildPhase;
			buildActionMask = 2147483647;
			files = (
				68DC0BD3151D7D7E00514016 /* libz.dylib in Frameworks */,
				68DC0BD1151D7C8C00514016 /* MobileCoreServices.framework in Frameworks */,
				68DC0BCF151D7C7100514016 /* CFNetwork.framework in Frameworks */,
				68DC0BCD151D7C6A00514016 /* SystemConfiguration.framework in Frameworks */,
				A94324951500727F005F7600 /* MapKit.framework in Frameworks */,
				680435DD14FED94600899729 /* UIKit.framework in Frameworks */,
				680435DF14FED94600899729 /* Foundation.framework in Frameworks */,
				680435E114FED94600899729 /* CoreGraphics.framework in Frameworks */,
				68082BFC151A790000C12A91 /* libfacebook_ios_sdk.a in Frameworks */,
			);
			runOnlyForDeploymentPostprocessing = 0;
		};
/* End PBXFrameworksBuildPhase section */

/* Begin PBXGroup section */
		680435CD14FED94600899729 = {
			isa = PBXGroup;
			children = (
				68DC0BD2151D7D7E00514016 /* libz.dylib */,
				68DC0BD0151D7C8C00514016 /* MobileCoreServices.framework */,
				68DC0BCE151D7C7100514016 /* CFNetwork.framework */,
				68DC0BCC151D7C6A00514016 /* SystemConfiguration.framework */,
				68082BEB151A790000C12A91 /* facebook-ios-sdk */,
				A90CF29F1504112D0091139C /* images */,
				680435E214FED94600899729 /* MappMe */,
				680435DB14FED94600899729 /* Frameworks */,
				A913EE64150095DB009F6A84 /* PlugIns */,
				680435D914FED94600899729 /* Products */,
			);
			sourceTree = "<group>";
		};
		680435D914FED94600899729 /* Products */ = {
			isa = PBXGroup;
			children = (
				680435D814FED94600899729 /* MappMe.app */,
			);
			name = Products;
			sourceTree = "<group>";
		};
		680435DB14FED94600899729 /* Frameworks */ = {
			isa = PBXGroup;
			children = (
				A94324941500727F005F7600 /* MapKit.framework */,
				680435DC14FED94600899729 /* UIKit.framework */,
				680435DE14FED94600899729 /* Foundation.framework */,
				680435E014FED94600899729 /* CoreGraphics.framework */,
			);
			name = Frameworks;
			sourceTree = "<group>";
		};
		680435E214FED94600899729 /* MappMe */ = {
			isa = PBXGroup;
			children = (
				6804360E14FEDE1300899729 /* Util */,
				A9A0AC511502D8C70020265D /* Views */,
				A9A0AC501502D7D30020265D /* Models */,
				689175C1151D0CAC00078BE2 /* FacebookModels */,
				680435EB14FED94600899729 /* MappMeAppDelegate.h */,
				680435EC14FED94600899729 /* MappMeAppDelegate.m */,
				A91AF90815008AF200FCD3D7 /* Controllers */,
				680435E314FED94600899729 /* Supporting Files */,
				680435EE14FED94600899729 /* MainStoryboard_iPhone.storyboard */,
				680435F114FED94600899729 /* MainStoryboard_iPad.storyboard */,
			);
			path = MappMe;
			sourceTree = "<group>";
		};
		680435E314FED94600899729 /* Supporting Files */ = {
			isa = PBXGroup;
			children = (
				680435E414FED94600899729 /* MappMe-Info.plist */,
				680435E514FED94600899729 /* InfoPlist.strings */,
				680435E814FED94600899729 /* main.m */,
				680435EA14FED94600899729 /* MappMe-Prefix.pch */,
			);
			name = "Supporting Files";
			sourceTree = "<group>";
		};
		6804360E14FEDE1300899729 /* Util */ = {
			isa = PBXGroup;
			children = (
				683D38341507C0D200021ED3 /* DebugLog.h */,
				683D38351507C0D200021ED3 /* DebugLog.m */,
				683D38361507C0D200021ED3 /* Timer.h */,
				683D38371507C0D200021ED3 /* Timer.m */,
				683D38381507C0D200021ED3 /* UserInfoLog.h */,
				683D38391507C0D200021ED3 /* UserInfoLog.m */,
			);
			name = Util;
			path = /Users/Codier/Desktop/MappMe;
			sourceTree = "<absolute>";
		};
		68082BEB151A790000C12A91 /* facebook-ios-sdk */ = {
			isa = PBXGroup;
			children = (
				68082BEC151A790000C12A91 /* Facebook.h */,
				68082BED151A790000C12A91 /* FBConnect.h */,
				68082BEE151A790000C12A91 /* FBDialog.bundle */,
				68082BEF151A790000C12A91 /* FBDialog.h */,
				68082BF0151A790000C12A91 /* FBFrictionlessRequestSettings.h */,
				68082BF1151A790000C12A91 /* FBLoginDialog.h */,
				68082BF2151A790000C12A91 /* FBRequest.h */,
				68082BF3151A790000C12A91 /* JSON.h */,
				68082BF4151A790000C12A91 /* libfacebook_ios_sdk.a */,
				68082BF5151A790000C12A91 /* NSObject+SBJSON.h */,
				68082BF6151A790000C12A91 /* NSString+SBJSON.h */,
				68082BF7151A790000C12A91 /* SBJSON.h */,
				68082BF8151A790000C12A91 /* SBJsonBase.h */,
				68082BF9151A790000C12A91 /* SBJsonParser.h */,
				68082BFA151A790000C12A91 /* SBJsonWriter.h */,
			);
			path = "facebook-ios-sdk";
			sourceTree = "<group>";
		};
		681C415B151D71F600747C4A /* pin images */ = {
			isa = PBXGroup;
			children = (
				681C415D151D724500747C4A /* bluePin.png */,
				681C415E151D724500747C4A /* greenPin.png */,
				681C415F151D724500747C4A /* orangePin.png */,
				681C4160151D724500747C4A /* redPin.png */,
				681C4161151D724500747C4A /* tealPin.png */,
				681C4162151D724500747C4A /* yellow-greenPin.png */,
				681C4163151D724500747C4A /* yellowPin.png */,
			);
			name = "pin images";
			sourceTree = "<group>";
		};
		689175BF151D0C4A00078BE2 /* PersonModels */ = {
			isa = PBXGroup;
			children = (
				A9801D721502E1E400BA0B5B /* Friend.h */,
				A9801D731502E1E400BA0B5B /* Friend.m */,
				A9801D761502E1E400BA0B5B /* PeopleContainer.h */,
				A9801D771502E1E400BA0B5B /* PeopleContainer.m */,
				A9801D781502E1E400BA0B5B /* PersonNameAndIdMapping.h */,
				A9801D791502E1E400BA0B5B /* PersonNameAndIdMapping.m */,
				A9801D7A1502E1E400BA0B5B /* PlaceIdMapping.h */,
				A9801D7B1502E1E400BA0B5B /* PlaceIdMapping.m */,
			);
			name = PersonModels;
			sourceTree = "<group>";
		};
		689175C0151D0C7000078BE2 /* MapModels */ = {
			isa = PBXGroup;
			children = (
				A94C44C615059F64001FF446 /* CoordinateLookupManager.h */,
				A94C44C715059F64001FF446 /* CoordinateLookupManager.m */,
				A9A0AC521502D8F00020265D /* MyAnnotation.h */,
				A9A0AC531502D8F00020265D /* MyAnnotation.m */,
				A9801D701502E1E400BA0B5B /* CoordPairs.h */,
				A9801D711502E1E400BA0B5B /* CoordPairs.m */,
			);
			name = MapModels;
			sourceTree = "<group>";
		};
		689175C1151D0CAC00078BE2 /* FacebookModels */ = {
			isa = PBXGroup;
			children = (
				68082C01151A81D400C12A91 /* FacebookImageHandler.h */,
				68082C02151A81D400C12A91 /* FacebookImageHandler.m */,
				689175BB151D0C3D00078BE2 /* FacebookDataHandler.h */,
				689175BC151D0C3D00078BE2 /* FacebookDataHandler.m */,
			);
			name = FacebookModels;
			sourceTree = "<group>";
		};
		68DC0B8B151D7B6F00514016 /* ASIHTTPRequest */ = {
			isa = PBXGroup;
			children = (
				68DC0BAD151D7C1400514016 /* ASIAuthenticationDialog.h */,
				68DC0BAE151D7C1400514016 /* ASIAuthenticationDialog.m */,
				68DC0BAF151D7C1400514016 /* ASICacheDelegate.h */,
				68DC0BB0151D7C1400514016 /* ASIDataCompressor.h */,
				68DC0BB1151D7C1400514016 /* ASIDataCompressor.m */,
				68DC0BB2151D7C1400514016 /* ASIDataDecompressor.h */,
				68DC0BB3151D7C1400514016 /* ASIDataDecompressor.m */,
				68DC0BB4151D7C1400514016 /* ASIDownloadCache.h */,
				68DC0BB5151D7C1400514016 /* ASIDownloadCache.m */,
				68DC0BB6151D7C1400514016 /* ASIFormDataRequest.h */,
				68DC0BB7151D7C1400514016 /* ASIFormDataRequest.m */,
				68DC0BB8151D7C1400514016 /* ASIHTTPRequest.h */,
				68DC0BB9151D7C1400514016 /* ASIHTTPRequest.m */,
				68DC0BBA151D7C1400514016 /* ASIHTTPRequestConfig.h */,
				68DC0BBB151D7C1400514016 /* ASIHTTPRequestDelegate.h */,
				68DC0BBC151D7C1400514016 /* ASIInputStream.h */,
				68DC0BBD151D7C1400514016 /* ASIInputStream.m */,
				68DC0BBE151D7C1400514016 /* ASINetworkQueue.h */,
				68DC0BBF151D7C1400514016 /* ASINetworkQueue.m */,
				68DC0BC0151D7C1400514016 /* ASIProgressDelegate.h */,
				68DC0BA9151D7B9800514016 /* External Resources */,
			);
			name = ASIHTTPRequest;
			sourceTree = "<group>";
		};
		68DC0BA9151D7B9800514016 /* External Resources */ = {
			isa = PBXGroup;
			children = (
				68DC0BC9151D7C2500514016 /* Reachability.h */,
				68DC0BCA151D7C2500514016 /* Reachability.m */,
			);
			name = "External Resources";
			sourceTree = "<group>";
		};
		A90CF29F1504112D0091139C /* images */ = {
			isa = PBXGroup;
			children = (
				A96AD5CE151FD52B00372528 /* profile.png */,
				A963C346151EE98F00559DB3 /* search.png */,
				A963C343151EE8E200559DB3 /* settings.png */,
				A94FD120151ED9EC00BF2A8F /* close.png */,
				681C415B151D71F600747C4A /* pin images */,
			);
			name = images;
			sourceTree = "<group>";
		};
		A913EE64150095DB009F6A84 /* PlugIns */ = {
			isa = PBXGroup;
			children = (
				68DC0B8B151D7B6F00514016 /* ASIHTTPRequest */,
				A913EE66150095FC009F6A84 /* MBProgressHUD.h */,
				A913EE67150095FC009F6A84 /* MBProgressHUD.m */,
			);
			name = PlugIns;
			sourceTree = "<group>";
		};
		A91AF90815008AF200FCD3D7 /* Controllers */ = {
			isa = PBXGroup;
			children = (
				A931AC321505860300696BF9 /* SettingsViewController.h */,
				A931AC331505860300696BF9 /* SettingsViewController.m */,
				680435F414FED94600899729 /* LoginViewController.h */,
				680435F514FED94600899729 /* LoginViewController.m */,
				6804361514FEEF4200899729 /* MainViewController.h */,
				6804361614FEEF4200899729 /* MainViewController.m */,
				A943249615007983005F7600 /* ListViewController.h */,
				A943249715007983005F7600 /* ListViewController.m */,
				A91AF90415008AE200FCD3D7 /* WebViewController.h */,
				A91AF90515008AE200FCD3D7 /* WebViewController.m */,
				68DC0BD4151E538500514016 /* FriendSearchViewController.h */,
				68DC0BD5151E538500514016 /* FriendSearchViewController.m */,
				A9FC7BCB15215765007D72F6 /* OverlayViewController.h */,
				A9FC7BCC15215765007D72F6 /* OverlayViewController.m */,
				A9FC7BCD15215766007D72F6 /* OverlayViewController.xib */,
			);
			name = Controllers;
			sourceTree = "<group>";
		};
		A9A0AC501502D7D30020265D /* Models */ = {
			isa = PBXGroup;
			children = (
				A9801D741502E1E400BA0B5B /* LocationTypeEnum.h */,
				A9801D751502E1E400BA0B5B /* LocationTypeEnum.m */,
				689175C0151D0C7000078BE2 /* MapModels */,
				689175BF151D0C4A00078BE2 /* PersonModels */,
			);
			name = Models;
			sourceTree = "<group>";
		};
		A9A0AC511502D8C70020265D /* Views */ = {
			isa = PBXGroup;
			children = (
			);
			name = Views;
			sourceTree = "<group>";
		};
/* End PBXGroup section */

/* Begin PBXNativeTarget section */
		680435D714FED94600899729 /* MappMe */ = {
			isa = PBXNativeTarget;
			buildConfigurationList = 680435F914FED94600899729 /* Build configuration list for PBXNativeTarget "MappMe" */;
			buildPhases = (
				680435D414FED94600899729 /* Sources */,
				680435D514FED94600899729 /* Frameworks */,
				680435D614FED94600899729 /* Resources */,
			);
			buildRules = (
			);
			dependencies = (
			);
			name = MappMe;
			productName = MappMe;
			productReference = 680435D814FED94600899729 /* MappMe.app */;
			productType = "com.apple.product-type.application";
		};
/* End PBXNativeTarget section */

/* Begin PBXProject section */
		680435CF14FED94600899729 /* Project object */ = {
			isa = PBXProject;
			attributes = {
				LastUpgradeCheck = 0420;
			};
			buildConfigurationList = 680435D214FED94600899729 /* Build configuration list for PBXProject "MappMe" */;
			compatibilityVersion = "Xcode 3.2";
			developmentRegion = English;
			hasScannedForEncodings = 0;
			knownRegions = (
				en,
			);
			mainGroup = 680435CD14FED94600899729;
			productRefGroup = 680435D914FED94600899729 /* Products */;
			projectDirPath = "";
			projectRoot = "";
			targets = (
				680435D714FED94600899729 /* MappMe */,
			);
		};
/* End PBXProject section */

/* Begin PBXResourcesBuildPhase section */
		680435D614FED94600899729 /* Resources */ = {
			isa = PBXResourcesBuildPhase;
			buildActionMask = 2147483647;
			files = (
				680435E714FED94600899729 /* InfoPlist.strings in Resources */,
				680435F014FED94600899729 /* MainStoryboard_iPhone.storyboard in Resources */,
				680435F314FED94600899729 /* MainStoryboard_iPad.storyboard in Resources */,
				68082BFB151A790000C12A91 /* FBDialog.bundle in Resources */,
				681C4164151D724500747C4A /* bluePin.png in Resources */,
				681C4165151D724500747C4A /* greenPin.png in Resources */,
				681C4166151D724500747C4A /* orangePin.png in Resources */,
				681C4167151D724500747C4A /* redPin.png in Resources */,
				681C4168151D724500747C4A /* tealPin.png in Resources */,
				681C4169151D724500747C4A /* yellow-greenPin.png in Resources */,
				681C416A151D724500747C4A /* yellowPin.png in Resources */,
				A94FD121151ED9EC00BF2A8F /* close.png in Resources */,
				A963C344151EE8E200559DB3 /* settings.png in Resources */,
				A963C347151EE98F00559DB3 /* search.png in Resources */,
				A96AD5CF151FD52B00372528 /* profile.png in Resources */,
				A9FC7BCF15215766007D72F6 /* OverlayViewController.xib in Resources */,
			);
			runOnlyForDeploymentPostprocessing = 0;
		};
/* End PBXResourcesBuildPhase section */

/* Begin PBXSourcesBuildPhase section */
		680435D414FED94600899729 /* Sources */ = {
			isa = PBXSourcesBuildPhase;
			buildActionMask = 2147483647;
			files = (
				680435E914FED94600899729 /* main.m in Sources */,
				680435ED14FED94600899729 /* MappMeAppDelegate.m in Sources */,
				680435F614FED94600899729 /* LoginViewController.m in Sources */,
				6804361714FEEF4200899729 /* MainViewController.m in Sources */,
				A943249815007983005F7600 /* ListViewController.m in Sources */,
				A91AF90615008AE200FCD3D7 /* WebViewController.m in Sources */,
				A913EE68150095FC009F6A84 /* MBProgressHUD.m in Sources */,
				A9A0AC541502D8F00020265D /* MyAnnotation.m in Sources */,
				A9801D811502E1E400BA0B5B /* CoordPairs.m in Sources */,
				A9801D821502E1E400BA0B5B /* Friend.m in Sources */,
				A9801D831502E1E400BA0B5B /* LocationTypeEnum.m in Sources */,
				A9801D841502E1E400BA0B5B /* PeopleContainer.m in Sources */,
				A9801D851502E1E400BA0B5B /* PersonNameAndIdMapping.m in Sources */,
				A9801D861502E1E400BA0B5B /* PlaceIdMapping.m in Sources */,
				A931AC341505860300696BF9 /* SettingsViewController.m in Sources */,
				A94C44C815059F64001FF446 /* CoordinateLookupManager.m in Sources */,
				683D383A1507C0D200021ED3 /* DebugLog.m in Sources */,
				683D383B1507C0D200021ED3 /* Timer.m in Sources */,
				683D383C1507C0D200021ED3 /* UserInfoLog.m in Sources */,
				68082C03151A81D400C12A91 /* FacebookImageHandler.m in Sources */,
				689175BD151D0C3D00078BE2 /* FacebookDataHandler.m in Sources */,
				68DC0BC1151D7C1400514016 /* ASIAuthenticationDialog.m in Sources */,
				68DC0BC2151D7C1400514016 /* ASIDataCompressor.m in Sources */,
				68DC0BC3151D7C1400514016 /* ASIDataDecompressor.m in Sources */,
				68DC0BC4151D7C1400514016 /* ASIDownloadCache.m in Sources */,
				68DC0BC5151D7C1400514016 /* ASIFormDataRequest.m in Sources */,
				68DC0BC6151D7C1400514016 /* ASIHTTPRequest.m in Sources */,
				68DC0BC7151D7C1400514016 /* ASIInputStream.m in Sources */,
				68DC0BC8151D7C1400514016 /* ASINetworkQueue.m in Sources */,
				68DC0BCB151D7C2500514016 /* Reachability.m in Sources */,
				68DC0BD6151E538500514016 /* FriendSearchViewController.m in Sources */,
				A9FC7BCE15215766007D72F6 /* OverlayViewController.m in Sources */,
			);
			runOnlyForDeploymentPostprocessing = 0;
		};
/* End PBXSourcesBuildPhase section */

/* Begin PBXVariantGroup section */
		680435E514FED94600899729 /* InfoPlist.strings */ = {
			isa = PBXVariantGroup;
			children = (
				680435E614FED94600899729 /* en */,
			);
			name = InfoPlist.strings;
			sourceTree = "<group>";
		};
		680435EE14FED94600899729 /* MainStoryboard_iPhone.storyboard */ = {
			isa = PBXVariantGroup;
			children = (
				680435EF14FED94600899729 /* en */,
			);
			name = MainStoryboard_iPhone.storyboard;
			sourceTree = "<group>";
		};
		680435F114FED94600899729 /* MainStoryboard_iPad.storyboard */ = {
			isa = PBXVariantGroup;
			children = (
				680435F214FED94600899729 /* en */,
			);
			name = MainStoryboard_iPad.storyboard;
			sourceTree = "<group>";
		};
/* End PBXVariantGroup section */

/* Begin XCBuildConfiguration section */
		680435F714FED94600899729 /* Debug */ = {
			isa = XCBuildConfiguration;
			buildSettings = {
				ALWAYS_SEARCH_USER_PATHS = NO;
				ARCHS = "$(ARCHS_STANDARD_32_BIT)";
				CLANG_ENABLE_OBJC_ARC = YES;
				"CODE_SIGN_IDENTITY[sdk=iphoneos*]" = "iPhone Developer";
				COPY_PHASE_STRIP = NO;
				GCC_C_LANGUAGE_STANDARD = gnu99;
				GCC_DYNAMIC_NO_PIC = NO;
				GCC_OPTIMIZATION_LEVEL = 0;
				GCC_PREPROCESSOR_DEFINITIONS = (
					"DEBUG=1",
					"$(inherited)",
				);
				GCC_SYMBOLS_PRIVATE_EXTERN = NO;
				GCC_VERSION = com.apple.compilers.llvm.clang.1_0;
				GCC_WARN_ABOUT_MISSING_PROTOTYPES = YES;
				GCC_WARN_ABOUT_RETURN_TYPE = YES;
				GCC_WARN_UNUSED_VARIABLE = YES;
				IPHONEOS_DEPLOYMENT_TARGET = 5.0;
				SDKROOT = iphoneos;
				TARGETED_DEVICE_FAMILY = "1,2";
			};
			name = Debug;
		};
		680435F814FED94600899729 /* Release */ = {
			isa = XCBuildConfiguration;
			buildSettings = {
				ALWAYS_SEARCH_USER_PATHS = NO;
				ARCHS = "$(ARCHS_STANDARD_32_BIT)";
				CLANG_ENABLE_OBJC_ARC = YES;
				"CODE_SIGN_IDENTITY[sdk=iphoneos*]" = "iPhone Developer";
				COPY_PHASE_STRIP = YES;
				GCC_C_LANGUAGE_STANDARD = gnu99;
				GCC_VERSION = com.apple.compilers.llvm.clang.1_0;
				GCC_WARN_ABOUT_MISSING_PROTOTYPES = YES;
				GCC_WARN_ABOUT_RETURN_TYPE = YES;
				GCC_WARN_UNUSED_VARIABLE = YES;
				IPHONEOS_DEPLOYMENT_TARGET = 5.0;
				OTHER_CFLAGS = "-DNS_BLOCK_ASSERTIONS=1";
				SDKROOT = iphoneos;
				TARGETED_DEVICE_FAMILY = "1,2";
				VALIDATE_PRODUCT = YES;
			};
			name = Release;
		};
		680435FA14FED94600899729 /* Debug */ = {
			isa = XCBuildConfiguration;
			buildSettings = {
				GCC_PRECOMPILE_PREFIX_HEADER = YES;
				GCC_PREFIX_HEADER = "MappMe/MappMe-Prefix.pch";
				INFOPLIST_FILE = "MappMe/MappMe-Info.plist";
				IPHONEOS_DEPLOYMENT_TARGET = 5.0;
				LIBRARY_SEARCH_PATHS = (
					"$(inherited)",
					"\"$(SRCROOT)/facebook-ios-sdk\"",
				);
				PRODUCT_NAME = "$(TARGET_NAME)";
				WRAPPER_EXTENSION = app;
			};
			name = Debug;
		};
		680435FB14FED94600899729 /* Release */ = {
			isa = XCBuildConfiguration;
			buildSettings = {
				GCC_PRECOMPILE_PREFIX_HEADER = YES;
				GCC_PREFIX_HEADER = "MappMe/MappMe-Prefix.pch";
				INFOPLIST_FILE = "MappMe/MappMe-Info.plist";
				IPHONEOS_DEPLOYMENT_TARGET = 5.0;
				LIBRARY_SEARCH_PATHS = (
					"$(inherited)",
					"\"$(SRCROOT)/facebook-ios-sdk\"",
				);
				PRODUCT_NAME = "$(TARGET_NAME)";
				WRAPPER_EXTENSION = app;
			};
			name = Release;
		};
/* End XCBuildConfiguration section */

/* Begin XCConfigurationList section */
		680435D214FED94600899729 /* Build configuration list for PBXProject "MappMe" */ = {
			isa = XCConfigurationList;
			buildConfigurations = (
				680435F714FED94600899729 /* Debug */,
				680435F814FED94600899729 /* Release */,
			);
			defaultConfigurationIsVisible = 0;
			defaultConfigurationName = Release;
		};
		680435F914FED94600899729 /* Build configuration list for PBXNativeTarget "MappMe" */ = {
			isa = XCConfigurationList;
			buildConfigurations = (
				680435FA14FED94600899729 /* Debug */,
				680435FB14FED94600899729 /* Release */,
			);
			defaultConfigurationIsVisible = 0;
			defaultConfigurationName = Release;
		};
/* End XCConfigurationList section */
	};
	rootObject = 680435CF14FED94600899729 /* Project object */;
}
